// !$*UTF8*$!
{
	archiveVersion = 1;
	classes = {
	};
	objectVersion = 46;
	objects = {

/* Begin PBXBuildFile section */
		3E0CB3951A8B8006005FCC93 /* AccountSetting.swift in Sources */ = {isa = PBXBuildFile; fileRef = 3E0CB3941A8B8006005FCC93 /* AccountSetting.swift */; };
		3E27C0051A8B3FD000FFB975 /* ZFRippleButton.swift in Sources */ = {isa = PBXBuildFile; fileRef = 3E27C0041A8B3FD000FFB975 /* ZFRippleButton.swift */; };
		3E27C0501A8B47CB00FFB975 /* XLFormBaseCell.m in Sources */ = {isa = PBXBuildFile; fileRef = 3E27C0091A8B47CB00FFB975 /* XLFormBaseCell.m */; };
		3E27C0511A8B47CB00FFB975 /* XLFormButtonCell.m in Sources */ = {isa = PBXBuildFile; fileRef = 3E27C00B1A8B47CB00FFB975 /* XLFormButtonCell.m */; };
		3E27C0521A8B47CB00FFB975 /* XLFormCheckCell.m in Sources */ = {isa = PBXBuildFile; fileRef = 3E27C00D1A8B47CB00FFB975 /* XLFormCheckCell.m */; };
		3E27C0531A8B47CB00FFB975 /* XLFormDateCell.m in Sources */ = {isa = PBXBuildFile; fileRef = 3E27C00F1A8B47CB00FFB975 /* XLFormDateCell.m */; };
		3E27C0541A8B47CB00FFB975 /* XLFormDatePickerCell.m in Sources */ = {isa = PBXBuildFile; fileRef = 3E27C0111A8B47CB00FFB975 /* XLFormDatePickerCell.m */; };
		3E27C0551A8B47CB00FFB975 /* XLFormInlineSelectorCell.m in Sources */ = {isa = PBXBuildFile; fileRef = 3E27C0151A8B47CB00FFB975 /* XLFormInlineSelectorCell.m */; };
		3E27C0561A8B47CB00FFB975 /* XLFormLeftRightSelectorCell.m in Sources */ = {isa = PBXBuildFile; fileRef = 3E27C0171A8B47CB00FFB975 /* XLFormLeftRightSelectorCell.m */; };
		3E27C0571A8B47CB00FFB975 /* XLFormPickerCell.m in Sources */ = {isa = PBXBuildFile; fileRef = 3E27C0191A8B47CB00FFB975 /* XLFormPickerCell.m */; };
		3E27C0581A8B47CB00FFB975 /* XLFormSegmentedCell.m in Sources */ = {isa = PBXBuildFile; fileRef = 3E27C01B1A8B47CB00FFB975 /* XLFormSegmentedCell.m */; };
		3E27C0591A8B47CB00FFB975 /* XLFormSelectorCell.m in Sources */ = {isa = PBXBuildFile; fileRef = 3E27C01D1A8B47CB00FFB975 /* XLFormSelectorCell.m */; };
		3E27C05A1A8B47CB00FFB975 /* XLFormSliderCell.m in Sources */ = {isa = PBXBuildFile; fileRef = 3E27C01F1A8B47CB00FFB975 /* XLFormSliderCell.m */; };
		3E27C05B1A8B47CB00FFB975 /* XLFormStepCounterCell.m in Sources */ = {isa = PBXBuildFile; fileRef = 3E27C0211A8B47CB00FFB975 /* XLFormStepCounterCell.m */; };
		3E27C05C1A8B47CB00FFB975 /* XLFormSwitchCell.m in Sources */ = {isa = PBXBuildFile; fileRef = 3E27C0231A8B47CB00FFB975 /* XLFormSwitchCell.m */; };
		3E27C05D1A8B47CB00FFB975 /* XLFormTextFieldCell.m in Sources */ = {isa = PBXBuildFile; fileRef = 3E27C0251A8B47CB00FFB975 /* XLFormTextFieldCell.m */; };
		3E27C05E1A8B47CB00FFB975 /* XLFormTextViewCell.m in Sources */ = {isa = PBXBuildFile; fileRef = 3E27C0271A8B47CB00FFB975 /* XLFormTextViewCell.m */; };
		3E27C05F1A8B47CB00FFB975 /* XLFormOptionsObject.m in Sources */ = {isa = PBXBuildFile; fileRef = 3E27C02A1A8B47CB00FFB975 /* XLFormOptionsObject.m */; };
		3E27C0601A8B47CB00FFB975 /* XLFormOptionsViewController.m in Sources */ = {isa = PBXBuildFile; fileRef = 3E27C02C1A8B47CB00FFB975 /* XLFormOptionsViewController.m */; };
		3E27C0611A8B47CB00FFB975 /* XLFormViewController.m in Sources */ = {isa = PBXBuildFile; fileRef = 3E27C02F1A8B47CB00FFB975 /* XLFormViewController.m */; };
		3E27C0621A8B47CB00FFB975 /* XLFormDescriptor.m in Sources */ = {isa = PBXBuildFile; fileRef = 3E27C0321A8B47CB00FFB975 /* XLFormDescriptor.m */; };
		3E27C0631A8B47CB00FFB975 /* XLFormRowDescriptor.m in Sources */ = {isa = PBXBuildFile; fileRef = 3E27C0351A8B47CB00FFB975 /* XLFormRowDescriptor.m */; };
		3E27C0641A8B47CB00FFB975 /* XLFormSectionDescriptor.m in Sources */ = {isa = PBXBuildFile; fileRef = 3E27C0371A8B47CB00FFB975 /* XLFormSectionDescriptor.m */; };
		3E27C0651A8B47CB00FFB975 /* NSArray+XLFormAdditions.m in Sources */ = {isa = PBXBuildFile; fileRef = 3E27C03A1A8B47CB00FFB975 /* NSArray+XLFormAdditions.m */; };
		3E27C0661A8B47CB00FFB975 /* NSObject+XLFormAdditions.m in Sources */ = {isa = PBXBuildFile; fileRef = 3E27C03C1A8B47CB00FFB975 /* NSObject+XLFormAdditions.m */; };
		3E27C0671A8B47CB00FFB975 /* UIView+XLFormAdditions.m in Sources */ = {isa = PBXBuildFile; fileRef = 3E27C03E1A8B47CB00FFB975 /* UIView+XLFormAdditions.m */; };
		3E27C0681A8B47CB00FFB975 /* XLFormRightDetailCell.m in Sources */ = {isa = PBXBuildFile; fileRef = 3E27C0411A8B47CB00FFB975 /* XLFormRightDetailCell.m */; };
		3E27C0691A8B47CB00FFB975 /* XLFormRightImageButton.m in Sources */ = {isa = PBXBuildFile; fileRef = 3E27C0431A8B47CB00FFB975 /* XLFormRightImageButton.m */; };
		3E27C06A1A8B47CB00FFB975 /* XLFormTextView.m in Sources */ = {isa = PBXBuildFile; fileRef = 3E27C0451A8B47CB00FFB975 /* XLFormTextView.m */; };
		3E27C06B1A8B47CB00FFB975 /* XLFormRegexValidator.m in Sources */ = {isa = PBXBuildFile; fileRef = 3E27C0481A8B47CB00FFB975 /* XLFormRegexValidator.m */; };
		3E27C06C1A8B47CB00FFB975 /* XLFormValidationStatus.m in Sources */ = {isa = PBXBuildFile; fileRef = 3E27C04A1A8B47CB00FFB975 /* XLFormValidationStatus.m */; };
		3E27C06D1A8B47CB00FFB975 /* XLFormValidator.m in Sources */ = {isa = PBXBuildFile; fileRef = 3E27C04C1A8B47CB00FFB975 /* XLFormValidator.m */; };
		3E27C06E1A8B47CB00FFB975 /* XLForm.m in Sources */ = {isa = PBXBuildFile; fileRef = 3E27C04F1A8B47CB00FFB975 /* XLForm.m */; };
		3E7A1A561A8875B100E6A224 /* AppDelegate.swift in Sources */ = {isa = PBXBuildFile; fileRef = 3E7A1A551A8875B100E6A224 /* AppDelegate.swift */; };
		3E7A1A5B1A8875B100E6A224 /* Main.storyboard in Resources */ = {isa = PBXBuildFile; fileRef = 3E7A1A591A8875B100E6A224 /* Main.storyboard */; };
		3E7A1A5D1A8875B100E6A224 /* Images.xcassets in Resources */ = {isa = PBXBuildFile; fileRef = 3E7A1A5C1A8875B100E6A224 /* Images.xcassets */; };
		3E7A1A601A8875B100E6A224 /* LaunchScreen.xib in Resources */ = {isa = PBXBuildFile; fileRef = 3E7A1A5E1A8875B100E6A224 /* LaunchScreen.xib */; };
		3E7A1A6C1A8875B100E6A224 /* BirthdayCircleTests.swift in Sources */ = {isa = PBXBuildFile; fileRef = 3E7A1A6B1A8875B100E6A224 /* BirthdayCircleTests.swift */; };
		3E7A1A781A887C8D00E6A224 /* Alamofire.swift in Sources */ = {isa = PBXBuildFile; fileRef = 3E7A1A771A887C8D00E6A224 /* Alamofire.swift */; };
		3E7A1A7B1A887CAB00E6A224 /* Async.swift in Sources */ = {isa = PBXBuildFile; fileRef = 3E7A1A7A1A887CAB00E6A224 /* Async.swift */; };
		3E7A1A911A887CBC00E6A224 /* Coefficients.swift in Sources */ = {isa = PBXBuildFile; fileRef = 3E7A1A7E1A887CBC00E6A224 /* Coefficients.swift */; };
		3E7A1A921A887CBC00E6A224 /* Compound.swift in Sources */ = {isa = PBXBuildFile; fileRef = 3E7A1A7F1A887CBC00E6A224 /* Compound.swift */; };
		3E7A1A931A887CBC00E6A224 /* Constraint.swift in Sources */ = {isa = PBXBuildFile; fileRef = 3E7A1A801A887CBC00E6A224 /* Constraint.swift */; };
		3E7A1A941A887CBC00E6A224 /* ConstraintGroup.swift in Sources */ = {isa = PBXBuildFile; fileRef = 3E7A1A811A887CBC00E6A224 /* ConstraintGroup.swift */; };
		3E7A1A951A887CBC00E6A224 /* Context.swift in Sources */ = {isa = PBXBuildFile; fileRef = 3E7A1A821A887CBC00E6A224 /* Context.swift */; };
		3E7A1A961A887CBC00E6A224 /* Dimension.swift in Sources */ = {isa = PBXBuildFile; fileRef = 3E7A1A831A887CBC00E6A224 /* Dimension.swift */; };
		3E7A1A971A887CBC00E6A224 /* Edge.swift in Sources */ = {isa = PBXBuildFile; fileRef = 3E7A1A841A887CBC00E6A224 /* Edge.swift */; };
		3E7A1A981A887CBC00E6A224 /* Edges.swift in Sources */ = {isa = PBXBuildFile; fileRef = 3E7A1A851A887CBC00E6A224 /* Edges.swift */; };
		3E7A1A991A887CBC00E6A224 /* Expression.swift in Sources */ = {isa = PBXBuildFile; fileRef = 3E7A1A861A887CBC00E6A224 /* Expression.swift */; };
		3E7A1A9A1A887CBC00E6A224 /* Extensions.swift in Sources */ = {isa = PBXBuildFile; fileRef = 3E7A1A871A887CBC00E6A224 /* Extensions.swift */; };
		3E7A1A9B1A887CBC00E6A224 /* Info.plist in Resources */ = {isa = PBXBuildFile; fileRef = 3E7A1A881A887CBC00E6A224 /* Info.plist */; };
		3E7A1A9C1A887CBC00E6A224 /* Layout.swift in Sources */ = {isa = PBXBuildFile; fileRef = 3E7A1A891A887CBC00E6A224 /* Layout.swift */; };
		3E7A1A9D1A887CBC00E6A224 /* LayoutProxy.swift in Sources */ = {isa = PBXBuildFile; fileRef = 3E7A1A8A1A887CBC00E6A224 /* LayoutProxy.swift */; };
		3E7A1A9E1A887CBC00E6A224 /* Point.swift in Sources */ = {isa = PBXBuildFile; fileRef = 3E7A1A8B1A887CBC00E6A224 /* Point.swift */; };
		3E7A1A9F1A887CBC00E6A224 /* Priority.swift in Sources */ = {isa = PBXBuildFile; fileRef = 3E7A1A8C1A887CBC00E6A224 /* Priority.swift */; };
		3E7A1AA01A887CBC00E6A224 /* Property.swift in Sources */ = {isa = PBXBuildFile; fileRef = 3E7A1A8D1A887CBC00E6A224 /* Property.swift */; };
		3E7A1AA11A887CBC00E6A224 /* Size.swift in Sources */ = {isa = PBXBuildFile; fileRef = 3E7A1A8E1A887CBC00E6A224 /* Size.swift */; };
		3E7A1AA21A887CBC00E6A224 /* View.swift in Sources */ = {isa = PBXBuildFile; fileRef = 3E7A1A8F1A887CBC00E6A224 /* View.swift */; };
		3E7A1AA31A887CBC00E6A224 /* ViewUtils.swift in Sources */ = {isa = PBXBuildFile; fileRef = 3E7A1A901A887CBC00E6A224 /* ViewUtils.swift */; };
		3E7A1AC61A887CDF00E6A224 /* MKAnnotationView+WebCache.m in Sources */ = {isa = PBXBuildFile; fileRef = 3E7A1AA61A887CDF00E6A224 /* MKAnnotationView+WebCache.m */; };
		3E7A1AC71A887CDF00E6A224 /* NSData+ImageContentType.m in Sources */ = {isa = PBXBuildFile; fileRef = 3E7A1AA81A887CDF00E6A224 /* NSData+ImageContentType.m */; };
		3E7A1AC81A887CDF00E6A224 /* SDImageCache.m in Sources */ = {isa = PBXBuildFile; fileRef = 3E7A1AAA1A887CDF00E6A224 /* SDImageCache.m */; };
		3E7A1AC91A887CDF00E6A224 /* SDWebImageCompat.m in Sources */ = {isa = PBXBuildFile; fileRef = 3E7A1AAC1A887CDF00E6A224 /* SDWebImageCompat.m */; };
		3E7A1ACA1A887CDF00E6A224 /* SDWebImageDecoder.m in Sources */ = {isa = PBXBuildFile; fileRef = 3E7A1AAE1A887CDF00E6A224 /* SDWebImageDecoder.m */; };
		3E7A1ACB1A887CDF00E6A224 /* SDWebImageDownloader.m in Sources */ = {isa = PBXBuildFile; fileRef = 3E7A1AB01A887CDF00E6A224 /* SDWebImageDownloader.m */; };
		3E7A1ACC1A887CDF00E6A224 /* SDWebImageDownloaderOperation.m in Sources */ = {isa = PBXBuildFile; fileRef = 3E7A1AB21A887CDF00E6A224 /* SDWebImageDownloaderOperation.m */; };
		3E7A1ACD1A887CDF00E6A224 /* SDWebImageManager.m in Sources */ = {isa = PBXBuildFile; fileRef = 3E7A1AB41A887CDF00E6A224 /* SDWebImageManager.m */; };
		3E7A1ACE1A887CDF00E6A224 /* SDWebImagePrefetcher.m in Sources */ = {isa = PBXBuildFile; fileRef = 3E7A1AB71A887CDF00E6A224 /* SDWebImagePrefetcher.m */; };
		3E7A1ACF1A887CDF00E6A224 /* UIButton+WebCache.m in Sources */ = {isa = PBXBuildFile; fileRef = 3E7A1AB91A887CDF00E6A224 /* UIButton+WebCache.m */; };
		3E7A1AD01A887CDF00E6A224 /* UIImage+GIF.m in Sources */ = {isa = PBXBuildFile; fileRef = 3E7A1ABB1A887CDF00E6A224 /* UIImage+GIF.m */; };
		3E7A1AD11A887CDF00E6A224 /* UIImage+MultiFormat.m in Sources */ = {isa = PBXBuildFile; fileRef = 3E7A1ABD1A887CDF00E6A224 /* UIImage+MultiFormat.m */; };
		3E7A1AD21A887CDF00E6A224 /* UIImage+WebP.m in Sources */ = {isa = PBXBuildFile; fileRef = 3E7A1ABF1A887CDF00E6A224 /* UIImage+WebP.m */; };
		3E7A1AD31A887CDF00E6A224 /* UIImageView+HighlightedWebCache.m in Sources */ = {isa = PBXBuildFile; fileRef = 3E7A1AC11A887CDF00E6A224 /* UIImageView+HighlightedWebCache.m */; };
		3E7A1AD41A887CDF00E6A224 /* UIImageView+WebCache.m in Sources */ = {isa = PBXBuildFile; fileRef = 3E7A1AC31A887CDF00E6A224 /* UIImageView+WebCache.m */; };
		3E7A1AD51A887CDF00E6A224 /* UIView+WebCacheOperation.m in Sources */ = {isa = PBXBuildFile; fileRef = 3E7A1AC51A887CDF00E6A224 /* UIView+WebCacheOperation.m */; };
		3E7A1AD81A887D5600E6A224 /* SwiftyJSON.swift in Sources */ = {isa = PBXBuildFile; fileRef = 3E7A1AD71A887D5600E6A224 /* SwiftyJSON.swift */; };
		3E7A1AE01A887D7C00E6A224 /* SVIndefiniteAnimatedView.m in Sources */ = {isa = PBXBuildFile; fileRef = 3E7A1ADB1A887D7C00E6A224 /* SVIndefiniteAnimatedView.m */; };
		3E7A1AE11A887D7C00E6A224 /* SVProgressHUD.bundle in Resources */ = {isa = PBXBuildFile; fileRef = 3E7A1ADD1A887D7C00E6A224 /* SVProgressHUD.bundle */; };
		3E7A1AE21A887D7C00E6A224 /* SVProgressHUD.m in Sources */ = {isa = PBXBuildFile; fileRef = 3E7A1ADF1A887D7C00E6A224 /* SVProgressHUD.m */; };
		3E7C1CF31A89D14B00424C14 /* Info.plist in Resources */ = {isa = PBXBuildFile; fileRef = 3E7C1CF21A89D14B00424C14 /* Info.plist */; };
		3E7C1D101A89D26F00424C14 /* RAC.swift in Sources */ = {isa = PBXBuildFile; fileRef = 3E7C1D0F1A89D26F00424C14 /* RAC.swift */; };
		3E7C1D121A89E09200424C14 /* MD5.swift in Sources */ = {isa = PBXBuildFile; fileRef = 3E7C1D111A89E09200424C14 /* MD5.swift */; };
		3EB903C31A88A047009CEBCB /* MeVC.swift in Sources */ = {isa = PBXBuildFile; fileRef = 3EB903C21A88A047009CEBCB /* MeVC.swift */; };
		3EB903C61A88ACF0009CEBCB /* LoginVC.swift in Sources */ = {isa = PBXBuildFile; fileRef = 3EB903C51A88ACF0009CEBCB /* LoginVC.swift */; };
		3EB903C81A88BE10009CEBCB /* SignUpVC.swift in Sources */ = {isa = PBXBuildFile; fileRef = 3EB903C71A88BE10009CEBCB /* SignUpVC.swift */; };
		3EB903CA1A88D707009CEBCB /* WebServicesHandler.swift in Sources */ = {isa = PBXBuildFile; fileRef = 3EB903C91A88D707009CEBCB /* WebServicesHandler.swift */; };
		3EBCA9101A8E384900D8951C /* libReactiveCocoa-iOS.a in Frameworks */ = {isa = PBXBuildFile; fileRef = 3EBCA9031A8E383800D8951C /* libReactiveCocoa-iOS.a */; };
		3EFB48B51A8A57B40022708A /* UserProfile.swift in Sources */ = {isa = PBXBuildFile; fileRef = 3EFB48B41A8A57B40022708A /* UserProfile.swift */; };
		3EFB48B71A8A5E4D0022708A /* UserProfileService.swift in Sources */ = {isa = PBXBuildFile; fileRef = 3EFB48B61A8A5E4D0022708A /* UserProfileService.swift */; };
		3EFB48B91A8A60A10022708A /* MoreVC.swift in Sources */ = {isa = PBXBuildFile; fileRef = 3EFB48B81A8A60A10022708A /* MoreVC.swift */; };
/* End PBXBuildFile section */

/* Begin PBXContainerItemProxy section */
		3E7A1A661A8875B100E6A224 /* PBXContainerItemProxy */ = {
			isa = PBXContainerItemProxy;
			containerPortal = 3E7A1A481A8875B100E6A224 /* Project object */;
			proxyType = 1;
			remoteGlobalIDString = 3E7A1A4F1A8875B100E6A224;
			remoteInfo = BirthdayCircle;
		};
		3EBCA9001A8E383800D8951C /* PBXContainerItemProxy */ = {
			isa = PBXContainerItemProxy;
			containerPortal = 3EBCA8F61A8E383700D8951C /* ReactiveCocoa.xcodeproj */;
			proxyType = 2;
			remoteGlobalIDString = 88037F8315056328001A5B19;
			remoteInfo = ReactiveCocoa;
		};
		3EBCA9021A8E383800D8951C /* PBXContainerItemProxy */ = {
			isa = PBXContainerItemProxy;
			containerPortal = 3EBCA8F61A8E383700D8951C /* ReactiveCocoa.xcodeproj */;
			proxyType = 2;
			remoteGlobalIDString = 88F440AB153DAC820097B4C3;
			remoteInfo = "ReactiveCocoa-iOS";
		};
		3EBCA9041A8E383800D8951C /* PBXContainerItemProxy */ = {
			isa = PBXContainerItemProxy;
			containerPortal = 3EBCA8F61A8E383700D8951C /* ReactiveCocoa.xcodeproj */;
			proxyType = 2;
			remoteGlobalIDString = 88CDF7DC15000FCF00163A9F;
			remoteInfo = ReactiveCocoaTests;
		};
		3EBCA9061A8E383800D8951C /* PBXContainerItemProxy */ = {
			isa = PBXContainerItemProxy;
			containerPortal = 3EBCA8F61A8E383700D8951C /* ReactiveCocoa.xcodeproj */;
			proxyType = 2;
			remoteGlobalIDString = 5FAF5223174D4C2000CAC810;
			remoteInfo = "ReactiveCocoaTests-iOS";
		};
		3EBCA9081A8E383800D8951C /* PBXContainerItemProxy */ = {
			isa = PBXContainerItemProxy;
			containerPortal = 3EBCA8F61A8E383700D8951C /* ReactiveCocoa.xcodeproj */;
			proxyType = 2;
			remoteGlobalIDString = 1860F412177C91B500C7B3C9;
			remoteInfo = "ReactiveCocoa-iOS-UIKitTestHost";
		};
		3EBCA90A1A8E383800D8951C /* PBXContainerItemProxy */ = {
			isa = PBXContainerItemProxy;
			containerPortal = 3EBCA8F61A8E383700D8951C /* ReactiveCocoa.xcodeproj */;
			proxyType = 2;
			remoteGlobalIDString = 1860F430177C91B500C7B3C9;
			remoteInfo = "ReactiveCocoa-iOS-UIKitTestHostTests";
		};
		3EBCA90C1A8E383800D8951C /* PBXContainerItemProxy */ = {
			isa = PBXContainerItemProxy;
			containerPortal = 3EBCA8F61A8E383700D8951C /* ReactiveCocoa.xcodeproj */;
			proxyType = 2;
			remoteGlobalIDString = D05AD39417F2D56F0080895B;
			remoteInfo = "ReactiveCocoa-Mac";
		};
		3EBCA90E1A8E384400D8951C /* PBXContainerItemProxy */ = {
			isa = PBXContainerItemProxy;
			containerPortal = 3EBCA8F61A8E383700D8951C /* ReactiveCocoa.xcodeproj */;
			proxyType = 1;
			remoteGlobalIDString = 88F440AA153DAC820097B4C3;
			remoteInfo = "ReactiveCocoa-iOS";
		};
/* End PBXContainerItemProxy section */

/* Begin PBXFileReference section */
		3E0CB3941A8B8006005FCC93 /* AccountSetting.swift */ = {isa = PBXFileReference; fileEncoding = 4; lastKnownFileType = sourcecode.swift; path = AccountSetting.swift; sourceTree = "<group>"; };
		3E27C0041A8B3FD000FFB975 /* ZFRippleButton.swift */ = {isa = PBXFileReference; fileEncoding = 4; lastKnownFileType = sourcecode.swift; name = ZFRippleButton.swift; path = submodule/ZFRippleButton/Classes/ZFRippleButton.swift; sourceTree = SOURCE_ROOT; };
		3E27C0081A8B47CB00FFB975 /* XLFormBaseCell.h */ = {isa = PBXFileReference; fileEncoding = 4; lastKnownFileType = sourcecode.c.h; path = XLFormBaseCell.h; sourceTree = "<group>"; };
		3E27C0091A8B47CB00FFB975 /* XLFormBaseCell.m */ = {isa = PBXFileReference; fileEncoding = 4; lastKnownFileType = sourcecode.c.objc; path = XLFormBaseCell.m; sourceTree = "<group>"; };
		3E27C00A1A8B47CB00FFB975 /* XLFormButtonCell.h */ = {isa = PBXFileReference; fileEncoding = 4; lastKnownFileType = sourcecode.c.h; path = XLFormButtonCell.h; sourceTree = "<group>"; };
		3E27C00B1A8B47CB00FFB975 /* XLFormButtonCell.m */ = {isa = PBXFileReference; fileEncoding = 4; lastKnownFileType = sourcecode.c.objc; path = XLFormButtonCell.m; sourceTree = "<group>"; };
		3E27C00C1A8B47CB00FFB975 /* XLFormCheckCell.h */ = {isa = PBXFileReference; fileEncoding = 4; lastKnownFileType = sourcecode.c.h; path = XLFormCheckCell.h; sourceTree = "<group>"; };
		3E27C00D1A8B47CB00FFB975 /* XLFormCheckCell.m */ = {isa = PBXFileReference; fileEncoding = 4; lastKnownFileType = sourcecode.c.objc; path = XLFormCheckCell.m; sourceTree = "<group>"; };
		3E27C00E1A8B47CB00FFB975 /* XLFormDateCell.h */ = {isa = PBXFileReference; fileEncoding = 4; lastKnownFileType = sourcecode.c.h; path = XLFormDateCell.h; sourceTree = "<group>"; };
		3E27C00F1A8B47CB00FFB975 /* XLFormDateCell.m */ = {isa = PBXFileReference; fileEncoding = 4; lastKnownFileType = sourcecode.c.objc; path = XLFormDateCell.m; sourceTree = "<group>"; };
		3E27C0101A8B47CB00FFB975 /* XLFormDatePickerCell.h */ = {isa = PBXFileReference; fileEncoding = 4; lastKnownFileType = sourcecode.c.h; path = XLFormDatePickerCell.h; sourceTree = "<group>"; };
		3E27C0111A8B47CB00FFB975 /* XLFormDatePickerCell.m */ = {isa = PBXFileReference; fileEncoding = 4; lastKnownFileType = sourcecode.c.objc; path = XLFormDatePickerCell.m; sourceTree = "<group>"; };
		3E27C0121A8B47CB00FFB975 /* XLFormDescriptorCell.h */ = {isa = PBXFileReference; fileEncoding = 4; lastKnownFileType = sourcecode.c.h; path = XLFormDescriptorCell.h; sourceTree = "<group>"; };
		3E27C0131A8B47CB00FFB975 /* XLFormInlineRowDescriptorCell.h */ = {isa = PBXFileReference; fileEncoding = 4; lastKnownFileType = sourcecode.c.h; path = XLFormInlineRowDescriptorCell.h; sourceTree = "<group>"; };
		3E27C0141A8B47CB00FFB975 /* XLFormInlineSelectorCell.h */ = {isa = PBXFileReference; fileEncoding = 4; lastKnownFileType = sourcecode.c.h; path = XLFormInlineSelectorCell.h; sourceTree = "<group>"; };
		3E27C0151A8B47CB00FFB975 /* XLFormInlineSelectorCell.m */ = {isa = PBXFileReference; fileEncoding = 4; lastKnownFileType = sourcecode.c.objc; path = XLFormInlineSelectorCell.m; sourceTree = "<group>"; };
		3E27C0161A8B47CB00FFB975 /* XLFormLeftRightSelectorCell.h */ = {isa = PBXFileReference; fileEncoding = 4; lastKnownFileType = sourcecode.c.h; path = XLFormLeftRightSelectorCell.h; sourceTree = "<group>"; };
		3E27C0171A8B47CB00FFB975 /* XLFormLeftRightSelectorCell.m */ = {isa = PBXFileReference; fileEncoding = 4; lastKnownFileType = sourcecode.c.objc; path = XLFormLeftRightSelectorCell.m; sourceTree = "<group>"; };
		3E27C0181A8B47CB00FFB975 /* XLFormPickerCell.h */ = {isa = PBXFileReference; fileEncoding = 4; lastKnownFileType = sourcecode.c.h; path = XLFormPickerCell.h; sourceTree = "<group>"; };
		3E27C0191A8B47CB00FFB975 /* XLFormPickerCell.m */ = {isa = PBXFileReference; fileEncoding = 4; lastKnownFileType = sourcecode.c.objc; path = XLFormPickerCell.m; sourceTree = "<group>"; };
		3E27C01A1A8B47CB00FFB975 /* XLFormSegmentedCell.h */ = {isa = PBXFileReference; fileEncoding = 4; lastKnownFileType = sourcecode.c.h; path = XLFormSegmentedCell.h; sourceTree = "<group>"; };
		3E27C01B1A8B47CB00FFB975 /* XLFormSegmentedCell.m */ = {isa = PBXFileReference; fileEncoding = 4; lastKnownFileType = sourcecode.c.objc; path = XLFormSegmentedCell.m; sourceTree = "<group>"; };
		3E27C01C1A8B47CB00FFB975 /* XLFormSelectorCell.h */ = {isa = PBXFileReference; fileEncoding = 4; lastKnownFileType = sourcecode.c.h; path = XLFormSelectorCell.h; sourceTree = "<group>"; };
		3E27C01D1A8B47CB00FFB975 /* XLFormSelectorCell.m */ = {isa = PBXFileReference; fileEncoding = 4; lastKnownFileType = sourcecode.c.objc; path = XLFormSelectorCell.m; sourceTree = "<group>"; };
		3E27C01E1A8B47CB00FFB975 /* XLFormSliderCell.h */ = {isa = PBXFileReference; fileEncoding = 4; lastKnownFileType = sourcecode.c.h; path = XLFormSliderCell.h; sourceTree = "<group>"; };
		3E27C01F1A8B47CB00FFB975 /* XLFormSliderCell.m */ = {isa = PBXFileReference; fileEncoding = 4; lastKnownFileType = sourcecode.c.objc; path = XLFormSliderCell.m; sourceTree = "<group>"; };
		3E27C0201A8B47CB00FFB975 /* XLFormStepCounterCell.h */ = {isa = PBXFileReference; fileEncoding = 4; lastKnownFileType = sourcecode.c.h; path = XLFormStepCounterCell.h; sourceTree = "<group>"; };
		3E27C0211A8B47CB00FFB975 /* XLFormStepCounterCell.m */ = {isa = PBXFileReference; fileEncoding = 4; lastKnownFileType = sourcecode.c.objc; path = XLFormStepCounterCell.m; sourceTree = "<group>"; };
		3E27C0221A8B47CB00FFB975 /* XLFormSwitchCell.h */ = {isa = PBXFileReference; fileEncoding = 4; lastKnownFileType = sourcecode.c.h; path = XLFormSwitchCell.h; sourceTree = "<group>"; };
		3E27C0231A8B47CB00FFB975 /* XLFormSwitchCell.m */ = {isa = PBXFileReference; fileEncoding = 4; lastKnownFileType = sourcecode.c.objc; path = XLFormSwitchCell.m; sourceTree = "<group>"; };
		3E27C0241A8B47CB00FFB975 /* XLFormTextFieldCell.h */ = {isa = PBXFileReference; fileEncoding = 4; lastKnownFileType = sourcecode.c.h; path = XLFormTextFieldCell.h; sourceTree = "<group>"; };
		3E27C0251A8B47CB00FFB975 /* XLFormTextFieldCell.m */ = {isa = PBXFileReference; fileEncoding = 4; lastKnownFileType = sourcecode.c.objc; path = XLFormTextFieldCell.m; sourceTree = "<group>"; };
		3E27C0261A8B47CB00FFB975 /* XLFormTextViewCell.h */ = {isa = PBXFileReference; fileEncoding = 4; lastKnownFileType = sourcecode.c.h; path = XLFormTextViewCell.h; sourceTree = "<group>"; };
		3E27C0271A8B47CB00FFB975 /* XLFormTextViewCell.m */ = {isa = PBXFileReference; fileEncoding = 4; lastKnownFileType = sourcecode.c.objc; path = XLFormTextViewCell.m; sourceTree = "<group>"; };
		3E27C0291A8B47CB00FFB975 /* XLFormOptionsObject.h */ = {isa = PBXFileReference; fileEncoding = 4; lastKnownFileType = sourcecode.c.h; path = XLFormOptionsObject.h; sourceTree = "<group>"; };
		3E27C02A1A8B47CB00FFB975 /* XLFormOptionsObject.m */ = {isa = PBXFileReference; fileEncoding = 4; lastKnownFileType = sourcecode.c.objc; path = XLFormOptionsObject.m; sourceTree = "<group>"; };
		3E27C02B1A8B47CB00FFB975 /* XLFormOptionsViewController.h */ = {isa = PBXFileReference; fileEncoding = 4; lastKnownFileType = sourcecode.c.h; path = XLFormOptionsViewController.h; sourceTree = "<group>"; };
		3E27C02C1A8B47CB00FFB975 /* XLFormOptionsViewController.m */ = {isa = PBXFileReference; fileEncoding = 4; lastKnownFileType = sourcecode.c.objc; path = XLFormOptionsViewController.m; sourceTree = "<group>"; };
		3E27C02D1A8B47CB00FFB975 /* XLFormRowDescriptorViewController.h */ = {isa = PBXFileReference; fileEncoding = 4; lastKnownFileType = sourcecode.c.h; path = XLFormRowDescriptorViewController.h; sourceTree = "<group>"; };
		3E27C02E1A8B47CB00FFB975 /* XLFormViewController.h */ = {isa = PBXFileReference; fileEncoding = 4; lastKnownFileType = sourcecode.c.h; path = XLFormViewController.h; sourceTree = "<group>"; };
		3E27C02F1A8B47CB00FFB975 /* XLFormViewController.m */ = {isa = PBXFileReference; fileEncoding = 4; lastKnownFileType = sourcecode.c.objc; path = XLFormViewController.m; sourceTree = "<group>"; };
		3E27C0311A8B47CB00FFB975 /* XLFormDescriptor.h */ = {isa = PBXFileReference; fileEncoding = 4; lastKnownFileType = sourcecode.c.h; path = XLFormDescriptor.h; sourceTree = "<group>"; };
		3E27C0321A8B47CB00FFB975 /* XLFormDescriptor.m */ = {isa = PBXFileReference; fileEncoding = 4; lastKnownFileType = sourcecode.c.objc; path = XLFormDescriptor.m; sourceTree = "<group>"; };
		3E27C0331A8B47CB00FFB975 /* XLFormDescriptorDelegate.h */ = {isa = PBXFileReference; fileEncoding = 4; lastKnownFileType = sourcecode.c.h; path = XLFormDescriptorDelegate.h; sourceTree = "<group>"; };
		3E27C0341A8B47CB00FFB975 /* XLFormRowDescriptor.h */ = {isa = PBXFileReference; fileEncoding = 4; lastKnownFileType = sourcecode.c.h; path = XLFormRowDescriptor.h; sourceTree = "<group>"; };
		3E27C0351A8B47CB00FFB975 /* XLFormRowDescriptor.m */ = {isa = PBXFileReference; fileEncoding = 4; lastKnownFileType = sourcecode.c.objc; path = XLFormRowDescriptor.m; sourceTree = "<group>"; };
		3E27C0361A8B47CB00FFB975 /* XLFormSectionDescriptor.h */ = {isa = PBXFileReference; fileEncoding = 4; lastKnownFileType = sourcecode.c.h; path = XLFormSectionDescriptor.h; sourceTree = "<group>"; };
		3E27C0371A8B47CB00FFB975 /* XLFormSectionDescriptor.m */ = {isa = PBXFileReference; fileEncoding = 4; lastKnownFileType = sourcecode.c.objc; path = XLFormSectionDescriptor.m; sourceTree = "<group>"; };
		3E27C0391A8B47CB00FFB975 /* NSArray+XLFormAdditions.h */ = {isa = PBXFileReference; fileEncoding = 4; lastKnownFileType = sourcecode.c.h; path = "NSArray+XLFormAdditions.h"; sourceTree = "<group>"; };
		3E27C03A1A8B47CB00FFB975 /* NSArray+XLFormAdditions.m */ = {isa = PBXFileReference; fileEncoding = 4; lastKnownFileType = sourcecode.c.objc; path = "NSArray+XLFormAdditions.m"; sourceTree = "<group>"; };
		3E27C03B1A8B47CB00FFB975 /* NSObject+XLFormAdditions.h */ = {isa = PBXFileReference; fileEncoding = 4; lastKnownFileType = sourcecode.c.h; path = "NSObject+XLFormAdditions.h"; sourceTree = "<group>"; };
		3E27C03C1A8B47CB00FFB975 /* NSObject+XLFormAdditions.m */ = {isa = PBXFileReference; fileEncoding = 4; lastKnownFileType = sourcecode.c.objc; path = "NSObject+XLFormAdditions.m"; sourceTree = "<group>"; };
		3E27C03D1A8B47CB00FFB975 /* UIView+XLFormAdditions.h */ = {isa = PBXFileReference; fileEncoding = 4; lastKnownFileType = sourcecode.c.h; path = "UIView+XLFormAdditions.h"; sourceTree = "<group>"; };
		3E27C03E1A8B47CB00FFB975 /* UIView+XLFormAdditions.m */ = {isa = PBXFileReference; fileEncoding = 4; lastKnownFileType = sourcecode.c.objc; path = "UIView+XLFormAdditions.m"; sourceTree = "<group>"; };
		3E27C0401A8B47CB00FFB975 /* XLFormRightDetailCell.h */ = {isa = PBXFileReference; fileEncoding = 4; lastKnownFileType = sourcecode.c.h; path = XLFormRightDetailCell.h; sourceTree = "<group>"; };
		3E27C0411A8B47CB00FFB975 /* XLFormRightDetailCell.m */ = {isa = PBXFileReference; fileEncoding = 4; lastKnownFileType = sourcecode.c.objc; path = XLFormRightDetailCell.m; sourceTree = "<group>"; };
		3E27C0421A8B47CB00FFB975 /* XLFormRightImageButton.h */ = {isa = PBXFileReference; fileEncoding = 4; lastKnownFileType = sourcecode.c.h; path = XLFormRightImageButton.h; sourceTree = "<group>"; };
		3E27C0431A8B47CB00FFB975 /* XLFormRightImageButton.m */ = {isa = PBXFileReference; fileEncoding = 4; lastKnownFileType = sourcecode.c.objc; path = XLFormRightImageButton.m; sourceTree = "<group>"; };
		3E27C0441A8B47CB00FFB975 /* XLFormTextView.h */ = {isa = PBXFileReference; fileEncoding = 4; lastKnownFileType = sourcecode.c.h; path = XLFormTextView.h; sourceTree = "<group>"; };
		3E27C0451A8B47CB00FFB975 /* XLFormTextView.m */ = {isa = PBXFileReference; fileEncoding = 4; lastKnownFileType = sourcecode.c.objc; path = XLFormTextView.m; sourceTree = "<group>"; };
		3E27C0471A8B47CB00FFB975 /* XLFormRegexValidator.h */ = {isa = PBXFileReference; fileEncoding = 4; lastKnownFileType = sourcecode.c.h; path = XLFormRegexValidator.h; sourceTree = "<group>"; };
		3E27C0481A8B47CB00FFB975 /* XLFormRegexValidator.m */ = {isa = PBXFileReference; fileEncoding = 4; lastKnownFileType = sourcecode.c.objc; path = XLFormRegexValidator.m; sourceTree = "<group>"; };
		3E27C0491A8B47CB00FFB975 /* XLFormValidationStatus.h */ = {isa = PBXFileReference; fileEncoding = 4; lastKnownFileType = sourcecode.c.h; path = XLFormValidationStatus.h; sourceTree = "<group>"; };
		3E27C04A1A8B47CB00FFB975 /* XLFormValidationStatus.m */ = {isa = PBXFileReference; fileEncoding = 4; lastKnownFileType = sourcecode.c.objc; path = XLFormValidationStatus.m; sourceTree = "<group>"; };
		3E27C04B1A8B47CB00FFB975 /* XLFormValidator.h */ = {isa = PBXFileReference; fileEncoding = 4; lastKnownFileType = sourcecode.c.h; path = XLFormValidator.h; sourceTree = "<group>"; };
		3E27C04C1A8B47CB00FFB975 /* XLFormValidator.m */ = {isa = PBXFileReference; fileEncoding = 4; lastKnownFileType = sourcecode.c.objc; path = XLFormValidator.m; sourceTree = "<group>"; };
		3E27C04D1A8B47CB00FFB975 /* XLFormValidatorProtocol.h */ = {isa = PBXFileReference; fileEncoding = 4; lastKnownFileType = sourcecode.c.h; path = XLFormValidatorProtocol.h; sourceTree = "<group>"; };
		3E27C04E1A8B47CB00FFB975 /* XLForm.h */ = {isa = PBXFileReference; fileEncoding = 4; lastKnownFileType = sourcecode.c.h; path = XLForm.h; sourceTree = "<group>"; };
		3E27C04F1A8B47CB00FFB975 /* XLForm.m */ = {isa = PBXFileReference; fileEncoding = 4; lastKnownFileType = sourcecode.c.objc; path = XLForm.m; sourceTree = "<group>"; };
		3E7A1A501A8875B100E6A224 /* BirthdayCircle.app */ = {isa = PBXFileReference; explicitFileType = wrapper.application; includeInIndex = 0; path = BirthdayCircle.app; sourceTree = BUILT_PRODUCTS_DIR; };
		3E7A1A551A8875B100E6A224 /* AppDelegate.swift */ = {isa = PBXFileReference; lastKnownFileType = sourcecode.swift; path = AppDelegate.swift; sourceTree = "<group>"; };
		3E7A1A5A1A8875B100E6A224 /* Base */ = {isa = PBXFileReference; lastKnownFileType = file.storyboard; name = Base; path = Base.lproj/Main.storyboard; sourceTree = "<group>"; };
		3E7A1A5C1A8875B100E6A224 /* Images.xcassets */ = {isa = PBXFileReference; lastKnownFileType = folder.assetcatalog; path = Images.xcassets; sourceTree = "<group>"; };
		3E7A1A5F1A8875B100E6A224 /* Base */ = {isa = PBXFileReference; lastKnownFileType = file.xib; name = Base; path = Base.lproj/LaunchScreen.xib; sourceTree = "<group>"; };
		3E7A1A651A8875B100E6A224 /* BirthdayCircleTests.xctest */ = {isa = PBXFileReference; explicitFileType = wrapper.cfbundle; includeInIndex = 0; path = BirthdayCircleTests.xctest; sourceTree = BUILT_PRODUCTS_DIR; };
		3E7A1A6A1A8875B100E6A224 /* Info.plist */ = {isa = PBXFileReference; lastKnownFileType = text.plist.xml; path = Info.plist; sourceTree = "<group>"; };
		3E7A1A6B1A8875B100E6A224 /* BirthdayCircleTests.swift */ = {isa = PBXFileReference; lastKnownFileType = sourcecode.swift; path = BirthdayCircleTests.swift; sourceTree = "<group>"; };
		3E7A1A771A887C8D00E6A224 /* Alamofire.swift */ = {isa = PBXFileReference; fileEncoding = 4; lastKnownFileType = sourcecode.swift; name = Alamofire.swift; path = submodule/Alamofire/Source/Alamofire.swift; sourceTree = SOURCE_ROOT; };
		3E7A1A7A1A887CAB00E6A224 /* Async.swift */ = {isa = PBXFileReference; fileEncoding = 4; lastKnownFileType = sourcecode.swift; name = Async.swift; path = submodule/Async/Async.swift; sourceTree = SOURCE_ROOT; };
		3E7A1A7D1A887CBC00E6A224 /* Cartography.h */ = {isa = PBXFileReference; fileEncoding = 4; lastKnownFileType = sourcecode.c.h; path = Cartography.h; sourceTree = "<group>"; };
		3E7A1A7E1A887CBC00E6A224 /* Coefficients.swift */ = {isa = PBXFileReference; fileEncoding = 4; lastKnownFileType = sourcecode.swift; path = Coefficients.swift; sourceTree = "<group>"; };
		3E7A1A7F1A887CBC00E6A224 /* Compound.swift */ = {isa = PBXFileReference; fileEncoding = 4; lastKnownFileType = sourcecode.swift; path = Compound.swift; sourceTree = "<group>"; };
		3E7A1A801A887CBC00E6A224 /* Constraint.swift */ = {isa = PBXFileReference; fileEncoding = 4; lastKnownFileType = sourcecode.swift; path = Constraint.swift; sourceTree = "<group>"; };
		3E7A1A811A887CBC00E6A224 /* ConstraintGroup.swift */ = {isa = PBXFileReference; fileEncoding = 4; lastKnownFileType = sourcecode.swift; path = ConstraintGroup.swift; sourceTree = "<group>"; };
		3E7A1A821A887CBC00E6A224 /* Context.swift */ = {isa = PBXFileReference; fileEncoding = 4; lastKnownFileType = sourcecode.swift; path = Context.swift; sourceTree = "<group>"; };
		3E7A1A831A887CBC00E6A224 /* Dimension.swift */ = {isa = PBXFileReference; fileEncoding = 4; lastKnownFileType = sourcecode.swift; path = Dimension.swift; sourceTree = "<group>"; };
		3E7A1A841A887CBC00E6A224 /* Edge.swift */ = {isa = PBXFileReference; fileEncoding = 4; lastKnownFileType = sourcecode.swift; path = Edge.swift; sourceTree = "<group>"; };
		3E7A1A851A887CBC00E6A224 /* Edges.swift */ = {isa = PBXFileReference; fileEncoding = 4; lastKnownFileType = sourcecode.swift; path = Edges.swift; sourceTree = "<group>"; };
		3E7A1A861A887CBC00E6A224 /* Expression.swift */ = {isa = PBXFileReference; fileEncoding = 4; lastKnownFileType = sourcecode.swift; path = Expression.swift; sourceTree = "<group>"; };
		3E7A1A871A887CBC00E6A224 /* Extensions.swift */ = {isa = PBXFileReference; fileEncoding = 4; lastKnownFileType = sourcecode.swift; path = Extensions.swift; sourceTree = "<group>"; };
		3E7A1A881A887CBC00E6A224 /* Info.plist */ = {isa = PBXFileReference; fileEncoding = 4; lastKnownFileType = text.plist.xml; path = Info.plist; sourceTree = "<group>"; };
		3E7A1A891A887CBC00E6A224 /* Layout.swift */ = {isa = PBXFileReference; fileEncoding = 4; lastKnownFileType = sourcecode.swift; path = Layout.swift; sourceTree = "<group>"; };
		3E7A1A8A1A887CBC00E6A224 /* LayoutProxy.swift */ = {isa = PBXFileReference; fileEncoding = 4; lastKnownFileType = sourcecode.swift; path = LayoutProxy.swift; sourceTree = "<group>"; };
		3E7A1A8B1A887CBC00E6A224 /* Point.swift */ = {isa = PBXFileReference; fileEncoding = 4; lastKnownFileType = sourcecode.swift; path = Point.swift; sourceTree = "<group>"; };
		3E7A1A8C1A887CBC00E6A224 /* Priority.swift */ = {isa = PBXFileReference; fileEncoding = 4; lastKnownFileType = sourcecode.swift; path = Priority.swift; sourceTree = "<group>"; };
		3E7A1A8D1A887CBC00E6A224 /* Property.swift */ = {isa = PBXFileReference; fileEncoding = 4; lastKnownFileType = sourcecode.swift; path = Property.swift; sourceTree = "<group>"; };
		3E7A1A8E1A887CBC00E6A224 /* Size.swift */ = {isa = PBXFileReference; fileEncoding = 4; lastKnownFileType = sourcecode.swift; path = Size.swift; sourceTree = "<group>"; };
		3E7A1A8F1A887CBC00E6A224 /* View.swift */ = {isa = PBXFileReference; fileEncoding = 4; lastKnownFileType = sourcecode.swift; path = View.swift; sourceTree = "<group>"; };
		3E7A1A901A887CBC00E6A224 /* ViewUtils.swift */ = {isa = PBXFileReference; fileEncoding = 4; lastKnownFileType = sourcecode.swift; path = ViewUtils.swift; sourceTree = "<group>"; };
		3E7A1AA51A887CDF00E6A224 /* MKAnnotationView+WebCache.h */ = {isa = PBXFileReference; fileEncoding = 4; lastKnownFileType = sourcecode.c.h; path = "MKAnnotationView+WebCache.h"; sourceTree = "<group>"; };
		3E7A1AA61A887CDF00E6A224 /* MKAnnotationView+WebCache.m */ = {isa = PBXFileReference; fileEncoding = 4; lastKnownFileType = sourcecode.c.objc; path = "MKAnnotationView+WebCache.m"; sourceTree = "<group>"; };
		3E7A1AA71A887CDF00E6A224 /* NSData+ImageContentType.h */ = {isa = PBXFileReference; fileEncoding = 4; lastKnownFileType = sourcecode.c.h; path = "NSData+ImageContentType.h"; sourceTree = "<group>"; };
		3E7A1AA81A887CDF00E6A224 /* NSData+ImageContentType.m */ = {isa = PBXFileReference; fileEncoding = 4; lastKnownFileType = sourcecode.c.objc; path = "NSData+ImageContentType.m"; sourceTree = "<group>"; };
		3E7A1AA91A887CDF00E6A224 /* SDImageCache.h */ = {isa = PBXFileReference; fileEncoding = 4; lastKnownFileType = sourcecode.c.h; path = SDImageCache.h; sourceTree = "<group>"; };
		3E7A1AAA1A887CDF00E6A224 /* SDImageCache.m */ = {isa = PBXFileReference; fileEncoding = 4; lastKnownFileType = sourcecode.c.objc; path = SDImageCache.m; sourceTree = "<group>"; };
		3E7A1AAB1A887CDF00E6A224 /* SDWebImageCompat.h */ = {isa = PBXFileReference; fileEncoding = 4; lastKnownFileType = sourcecode.c.h; path = SDWebImageCompat.h; sourceTree = "<group>"; };
		3E7A1AAC1A887CDF00E6A224 /* SDWebImageCompat.m */ = {isa = PBXFileReference; fileEncoding = 4; lastKnownFileType = sourcecode.c.objc; path = SDWebImageCompat.m; sourceTree = "<group>"; };
		3E7A1AAD1A887CDF00E6A224 /* SDWebImageDecoder.h */ = {isa = PBXFileReference; fileEncoding = 4; lastKnownFileType = sourcecode.c.h; path = SDWebImageDecoder.h; sourceTree = "<group>"; };
		3E7A1AAE1A887CDF00E6A224 /* SDWebImageDecoder.m */ = {isa = PBXFileReference; fileEncoding = 4; lastKnownFileType = sourcecode.c.objc; path = SDWebImageDecoder.m; sourceTree = "<group>"; };
		3E7A1AAF1A887CDF00E6A224 /* SDWebImageDownloader.h */ = {isa = PBXFileReference; fileEncoding = 4; lastKnownFileType = sourcecode.c.h; path = SDWebImageDownloader.h; sourceTree = "<group>"; };
		3E7A1AB01A887CDF00E6A224 /* SDWebImageDownloader.m */ = {isa = PBXFileReference; fileEncoding = 4; lastKnownFileType = sourcecode.c.objc; path = SDWebImageDownloader.m; sourceTree = "<group>"; };
		3E7A1AB11A887CDF00E6A224 /* SDWebImageDownloaderOperation.h */ = {isa = PBXFileReference; fileEncoding = 4; lastKnownFileType = sourcecode.c.h; path = SDWebImageDownloaderOperation.h; sourceTree = "<group>"; };
		3E7A1AB21A887CDF00E6A224 /* SDWebImageDownloaderOperation.m */ = {isa = PBXFileReference; fileEncoding = 4; lastKnownFileType = sourcecode.c.objc; path = SDWebImageDownloaderOperation.m; sourceTree = "<group>"; };
		3E7A1AB31A887CDF00E6A224 /* SDWebImageManager.h */ = {isa = PBXFileReference; fileEncoding = 4; lastKnownFileType = sourcecode.c.h; path = SDWebImageManager.h; sourceTree = "<group>"; };
		3E7A1AB41A887CDF00E6A224 /* SDWebImageManager.m */ = {isa = PBXFileReference; fileEncoding = 4; lastKnownFileType = sourcecode.c.objc; path = SDWebImageManager.m; sourceTree = "<group>"; };
		3E7A1AB51A887CDF00E6A224 /* SDWebImageOperation.h */ = {isa = PBXFileReference; fileEncoding = 4; lastKnownFileType = sourcecode.c.h; path = SDWebImageOperation.h; sourceTree = "<group>"; };
		3E7A1AB61A887CDF00E6A224 /* SDWebImagePrefetcher.h */ = {isa = PBXFileReference; fileEncoding = 4; lastKnownFileType = sourcecode.c.h; path = SDWebImagePrefetcher.h; sourceTree = "<group>"; };
		3E7A1AB71A887CDF00E6A224 /* SDWebImagePrefetcher.m */ = {isa = PBXFileReference; fileEncoding = 4; lastKnownFileType = sourcecode.c.objc; path = SDWebImagePrefetcher.m; sourceTree = "<group>"; };
		3E7A1AB81A887CDF00E6A224 /* UIButton+WebCache.h */ = {isa = PBXFileReference; fileEncoding = 4; lastKnownFileType = sourcecode.c.h; path = "UIButton+WebCache.h"; sourceTree = "<group>"; };
		3E7A1AB91A887CDF00E6A224 /* UIButton+WebCache.m */ = {isa = PBXFileReference; fileEncoding = 4; lastKnownFileType = sourcecode.c.objc; path = "UIButton+WebCache.m"; sourceTree = "<group>"; };
		3E7A1ABA1A887CDF00E6A224 /* UIImage+GIF.h */ = {isa = PBXFileReference; fileEncoding = 4; lastKnownFileType = sourcecode.c.h; path = "UIImage+GIF.h"; sourceTree = "<group>"; };
		3E7A1ABB1A887CDF00E6A224 /* UIImage+GIF.m */ = {isa = PBXFileReference; fileEncoding = 4; lastKnownFileType = sourcecode.c.objc; path = "UIImage+GIF.m"; sourceTree = "<group>"; };
		3E7A1ABC1A887CDF00E6A224 /* UIImage+MultiFormat.h */ = {isa = PBXFileReference; fileEncoding = 4; lastKnownFileType = sourcecode.c.h; path = "UIImage+MultiFormat.h"; sourceTree = "<group>"; };
		3E7A1ABD1A887CDF00E6A224 /* UIImage+MultiFormat.m */ = {isa = PBXFileReference; fileEncoding = 4; lastKnownFileType = sourcecode.c.objc; path = "UIImage+MultiFormat.m"; sourceTree = "<group>"; };
		3E7A1ABE1A887CDF00E6A224 /* UIImage+WebP.h */ = {isa = PBXFileReference; fileEncoding = 4; lastKnownFileType = sourcecode.c.h; path = "UIImage+WebP.h"; sourceTree = "<group>"; };
		3E7A1ABF1A887CDF00E6A224 /* UIImage+WebP.m */ = {isa = PBXFileReference; fileEncoding = 4; lastKnownFileType = sourcecode.c.objc; path = "UIImage+WebP.m"; sourceTree = "<group>"; };
		3E7A1AC01A887CDF00E6A224 /* UIImageView+HighlightedWebCache.h */ = {isa = PBXFileReference; fileEncoding = 4; lastKnownFileType = sourcecode.c.h; path = "UIImageView+HighlightedWebCache.h"; sourceTree = "<group>"; };
		3E7A1AC11A887CDF00E6A224 /* UIImageView+HighlightedWebCache.m */ = {isa = PBXFileReference; fileEncoding = 4; lastKnownFileType = sourcecode.c.objc; path = "UIImageView+HighlightedWebCache.m"; sourceTree = "<group>"; };
		3E7A1AC21A887CDF00E6A224 /* UIImageView+WebCache.h */ = {isa = PBXFileReference; fileEncoding = 4; lastKnownFileType = sourcecode.c.h; path = "UIImageView+WebCache.h"; sourceTree = "<group>"; };
		3E7A1AC31A887CDF00E6A224 /* UIImageView+WebCache.m */ = {isa = PBXFileReference; fileEncoding = 4; lastKnownFileType = sourcecode.c.objc; path = "UIImageView+WebCache.m"; sourceTree = "<group>"; };
		3E7A1AC41A887CDF00E6A224 /* UIView+WebCacheOperation.h */ = {isa = PBXFileReference; fileEncoding = 4; lastKnownFileType = sourcecode.c.h; path = "UIView+WebCacheOperation.h"; sourceTree = "<group>"; };
		3E7A1AC51A887CDF00E6A224 /* UIView+WebCacheOperation.m */ = {isa = PBXFileReference; fileEncoding = 4; lastKnownFileType = sourcecode.c.objc; path = "UIView+WebCacheOperation.m"; sourceTree = "<group>"; };
		3E7A1AD71A887D5600E6A224 /* SwiftyJSON.swift */ = {isa = PBXFileReference; fileEncoding = 4; lastKnownFileType = sourcecode.swift; name = SwiftyJSON.swift; path = submodule/SwiftyJSON/Source/SwiftyJSON.swift; sourceTree = SOURCE_ROOT; };
		3E7A1ADA1A887D7C00E6A224 /* SVIndefiniteAnimatedView.h */ = {isa = PBXFileReference; fileEncoding = 4; lastKnownFileType = sourcecode.c.h; path = SVIndefiniteAnimatedView.h; sourceTree = "<group>"; };
		3E7A1ADB1A887D7C00E6A224 /* SVIndefiniteAnimatedView.m */ = {isa = PBXFileReference; fileEncoding = 4; lastKnownFileType = sourcecode.c.objc; path = SVIndefiniteAnimatedView.m; sourceTree = "<group>"; };
		3E7A1ADC1A887D7C00E6A224 /* SVProgressHUD-Prefix.pch */ = {isa = PBXFileReference; fileEncoding = 4; lastKnownFileType = sourcecode.c.h; path = "SVProgressHUD-Prefix.pch"; sourceTree = "<group>"; };
		3E7A1ADD1A887D7C00E6A224 /* SVProgressHUD.bundle */ = {isa = PBXFileReference; lastKnownFileType = "wrapper.plug-in"; path = SVProgressHUD.bundle; sourceTree = "<group>"; };
		3E7A1ADE1A887D7C00E6A224 /* SVProgressHUD.h */ = {isa = PBXFileReference; fileEncoding = 4; lastKnownFileType = sourcecode.c.h; path = SVProgressHUD.h; sourceTree = "<group>"; };
		3E7A1ADF1A887D7C00E6A224 /* SVProgressHUD.m */ = {isa = PBXFileReference; fileEncoding = 4; lastKnownFileType = sourcecode.c.objc; path = SVProgressHUD.m; sourceTree = "<group>"; };
		3E7A1B181A88853200E6A224 /* BirthdayCircle-Bridging-Header.h */ = {isa = PBXFileReference; fileEncoding = 4; lastKnownFileType = sourcecode.c.h; path = "BirthdayCircle-Bridging-Header.h"; sourceTree = "<group>"; };
		3E7C1CF21A89D14B00424C14 /* Info.plist */ = {isa = PBXFileReference; fileEncoding = 4; lastKnownFileType = text.plist.xml; path = Info.plist; sourceTree = "<group>"; };
		3E7C1D0F1A89D26F00424C14 /* RAC.swift */ = {isa = PBXFileReference; fileEncoding = 4; lastKnownFileType = sourcecode.swift; path = RAC.swift; sourceTree = "<group>"; };
		3E7C1D111A89E09200424C14 /* MD5.swift */ = {isa = PBXFileReference; fileEncoding = 4; lastKnownFileType = sourcecode.swift; path = MD5.swift; sourceTree = "<group>"; };
		3EB903C21A88A047009CEBCB /* MeVC.swift */ = {isa = PBXFileReference; fileEncoding = 4; lastKnownFileType = sourcecode.swift; path = MeVC.swift; sourceTree = "<group>"; };
		3EB903C51A88ACF0009CEBCB /* LoginVC.swift */ = {isa = PBXFileReference; fileEncoding = 4; lastKnownFileType = sourcecode.swift; path = LoginVC.swift; sourceTree = "<group>"; };
		3EB903C71A88BE10009CEBCB /* SignUpVC.swift */ = {isa = PBXFileReference; fileEncoding = 4; lastKnownFileType = sourcecode.swift; path = SignUpVC.swift; sourceTree = "<group>"; };
		3EB903C91A88D707009CEBCB /* WebServicesHandler.swift */ = {isa = PBXFileReference; fileEncoding = 4; lastKnownFileType = sourcecode.swift; path = WebServicesHandler.swift; sourceTree = "<group>"; };
		3EBCA8F61A8E383700D8951C /* ReactiveCocoa.xcodeproj */ = {isa = PBXFileReference; lastKnownFileType = "wrapper.pb-project"; name = ReactiveCocoa.xcodeproj; path = submodule/ReactiveCoco/ReactiveCocoaFramework/ReactiveCocoa.xcodeproj; sourceTree = SOURCE_ROOT; };
		3EFB48B41A8A57B40022708A /* UserProfile.swift */ = {isa = PBXFileReference; fileEncoding = 4; lastKnownFileType = sourcecode.swift; path = UserProfile.swift; sourceTree = "<group>"; };
		3EFB48B61A8A5E4D0022708A /* UserProfileService.swift */ = {isa = PBXFileReference; fileEncoding = 4; lastKnownFileType = sourcecode.swift; path = UserProfileService.swift; sourceTree = "<group>"; };
		3EFB48B81A8A60A10022708A /* MoreVC.swift */ = {isa = PBXFileReference; fileEncoding = 4; lastKnownFileType = sourcecode.swift; path = MoreVC.swift; sourceTree = "<group>"; };
/* End PBXFileReference section */

/* Begin PBXFrameworksBuildPhase section */
		3E7A1A4D1A8875B100E6A224 /* Frameworks */ = {
			isa = PBXFrameworksBuildPhase;
			buildActionMask = 2147483647;
			files = (
				3EBCA9101A8E384900D8951C /* libReactiveCocoa-iOS.a in Frameworks */,
			);
			runOnlyForDeploymentPostprocessing = 0;
		};
		3E7A1A621A8875B100E6A224 /* Frameworks */ = {
			isa = PBXFrameworksBuildPhase;
			buildActionMask = 2147483647;
			files = (
			);
			runOnlyForDeploymentPostprocessing = 0;
		};
/* End PBXFrameworksBuildPhase section */

/* Begin PBXGroup section */
		3E27C0061A8B47CB00FFB975 /* XL */ = {
			isa = PBXGroup;
			children = (
				3E27C0071A8B47CB00FFB975 /* Cell */,
				3E27C0281A8B47CB00FFB975 /* Controllers */,
				3E27C0301A8B47CB00FFB975 /* Descriptors */,
				3E27C0381A8B47CB00FFB975 /* Helpers */,
				3E27C0461A8B47CB00FFB975 /* Validation */,
				3E27C04E1A8B47CB00FFB975 /* XLForm.h */,
				3E27C04F1A8B47CB00FFB975 /* XLForm.m */,
			);
			name = XL;
			path = submodule/XLForm/XLForm/XL;
			sourceTree = SOURCE_ROOT;
		};
		3E27C0071A8B47CB00FFB975 /* Cell */ = {
			isa = PBXGroup;
			children = (
				3E27C0081A8B47CB00FFB975 /* XLFormBaseCell.h */,
				3E27C0091A8B47CB00FFB975 /* XLFormBaseCell.m */,
				3E27C00A1A8B47CB00FFB975 /* XLFormButtonCell.h */,
				3E27C00B1A8B47CB00FFB975 /* XLFormButtonCell.m */,
				3E27C00C1A8B47CB00FFB975 /* XLFormCheckCell.h */,
				3E27C00D1A8B47CB00FFB975 /* XLFormCheckCell.m */,
				3E27C00E1A8B47CB00FFB975 /* XLFormDateCell.h */,
				3E27C00F1A8B47CB00FFB975 /* XLFormDateCell.m */,
				3E27C0101A8B47CB00FFB975 /* XLFormDatePickerCell.h */,
				3E27C0111A8B47CB00FFB975 /* XLFormDatePickerCell.m */,
				3E27C0121A8B47CB00FFB975 /* XLFormDescriptorCell.h */,
				3E27C0131A8B47CB00FFB975 /* XLFormInlineRowDescriptorCell.h */,
				3E27C0141A8B47CB00FFB975 /* XLFormInlineSelectorCell.h */,
				3E27C0151A8B47CB00FFB975 /* XLFormInlineSelectorCell.m */,
				3E27C0161A8B47CB00FFB975 /* XLFormLeftRightSelectorCell.h */,
				3E27C0171A8B47CB00FFB975 /* XLFormLeftRightSelectorCell.m */,
				3E27C0181A8B47CB00FFB975 /* XLFormPickerCell.h */,
				3E27C0191A8B47CB00FFB975 /* XLFormPickerCell.m */,
				3E27C01A1A8B47CB00FFB975 /* XLFormSegmentedCell.h */,
				3E27C01B1A8B47CB00FFB975 /* XLFormSegmentedCell.m */,
				3E27C01C1A8B47CB00FFB975 /* XLFormSelectorCell.h */,
				3E27C01D1A8B47CB00FFB975 /* XLFormSelectorCell.m */,
				3E27C01E1A8B47CB00FFB975 /* XLFormSliderCell.h */,
				3E27C01F1A8B47CB00FFB975 /* XLFormSliderCell.m */,
				3E27C0201A8B47CB00FFB975 /* XLFormStepCounterCell.h */,
				3E27C0211A8B47CB00FFB975 /* XLFormStepCounterCell.m */,
				3E27C0221A8B47CB00FFB975 /* XLFormSwitchCell.h */,
				3E27C0231A8B47CB00FFB975 /* XLFormSwitchCell.m */,
				3E27C0241A8B47CB00FFB975 /* XLFormTextFieldCell.h */,
				3E27C0251A8B47CB00FFB975 /* XLFormTextFieldCell.m */,
				3E27C0261A8B47CB00FFB975 /* XLFormTextViewCell.h */,
				3E27C0271A8B47CB00FFB975 /* XLFormTextViewCell.m */,
			);
			path = Cell;
			sourceTree = "<group>";
		};
		3E27C0281A8B47CB00FFB975 /* Controllers */ = {
			isa = PBXGroup;
			children = (
				3E27C0291A8B47CB00FFB975 /* XLFormOptionsObject.h */,
				3E27C02A1A8B47CB00FFB975 /* XLFormOptionsObject.m */,
				3E27C02B1A8B47CB00FFB975 /* XLFormOptionsViewController.h */,
				3E27C02C1A8B47CB00FFB975 /* XLFormOptionsViewController.m */,
				3E27C02D1A8B47CB00FFB975 /* XLFormRowDescriptorViewController.h */,
				3E27C02E1A8B47CB00FFB975 /* XLFormViewController.h */,
				3E27C02F1A8B47CB00FFB975 /* XLFormViewController.m */,
			);
			path = Controllers;
			sourceTree = "<group>";
		};
		3E27C0301A8B47CB00FFB975 /* Descriptors */ = {
			isa = PBXGroup;
			children = (
				3E27C0311A8B47CB00FFB975 /* XLFormDescriptor.h */,
				3E27C0321A8B47CB00FFB975 /* XLFormDescriptor.m */,
				3E27C0331A8B47CB00FFB975 /* XLFormDescriptorDelegate.h */,
				3E27C0341A8B47CB00FFB975 /* XLFormRowDescriptor.h */,
				3E27C0351A8B47CB00FFB975 /* XLFormRowDescriptor.m */,
				3E27C0361A8B47CB00FFB975 /* XLFormSectionDescriptor.h */,
				3E27C0371A8B47CB00FFB975 /* XLFormSectionDescriptor.m */,
			);
			path = Descriptors;
			sourceTree = "<group>";
		};
		3E27C0381A8B47CB00FFB975 /* Helpers */ = {
			isa = PBXGroup;
			children = (
				3E27C0391A8B47CB00FFB975 /* NSArray+XLFormAdditions.h */,
				3E27C03A1A8B47CB00FFB975 /* NSArray+XLFormAdditions.m */,
				3E27C03B1A8B47CB00FFB975 /* NSObject+XLFormAdditions.h */,
				3E27C03C1A8B47CB00FFB975 /* NSObject+XLFormAdditions.m */,
				3E27C03D1A8B47CB00FFB975 /* UIView+XLFormAdditions.h */,
				3E27C03E1A8B47CB00FFB975 /* UIView+XLFormAdditions.m */,
				3E27C03F1A8B47CB00FFB975 /* Views */,
			);
			path = Helpers;
			sourceTree = "<group>";
		};
		3E27C03F1A8B47CB00FFB975 /* Views */ = {
			isa = PBXGroup;
			children = (
				3E27C0401A8B47CB00FFB975 /* XLFormRightDetailCell.h */,
				3E27C0411A8B47CB00FFB975 /* XLFormRightDetailCell.m */,
				3E27C0421A8B47CB00FFB975 /* XLFormRightImageButton.h */,
				3E27C0431A8B47CB00FFB975 /* XLFormRightImageButton.m */,
				3E27C0441A8B47CB00FFB975 /* XLFormTextView.h */,
				3E27C0451A8B47CB00FFB975 /* XLFormTextView.m */,
			);
			path = Views;
			sourceTree = "<group>";
		};
		3E27C0461A8B47CB00FFB975 /* Validation */ = {
			isa = PBXGroup;
			children = (
				3E27C0471A8B47CB00FFB975 /* XLFormRegexValidator.h */,
				3E27C0481A8B47CB00FFB975 /* XLFormRegexValidator.m */,
				3E27C0491A8B47CB00FFB975 /* XLFormValidationStatus.h */,
				3E27C04A1A8B47CB00FFB975 /* XLFormValidationStatus.m */,
				3E27C04B1A8B47CB00FFB975 /* XLFormValidator.h */,
				3E27C04C1A8B47CB00FFB975 /* XLFormValidator.m */,
				3E27C04D1A8B47CB00FFB975 /* XLFormValidatorProtocol.h */,
			);
			path = Validation;
			sourceTree = "<group>";
		};
		3E7A1A471A8875B100E6A224 = {
			isa = PBXGroup;
			children = (
				3E7A1A521A8875B100E6A224 /* BirthdayCircle */,
				3E7A1A681A8875B100E6A224 /* BirthdayCircleTests */,
				3E7A1A511A8875B100E6A224 /* Products */,
			);
			sourceTree = "<group>";
		};
		3E7A1A511A8875B100E6A224 /* Products */ = {
			isa = PBXGroup;
			children = (
				3E7A1A501A8875B100E6A224 /* BirthdayCircle.app */,
				3E7A1A651A8875B100E6A224 /* BirthdayCircleTests.xctest */,
			);
			name = Products;
			sourceTree = "<group>";
		};
		3E7A1A521A8875B100E6A224 /* BirthdayCircle */ = {
			isa = PBXGroup;
			children = (
				3E7A1A751A887C5A00E6A224 /* 3rd */,
				3EDC78421A890F4200EC410A /* Extension */,
				3EB903C11A889FAB009CEBCB /* ViewController */,
				3EFB48B31A8A55060022708A /* Model */,
				3EE7E2161A8A506A00188641 /* Services */,
				3EFB48BA1A8A62170022708A /* Common */,
				3E7A1A591A8875B100E6A224 /* Main.storyboard */,
				3E7A1A531A8875B100E6A224 /* Supporting Files */,
			);
			path = BirthdayCircle;
			sourceTree = "<group>";
		};
		3E7A1A531A8875B100E6A224 /* Supporting Files */ = {
			isa = PBXGroup;
			children = (
				3E7A1B181A88853200E6A224 /* BirthdayCircle-Bridging-Header.h */,
				3E7A1A5C1A8875B100E6A224 /* Images.xcassets */,
				3E7A1A5E1A8875B100E6A224 /* LaunchScreen.xib */,
				3E7A1A551A8875B100E6A224 /* AppDelegate.swift */,
				3E7C1CF21A89D14B00424C14 /* Info.plist */,
			);
			name = "Supporting Files";
			sourceTree = "<group>";
		};
		3E7A1A681A8875B100E6A224 /* BirthdayCircleTests */ = {
			isa = PBXGroup;
			children = (
				3E7A1A6B1A8875B100E6A224 /* BirthdayCircleTests.swift */,
				3E7A1A691A8875B100E6A224 /* Supporting Files */,
			);
			path = BirthdayCircleTests;
			sourceTree = "<group>";
		};
		3E7A1A691A8875B100E6A224 /* Supporting Files */ = {
			isa = PBXGroup;
			children = (
				3E7A1A6A1A8875B100E6A224 /* Info.plist */,
			);
			name = "Supporting Files";
			sourceTree = "<group>";
		};
		3E7A1A751A887C5A00E6A224 /* 3rd */ = {
			isa = PBXGroup;
			children = (
				3EBCA8F61A8E383700D8951C /* ReactiveCocoa.xcodeproj */,
				3E27C0061A8B47CB00FFB975 /* XL */,
				3E27C0041A8B3FD000FFB975 /* ZFRippleButton.swift */,
				3E7A1AD91A887D7C00E6A224 /* SVProgressHUD */,
				3E7A1AD61A887D4700E6A224 /* SwiftJSON */,
				3E7A1AA41A887CDF00E6A224 /* SDWebImage */,
				3E7A1A7C1A887CBC00E6A224 /* Cartography */,
				3E7A1A791A887CA000E6A224 /* Async */,
				3E7A1A761A887C6700E6A224 /* Alamofire */,
			);
			name = 3rd;
			sourceTree = "<group>";
		};
		3E7A1A761A887C6700E6A224 /* Alamofire */ = {
			isa = PBXGroup;
			children = (
				3E7A1A771A887C8D00E6A224 /* Alamofire.swift */,
			);
			name = Alamofire;
			sourceTree = "<group>";
		};
		3E7A1A791A887CA000E6A224 /* Async */ = {
			isa = PBXGroup;
			children = (
				3E7A1A7A1A887CAB00E6A224 /* Async.swift */,
			);
			name = Async;
			sourceTree = "<group>";
		};
		3E7A1A7C1A887CBC00E6A224 /* Cartography */ = {
			isa = PBXGroup;
			children = (
				3E7A1A7D1A887CBC00E6A224 /* Cartography.h */,
				3E7A1A7E1A887CBC00E6A224 /* Coefficients.swift */,
				3E7A1A7F1A887CBC00E6A224 /* Compound.swift */,
				3E7A1A801A887CBC00E6A224 /* Constraint.swift */,
				3E7A1A811A887CBC00E6A224 /* ConstraintGroup.swift */,
				3E7A1A821A887CBC00E6A224 /* Context.swift */,
				3E7A1A831A887CBC00E6A224 /* Dimension.swift */,
				3E7A1A841A887CBC00E6A224 /* Edge.swift */,
				3E7A1A851A887CBC00E6A224 /* Edges.swift */,
				3E7A1A861A887CBC00E6A224 /* Expression.swift */,
				3E7A1A871A887CBC00E6A224 /* Extensions.swift */,
				3E7A1A881A887CBC00E6A224 /* Info.plist */,
				3E7A1A891A887CBC00E6A224 /* Layout.swift */,
				3E7A1A8A1A887CBC00E6A224 /* LayoutProxy.swift */,
				3E7A1A8B1A887CBC00E6A224 /* Point.swift */,
				3E7A1A8C1A887CBC00E6A224 /* Priority.swift */,
				3E7A1A8D1A887CBC00E6A224 /* Property.swift */,
				3E7A1A8E1A887CBC00E6A224 /* Size.swift */,
				3E7A1A8F1A887CBC00E6A224 /* View.swift */,
				3E7A1A901A887CBC00E6A224 /* ViewUtils.swift */,
			);
			name = Cartography;
			path = submodule/Cartography/Cartography;
			sourceTree = SOURCE_ROOT;
		};
		3E7A1AA41A887CDF00E6A224 /* SDWebImage */ = {
			isa = PBXGroup;
			children = (
				3E7A1AA51A887CDF00E6A224 /* MKAnnotationView+WebCache.h */,
				3E7A1AA61A887CDF00E6A224 /* MKAnnotationView+WebCache.m */,
				3E7A1AA71A887CDF00E6A224 /* NSData+ImageContentType.h */,
				3E7A1AA81A887CDF00E6A224 /* NSData+ImageContentType.m */,
				3E7A1AA91A887CDF00E6A224 /* SDImageCache.h */,
				3E7A1AAA1A887CDF00E6A224 /* SDImageCache.m */,
				3E7A1AAB1A887CDF00E6A224 /* SDWebImageCompat.h */,
				3E7A1AAC1A887CDF00E6A224 /* SDWebImageCompat.m */,
				3E7A1AAD1A887CDF00E6A224 /* SDWebImageDecoder.h */,
				3E7A1AAE1A887CDF00E6A224 /* SDWebImageDecoder.m */,
				3E7A1AAF1A887CDF00E6A224 /* SDWebImageDownloader.h */,
				3E7A1AB01A887CDF00E6A224 /* SDWebImageDownloader.m */,
				3E7A1AB11A887CDF00E6A224 /* SDWebImageDownloaderOperation.h */,
				3E7A1AB21A887CDF00E6A224 /* SDWebImageDownloaderOperation.m */,
				3E7A1AB31A887CDF00E6A224 /* SDWebImageManager.h */,
				3E7A1AB41A887CDF00E6A224 /* SDWebImageManager.m */,
				3E7A1AB51A887CDF00E6A224 /* SDWebImageOperation.h */,
				3E7A1AB61A887CDF00E6A224 /* SDWebImagePrefetcher.h */,
				3E7A1AB71A887CDF00E6A224 /* SDWebImagePrefetcher.m */,
				3E7A1AB81A887CDF00E6A224 /* UIButton+WebCache.h */,
				3E7A1AB91A887CDF00E6A224 /* UIButton+WebCache.m */,
				3E7A1ABA1A887CDF00E6A224 /* UIImage+GIF.h */,
				3E7A1ABB1A887CDF00E6A224 /* UIImage+GIF.m */,
				3E7A1ABC1A887CDF00E6A224 /* UIImage+MultiFormat.h */,
				3E7A1ABD1A887CDF00E6A224 /* UIImage+MultiFormat.m */,
				3E7A1ABE1A887CDF00E6A224 /* UIImage+WebP.h */,
				3E7A1ABF1A887CDF00E6A224 /* UIImage+WebP.m */,
				3E7A1AC01A887CDF00E6A224 /* UIImageView+HighlightedWebCache.h */,
				3E7A1AC11A887CDF00E6A224 /* UIImageView+HighlightedWebCache.m */,
				3E7A1AC21A887CDF00E6A224 /* UIImageView+WebCache.h */,
				3E7A1AC31A887CDF00E6A224 /* UIImageView+WebCache.m */,
				3E7A1AC41A887CDF00E6A224 /* UIView+WebCacheOperation.h */,
				3E7A1AC51A887CDF00E6A224 /* UIView+WebCacheOperation.m */,
			);
			name = SDWebImage;
			path = submodule/SDWebImage/SDWebImage;
			sourceTree = SOURCE_ROOT;
		};
		3E7A1AD61A887D4700E6A224 /* SwiftJSON */ = {
			isa = PBXGroup;
			children = (
				3E7A1AD71A887D5600E6A224 /* SwiftyJSON.swift */,
			);
			name = SwiftJSON;
			sourceTree = "<group>";
		};
		3E7A1AD91A887D7C00E6A224 /* SVProgressHUD */ = {
			isa = PBXGroup;
			children = (
				3E7A1ADA1A887D7C00E6A224 /* SVIndefiniteAnimatedView.h */,
				3E7A1ADB1A887D7C00E6A224 /* SVIndefiniteAnimatedView.m */,
				3E7A1ADC1A887D7C00E6A224 /* SVProgressHUD-Prefix.pch */,
				3E7A1ADD1A887D7C00E6A224 /* SVProgressHUD.bundle */,
				3E7A1ADE1A887D7C00E6A224 /* SVProgressHUD.h */,
				3E7A1ADF1A887D7C00E6A224 /* SVProgressHUD.m */,
			);
			name = SVProgressHUD;
			path = submodule/SVProgressHUD/SVProgressHUD;
			sourceTree = SOURCE_ROOT;
		};
		3EB903C11A889FAB009CEBCB /* ViewController */ = {
			isa = PBXGroup;
			children = (
				3EB903C41A88ACDB009CEBCB /* Me */,
			);
			name = ViewController;
			sourceTree = "<group>";
		};
		3EB903C41A88ACDB009CEBCB /* Me */ = {
			isa = PBXGroup;
			children = (
				3EB903C21A88A047009CEBCB /* MeVC.swift */,
				3EB903C51A88ACF0009CEBCB /* LoginVC.swift */,
				3EB903C71A88BE10009CEBCB /* SignUpVC.swift */,
				3EFB48B81A8A60A10022708A /* MoreVC.swift */,
				3E0CB3941A8B8006005FCC93 /* AccountSetting.swift */,
			);
			name = Me;
			sourceTree = "<group>";
		};
		3EBCA8F71A8E383700D8951C /* Products */ = {
			isa = PBXGroup;
			children = (
				3EBCA9011A8E383800D8951C /* ReactiveCocoa.framework */,
				3EBCA9031A8E383800D8951C /* libReactiveCocoa-iOS.a */,
				3EBCA9051A8E383800D8951C /* ReactiveCocoaTests.octest */,
				3EBCA9071A8E383800D8951C /* ReactiveCocoaTests-iOS.octest */,
				3EBCA9091A8E383800D8951C /* ReactiveCocoa-iOS-UIKitTestHost.app */,
				3EBCA90B1A8E383800D8951C /* ReactiveCocoa-iOS-UIKitTestHostTests.octest */,
				3EBCA90D1A8E383800D8951C /* libReactiveCocoa-Mac.a */,
			);
			name = Products;
			sourceTree = "<group>";
		};
		3EDC78421A890F4200EC410A /* Extension */ = {
			isa = PBXGroup;
			children = (
				3E7C1D0F1A89D26F00424C14 /* RAC.swift */,
				3E7C1D111A89E09200424C14 /* MD5.swift */,
			);
			name = Extension;
			sourceTree = "<group>";
		};
		3EE7E2161A8A506A00188641 /* Services */ = {
			isa = PBXGroup;
			children = (
				3EB903C91A88D707009CEBCB /* WebServicesHandler.swift */,
				3EFB48B61A8A5E4D0022708A /* UserProfileService.swift */,
			);
			name = Services;
			sourceTree = "<group>";
		};
		3EFB48B31A8A55060022708A /* Model */ = {
			isa = PBXGroup;
			children = (
				3EFB48B41A8A57B40022708A /* UserProfile.swift */,
			);
			name = Model;
			sourceTree = "<group>";
		};
		3EFB48BA1A8A62170022708A /* Common */ = {
			isa = PBXGroup;
			children = (
			);
			name = Common;
			sourceTree = "<group>";
		};
/* End PBXGroup section */

/* Begin PBXNativeTarget section */
		3E7A1A4F1A8875B100E6A224 /* BirthdayCircle */ = {
			isa = PBXNativeTarget;
			buildConfigurationList = 3E7A1A6F1A8875B100E6A224 /* Build configuration list for PBXNativeTarget "BirthdayCircle" */;
			buildPhases = (
				3E7A1A4C1A8875B100E6A224 /* Sources */,
				3E7A1A4D1A8875B100E6A224 /* Frameworks */,
				3E7A1A4E1A8875B100E6A224 /* Resources */,
			);
			buildRules = (
			);
			dependencies = (
				3EBCA90F1A8E384400D8951C /* PBXTargetDependency */,
			);
			name = BirthdayCircle;
			productName = BirthdayCircle;
			productReference = 3E7A1A501A8875B100E6A224 /* BirthdayCircle.app */;
			productType = "com.apple.product-type.application";
		};
		3E7A1A641A8875B100E6A224 /* BirthdayCircleTests */ = {
			isa = PBXNativeTarget;
			buildConfigurationList = 3E7A1A721A8875B100E6A224 /* Build configuration list for PBXNativeTarget "BirthdayCircleTests" */;
			buildPhases = (
				3E7A1A611A8875B100E6A224 /* Sources */,
				3E7A1A621A8875B100E6A224 /* Frameworks */,
				3E7A1A631A8875B100E6A224 /* Resources */,
			);
			buildRules = (
			);
			dependencies = (
				3E7A1A671A8875B100E6A224 /* PBXTargetDependency */,
			);
			name = BirthdayCircleTests;
			productName = BirthdayCircleTests;
			productReference = 3E7A1A651A8875B100E6A224 /* BirthdayCircleTests.xctest */;
			productType = "com.apple.product-type.bundle.unit-test";
		};
/* End PBXNativeTarget section */

/* Begin PBXProject section */
		3E7A1A481A8875B100E6A224 /* Project object */ = {
			isa = PBXProject;
			attributes = {
				LastUpgradeCheck = 0610;
				ORGANIZATIONNAME = Lin;
				TargetAttributes = {
					3E7A1A4F1A8875B100E6A224 = {
						CreatedOnToolsVersion = 6.1.1;
					};
					3E7A1A641A8875B100E6A224 = {
						CreatedOnToolsVersion = 6.1.1;
						TestTargetID = 3E7A1A4F1A8875B100E6A224;
					};
				};
			};
			buildConfigurationList = 3E7A1A4B1A8875B100E6A224 /* Build configuration list for PBXProject "BirthdayCircle" */;
			compatibilityVersion = "Xcode 3.2";
			developmentRegion = English;
			hasScannedForEncodings = 0;
			knownRegions = (
				en,
				Base,
			);
			mainGroup = 3E7A1A471A8875B100E6A224;
			productRefGroup = 3E7A1A511A8875B100E6A224 /* Products */;
			projectDirPath = "";
			projectReferences = (
				{
					ProductGroup = 3EBCA8F71A8E383700D8951C /* Products */;
					ProjectRef = 3EBCA8F61A8E383700D8951C /* ReactiveCocoa.xcodeproj */;
				},
			);
			projectRoot = "";
			targets = (
				3E7A1A4F1A8875B100E6A224 /* BirthdayCircle */,
				3E7A1A641A8875B100E6A224 /* BirthdayCircleTests */,
			);
		};
/* End PBXProject section */

/* Begin PBXReferenceProxy section */
		3EBCA9011A8E383800D8951C /* ReactiveCocoa.framework */ = {
			isa = PBXReferenceProxy;
			fileType = wrapper.framework;
			path = ReactiveCocoa.framework;
			remoteRef = 3EBCA9001A8E383800D8951C /* PBXContainerItemProxy */;
			sourceTree = BUILT_PRODUCTS_DIR;
		};
		3EBCA9031A8E383800D8951C /* libReactiveCocoa-iOS.a */ = {
			isa = PBXReferenceProxy;
			fileType = archive.ar;
			path = "libReactiveCocoa-iOS.a";
			remoteRef = 3EBCA9021A8E383800D8951C /* PBXContainerItemProxy */;
			sourceTree = BUILT_PRODUCTS_DIR;
		};
		3EBCA9051A8E383800D8951C /* ReactiveCocoaTests.octest */ = {
			isa = PBXReferenceProxy;
			fileType = wrapper.cfbundle;
			path = ReactiveCocoaTests.octest;
			remoteRef = 3EBCA9041A8E383800D8951C /* PBXContainerItemProxy */;
			sourceTree = BUILT_PRODUCTS_DIR;
		};
		3EBCA9071A8E383800D8951C /* ReactiveCocoaTests-iOS.octest */ = {
			isa = PBXReferenceProxy;
			fileType = wrapper.cfbundle;
			path = "ReactiveCocoaTests-iOS.octest";
			remoteRef = 3EBCA9061A8E383800D8951C /* PBXContainerItemProxy */;
			sourceTree = BUILT_PRODUCTS_DIR;
		};
		3EBCA9091A8E383800D8951C /* ReactiveCocoa-iOS-UIKitTestHost.app */ = {
			isa = PBXReferenceProxy;
			fileType = wrapper.application;
			path = "ReactiveCocoa-iOS-UIKitTestHost.app";
			remoteRef = 3EBCA9081A8E383800D8951C /* PBXContainerItemProxy */;
			sourceTree = BUILT_PRODUCTS_DIR;
		};
		3EBCA90B1A8E383800D8951C /* ReactiveCocoa-iOS-UIKitTestHostTests.octest */ = {
			isa = PBXReferenceProxy;
			fileType = wrapper.cfbundle;
			path = "ReactiveCocoa-iOS-UIKitTestHostTests.octest";
			remoteRef = 3EBCA90A1A8E383800D8951C /* PBXContainerItemProxy */;
			sourceTree = BUILT_PRODUCTS_DIR;
		};
		3EBCA90D1A8E383800D8951C /* libReactiveCocoa-Mac.a */ = {
			isa = PBXReferenceProxy;
			fileType = archive.ar;
			path = "libReactiveCocoa-Mac.a";
			remoteRef = 3EBCA90C1A8E383800D8951C /* PBXContainerItemProxy */;
			sourceTree = BUILT_PRODUCTS_DIR;
		};
/* End PBXReferenceProxy section */

/* Begin PBXResourcesBuildPhase section */
		3E7A1A4E1A8875B100E6A224 /* Resources */ = {
			isa = PBXResourcesBuildPhase;
			buildActionMask = 2147483647;
			files = (
				3E7A1AE11A887D7C00E6A224 /* SVProgressHUD.bundle in Resources */,
				3E7A1A9B1A887CBC00E6A224 /* Info.plist in Resources */,
				3E7A1A5B1A8875B100E6A224 /* Main.storyboard in Resources */,
				3E7A1A601A8875B100E6A224 /* LaunchScreen.xib in Resources */,
				3E7A1A5D1A8875B100E6A224 /* Images.xcassets in Resources */,
				3E7C1CF31A89D14B00424C14 /* Info.plist in Resources */,
			);
			runOnlyForDeploymentPostprocessing = 0;
		};
		3E7A1A631A8875B100E6A224 /* Resources */ = {
			isa = PBXResourcesBuildPhase;
			buildActionMask = 2147483647;
			files = (
			);
			runOnlyForDeploymentPostprocessing = 0;
		};
/* End PBXResourcesBuildPhase section */

/* Begin PBXSourcesBuildPhase section */
		3E7A1A4C1A8875B100E6A224 /* Sources */ = {
			isa = PBXSourcesBuildPhase;
			buildActionMask = 2147483647;
			files = (
				3E27C0601A8B47CB00FFB975 /* XLFormOptionsViewController.m in Sources */,
				3E27C0561A8B47CB00FFB975 /* XLFormLeftRightSelectorCell.m in Sources */,
				3E7A1AD01A887CDF00E6A224 /* UIImage+GIF.m in Sources */,
				3E27C05C1A8B47CB00FFB975 /* XLFormSwitchCell.m in Sources */,
				3E7A1A991A887CBC00E6A224 /* Expression.swift in Sources */,
				3E27C06C1A8B47CB00FFB975 /* XLFormValidationStatus.m in Sources */,
				3EB903C61A88ACF0009CEBCB /* LoginVC.swift in Sources */,
				3E27C0531A8B47CB00FFB975 /* XLFormDateCell.m in Sources */,
				3E7A1A971A887CBC00E6A224 /* Edge.swift in Sources */,
				3E7A1AA31A887CBC00E6A224 /* ViewUtils.swift in Sources */,
				3E7A1AA01A887CBC00E6A224 /* Property.swift in Sources */,
				3E27C06A1A8B47CB00FFB975 /* XLFormTextView.m in Sources */,
				3E27C0641A8B47CB00FFB975 /* XLFormSectionDescriptor.m in Sources */,
				3E27C0591A8B47CB00FFB975 /* XLFormSelectorCell.m in Sources */,
				3E7A1A9C1A887CBC00E6A224 /* Layout.swift in Sources */,
				3E7A1ACF1A887CDF00E6A224 /* UIButton+WebCache.m in Sources */,
				3E7A1A911A887CBC00E6A224 /* Coefficients.swift in Sources */,
				3E7A1AD11A887CDF00E6A224 /* UIImage+MultiFormat.m in Sources */,
				3E7A1AA21A887CBC00E6A224 /* View.swift in Sources */,
				3E27C0661A8B47CB00FFB975 /* NSObject+XLFormAdditions.m in Sources */,
				3E27C0051A8B3FD000FFB975 /* ZFRippleButton.swift in Sources */,
				3E27C0521A8B47CB00FFB975 /* XLFormCheckCell.m in Sources */,
				3E7A1ACA1A887CDF00E6A224 /* SDWebImageDecoder.m in Sources */,
				3E7A1A981A887CBC00E6A224 /* Edges.swift in Sources */,
				3EB903C81A88BE10009CEBCB /* SignUpVC.swift in Sources */,
				3E7A1AD41A887CDF00E6A224 /* UIImageView+WebCache.m in Sources */,
				3E27C06D1A8B47CB00FFB975 /* XLFormValidator.m in Sources */,
				3E27C0541A8B47CB00FFB975 /* XLFormDatePickerCell.m in Sources */,
				3E7C1D101A89D26F00424C14 /* RAC.swift in Sources */,
				3E27C0611A8B47CB00FFB975 /* XLFormViewController.m in Sources */,
				3E27C05B1A8B47CB00FFB975 /* XLFormStepCounterCell.m in Sources */,
				3E7A1A7B1A887CAB00E6A224 /* Async.swift in Sources */,
				3E27C05A1A8B47CB00FFB975 /* XLFormSliderCell.m in Sources */,
				3E7A1A941A887CBC00E6A224 /* ConstraintGroup.swift in Sources */,
				3E7A1AC71A887CDF00E6A224 /* NSData+ImageContentType.m in Sources */,
				3E27C0621A8B47CB00FFB975 /* XLFormDescriptor.m in Sources */,
				3E7A1ACB1A887CDF00E6A224 /* SDWebImageDownloader.m in Sources */,
				3EFB48B71A8A5E4D0022708A /* UserProfileService.swift in Sources */,
				3E7A1A9E1A887CBC00E6A224 /* Point.swift in Sources */,
				3E27C05F1A8B47CB00FFB975 /* XLFormOptionsObject.m in Sources */,
				3E7A1A931A887CBC00E6A224 /* Constraint.swift in Sources */,
				3E27C0671A8B47CB00FFB975 /* UIView+XLFormAdditions.m in Sources */,
				3E27C0501A8B47CB00FFB975 /* XLFormBaseCell.m in Sources */,
				3E27C0511A8B47CB00FFB975 /* XLFormButtonCell.m in Sources */,
				3E7A1AD31A887CDF00E6A224 /* UIImageView+HighlightedWebCache.m in Sources */,
				3E7A1A781A887C8D00E6A224 /* Alamofire.swift in Sources */,
				3E7A1A951A887CBC00E6A224 /* Context.swift in Sources */,
				3E27C05E1A8B47CB00FFB975 /* XLFormTextViewCell.m in Sources */,
				3E7A1AE21A887D7C00E6A224 /* SVProgressHUD.m in Sources */,
				3E7A1A921A887CBC00E6A224 /* Compound.swift in Sources */,
				3E7A1AD81A887D5600E6A224 /* SwiftyJSON.swift in Sources */,
				3E7A1AD51A887CDF00E6A224 /* UIView+WebCacheOperation.m in Sources */,
				3E7A1AC91A887CDF00E6A224 /* SDWebImageCompat.m in Sources */,
				3E7A1A9D1A887CBC00E6A224 /* LayoutProxy.swift in Sources */,
				3E7A1AC61A887CDF00E6A224 /* MKAnnotationView+WebCache.m in Sources */,
				3E27C06E1A8B47CB00FFB975 /* XLForm.m in Sources */,
				3E7A1A961A887CBC00E6A224 /* Dimension.swift in Sources */,
				3E7A1AA11A887CBC00E6A224 /* Size.swift in Sources */,
				3E7A1ACE1A887CDF00E6A224 /* SDWebImagePrefetcher.m in Sources */,
				3EB903C31A88A047009CEBCB /* MeVC.swift in Sources */,
				3E7A1A561A8875B100E6A224 /* AppDelegate.swift in Sources */,
				3E27C05D1A8B47CB00FFB975 /* XLFormTextFieldCell.m in Sources */,
				3E27C0571A8B47CB00FFB975 /* XLFormPickerCell.m in Sources */,
				3E27C06B1A8B47CB00FFB975 /* XLFormRegexValidator.m in Sources */,
				3E7A1ACC1A887CDF00E6A224 /* SDWebImageDownloaderOperation.m in Sources */,
				3E7C1D121A89E09200424C14 /* MD5.swift in Sources */,
				3E7A1A9A1A887CBC00E6A224 /* Extensions.swift in Sources */,
				3E7A1AE01A887D7C00E6A224 /* SVIndefiniteAnimatedView.m in Sources */,
				3E7A1ACD1A887CDF00E6A224 /* SDWebImageManager.m in Sources */,
				3EFB48B51A8A57B40022708A /* UserProfile.swift in Sources */,
				3EFB48B91A8A60A10022708A /* MoreVC.swift in Sources */,
				3E7A1AD21A887CDF00E6A224 /* UIImage+WebP.m in Sources */,
				3E27C0581A8B47CB00FFB975 /* XLFormSegmentedCell.m in Sources */,
				3E7A1A9F1A887CBC00E6A224 /* Priority.swift in Sources */,
				3E0CB3951A8B8006005FCC93 /* AccountSetting.swift in Sources */,
				3E27C0551A8B47CB00FFB975 /* XLFormInlineSelectorCell.m in Sources */,
				3E27C0681A8B47CB00FFB975 /* XLFormRightDetailCell.m in Sources */,
				3E7A1AC81A887CDF00E6A224 /* SDImageCache.m in Sources */,
				3E27C0691A8B47CB00FFB975 /* XLFormRightImageButton.m in Sources */,
				3EB903CA1A88D707009CEBCB /* WebServicesHandler.swift in Sources */,
				3E27C0651A8B47CB00FFB975 /* NSArray+XLFormAdditions.m in Sources */,
				3E27C0631A8B47CB00FFB975 /* XLFormRowDescriptor.m in Sources */,
			);
			runOnlyForDeploymentPostprocessing = 0;
		};
		3E7A1A611A8875B100E6A224 /* Sources */ = {
			isa = PBXSourcesBuildPhase;
			buildActionMask = 2147483647;
			files = (
				3E7A1A6C1A8875B100E6A224 /* BirthdayCircleTests.swift in Sources */,
			);
			runOnlyForDeploymentPostprocessing = 0;
		};
/* End PBXSourcesBuildPhase section */

/* Begin PBXTargetDependency section */
		3E7A1A671A8875B100E6A224 /* PBXTargetDependency */ = {
			isa = PBXTargetDependency;
			target = 3E7A1A4F1A8875B100E6A224 /* BirthdayCircle */;
			targetProxy = 3E7A1A661A8875B100E6A224 /* PBXContainerItemProxy */;
		};
		3EBCA90F1A8E384400D8951C /* PBXTargetDependency */ = {
			isa = PBXTargetDependency;
			name = "ReactiveCocoa-iOS";
			targetProxy = 3EBCA90E1A8E384400D8951C /* PBXContainerItemProxy */;
		};
/* End PBXTargetDependency section */

/* Begin PBXVariantGroup section */
		3E7A1A591A8875B100E6A224 /* Main.storyboard */ = {
			isa = PBXVariantGroup;
			children = (
				3E7A1A5A1A8875B100E6A224 /* Base */,
			);
			name = Main.storyboard;
			sourceTree = "<group>";
		};
		3E7A1A5E1A8875B100E6A224 /* LaunchScreen.xib */ = {
			isa = PBXVariantGroup;
			children = (
				3E7A1A5F1A8875B100E6A224 /* Base */,
			);
			name = LaunchScreen.xib;
			sourceTree = "<group>";
		};
/* End PBXVariantGroup section */

/* Begin XCBuildConfiguration section */
		3E7A1A6D1A8875B100E6A224 /* Debug */ = {
			isa = XCBuildConfiguration;
			buildSettings = {
				ALWAYS_SEARCH_USER_PATHS = NO;
				CLANG_CXX_LANGUAGE_STANDARD = "gnu++0x";
				CLANG_CXX_LIBRARY = "libc++";
				CLANG_ENABLE_MODULES = YES;
				CLANG_ENABLE_OBJC_ARC = YES;
				CLANG_WARN_BOOL_CONVERSION = YES;
				CLANG_WARN_CONSTANT_CONVERSION = YES;
				CLANG_WARN_DIRECT_OBJC_ISA_USAGE = YES_ERROR;
				CLANG_WARN_EMPTY_BODY = YES;
				CLANG_WARN_ENUM_CONVERSION = YES;
				CLANG_WARN_INT_CONVERSION = YES;
				CLANG_WARN_OBJC_ROOT_CLASS = YES_ERROR;
				CLANG_WARN_UNREACHABLE_CODE = YES;
				CLANG_WARN__DUPLICATE_METHOD_MATCH = YES;
				"CODE_SIGN_IDENTITY[sdk=iphoneos*]" = "iPhone Developer";
				COPY_PHASE_STRIP = NO;
				ENABLE_STRICT_OBJC_MSGSEND = YES;
				GCC_C_LANGUAGE_STANDARD = gnu99;
				GCC_DYNAMIC_NO_PIC = NO;
				GCC_OPTIMIZATION_LEVEL = 0;
				GCC_PREPROCESSOR_DEFINITIONS = (
					"DEBUG=1",
					"$(inherited)",
				);
				GCC_SYMBOLS_PRIVATE_EXTERN = NO;
				GCC_WARN_64_TO_32_BIT_CONVERSION = YES;
				GCC_WARN_ABOUT_RETURN_TYPE = YES_ERROR;
				GCC_WARN_UNDECLARED_SELECTOR = YES;
				GCC_WARN_UNINITIALIZED_AUTOS = YES_AGGRESSIVE;
				GCC_WARN_UNUSED_FUNCTION = YES;
				GCC_WARN_UNUSED_VARIABLE = YES;
				IPHONEOS_DEPLOYMENT_TARGET = 8.1;
				MTL_ENABLE_DEBUG_INFO = YES;
				ONLY_ACTIVE_ARCH = YES;
				SDKROOT = iphoneos;
				SWIFT_OPTIMIZATION_LEVEL = "-Onone";
				TARGETED_DEVICE_FAMILY = "1,2";
			};
			name = Debug;
		};
		3E7A1A6E1A8875B100E6A224 /* Release */ = {
			isa = XCBuildConfiguration;
			buildSettings = {
				ALWAYS_SEARCH_USER_PATHS = NO;
				CLANG_CXX_LANGUAGE_STANDARD = "gnu++0x";
				CLANG_CXX_LIBRARY = "libc++";
				CLANG_ENABLE_MODULES = YES;
				CLANG_ENABLE_OBJC_ARC = YES;
				CLANG_WARN_BOOL_CONVERSION = YES;
				CLANG_WARN_CONSTANT_CONVERSION = YES;
				CLANG_WARN_DIRECT_OBJC_ISA_USAGE = YES_ERROR;
				CLANG_WARN_EMPTY_BODY = YES;
				CLANG_WARN_ENUM_CONVERSION = YES;
				CLANG_WARN_INT_CONVERSION = YES;
				CLANG_WARN_OBJC_ROOT_CLASS = YES_ERROR;
				CLANG_WARN_UNREACHABLE_CODE = YES;
				CLANG_WARN__DUPLICATE_METHOD_MATCH = YES;
				"CODE_SIGN_IDENTITY[sdk=iphoneos*]" = "iPhone Developer";
				COPY_PHASE_STRIP = YES;
				ENABLE_NS_ASSERTIONS = NO;
				ENABLE_STRICT_OBJC_MSGSEND = YES;
				GCC_C_LANGUAGE_STANDARD = gnu99;
				GCC_WARN_64_TO_32_BIT_CONVERSION = YES;
				GCC_WARN_ABOUT_RETURN_TYPE = YES_ERROR;
				GCC_WARN_UNDECLARED_SELECTOR = YES;
				GCC_WARN_UNINITIALIZED_AUTOS = YES_AGGRESSIVE;
				GCC_WARN_UNUSED_FUNCTION = YES;
				GCC_WARN_UNUSED_VARIABLE = YES;
				IPHONEOS_DEPLOYMENT_TARGET = 8.1;
				MTL_ENABLE_DEBUG_INFO = NO;
				SDKROOT = iphoneos;
				TARGETED_DEVICE_FAMILY = "1,2";
				VALIDATE_PRODUCT = YES;
			};
			name = Release;
		};
		3E7A1A701A8875B100E6A224 /* Debug */ = {
			isa = XCBuildConfiguration;
			buildSettings = {
				ASSETCATALOG_COMPILER_APPICON_NAME = AppIcon;
				HEADER_SEARCH_PATHS = (
					"$(inherited)",
					/Applications/Xcode.app/Contents/Developer/Toolchains/XcodeDefault.xctoolchain/usr/include,
					"\"$(BUILD_ROOT)/../IntermediateBuildFilesPath/UninstalledProducts/include\"",
					"$(inherited)",
				);
				INFOPLIST_FILE = BirthdayCircle/Info.plist;
				IPHONEOS_DEPLOYMENT_TARGET = 7.0;
				LD_RUNPATH_SEARCH_PATHS = "$(inherited) @executable_path/Frameworks";
				OTHER_LDFLAGS = "-ObjC";
				PRODUCT_NAME = "$(TARGET_NAME)";
				SWIFT_OBJC_BRIDGING_HEADER = "BirthdayCircle/BirthdayCircle-Bridging-Header.h";
			};
			name = Debug;
		};
		3E7A1A711A8875B100E6A224 /* Release */ = {
			isa = XCBuildConfiguration;
			buildSettings = {
				ASSETCATALOG_COMPILER_APPICON_NAME = AppIcon;
				HEADER_SEARCH_PATHS = (
					"$(inherited)",
					/Applications/Xcode.app/Contents/Developer/Toolchains/XcodeDefault.xctoolchain/usr/include,
					"\"$(BUILD_ROOT)/../IntermediateBuildFilesPath/UninstalledProducts/include\"",
					"$(inherited)",
				);
				INFOPLIST_FILE = BirthdayCircle/Info.plist;
				IPHONEOS_DEPLOYMENT_TARGET = 7.0;
				LD_RUNPATH_SEARCH_PATHS = "$(inherited) @executable_path/Frameworks";
				OTHER_LDFLAGS = "-ObjC";
				PRODUCT_NAME = "$(TARGET_NAME)";
				SWIFT_OBJC_BRIDGING_HEADER = "BirthdayCircle/BirthdayCircle-Bridging-Header.h";
			};
			name = Release;
		};
		3E7A1A731A8875B100E6A224 /* Debug */ = {
			isa = XCBuildConfiguration;
			buildSettings = {
				BUNDLE_LOADER = "$(TEST_HOST)";
				FRAMEWORK_SEARCH_PATHS = (
					"$(SDKROOT)/Developer/Library/Frameworks",
					"$(inherited)",
				);
				GCC_PREPROCESSOR_DEFINITIONS = (
					"DEBUG=1",
					"$(inherited)",
				);
				INFOPLIST_FILE = BirthdayCircleTests/Info.plist;
				LD_RUNPATH_SEARCH_PATHS = "$(inherited) @executable_path/Frameworks @loader_path/Frameworks";
				PRODUCT_NAME = "$(TARGET_NAME)";
				TEST_HOST = "$(BUILT_PRODUCTS_DIR)/BirthdayCircle.app/BirthdayCircle";
			};
			name = Debug;
		};
		3E7A1A741A8875B100E6A224 /* Release */ = {
			isa = XCBuildConfiguration;
			buildSettings = {
				BUNDLE_LOADER = "$(TEST_HOST)";
				FRAMEWORK_SEARCH_PATHS = (
					"$(SDKROOT)/Developer/Library/Frameworks",
					"$(inherited)",
				);
				INFOPLIST_FILE = BirthdayCircleTests/Info.plist;
				LD_RUNPATH_SEARCH_PATHS = "$(inherited) @executable_path/Frameworks @loader_path/Frameworks";
				PRODUCT_NAME = "$(TARGET_NAME)";
				TEST_HOST = "$(BUILT_PRODUCTS_DIR)/BirthdayCircle.app/BirthdayCircle";
			};
			name = Release;
		};
/* End XCBuildConfiguration section */

/* Begin XCConfigurationList section */
		3E7A1A4B1A8875B100E6A224 /* Build configuration list for PBXProject "BirthdayCircle" */ = {
			isa = XCConfigurationList;
			buildConfigurations = (
				3E7A1A6D1A8875B100E6A224 /* Debug */,
				3E7A1A6E1A8875B100E6A224 /* Release */,
			);
			defaultConfigurationIsVisible = 0;
			defaultConfigurationName = Release;
		};
		3E7A1A6F1A8875B100E6A224 /* Build configuration list for PBXNativeTarget "BirthdayCircle" */ = {
			isa = XCConfigurationList;
			buildConfigurations = (
				3E7A1A701A8875B100E6A224 /* Debug */,
				3E7A1A711A8875B100E6A224 /* Release */,
			);
			defaultConfigurationIsVisible = 0;
			defaultConfigurationName = Release;
		};
		3E7A1A721A8875B100E6A224 /* Build configuration list for PBXNativeTarget "BirthdayCircleTests" */ = {
			isa = XCConfigurationList;
			buildConfigurations = (
				3E7A1A731A8875B100E6A224 /* Debug */,
				3E7A1A741A8875B100E6A224 /* Release */,
			);
			defaultConfigurationIsVisible = 0;
			defaultConfigurationName = Release;
		};
/* End XCConfigurationList section */
	};
	rootObject = 3E7A1A481A8875B100E6A224 /* Project object */;
}
