// !$*UTF8*$!
{
	archiveVersion = 1;
	classes = {
	};
	objectVersion = 46;
	objects = {

/* Begin PBXBuildFile section */
		3E0B25B41A986B2200E2A9D8 /* BirthdayBookVC.swift in Sources */ = {isa = PBXBuildFile; fileRef = 3E0B25B31A986B2200E2A9D8 /* BirthdayBookVC.swift */; };
		3E0CB3951A8B8006005FCC93 /* AccountSettingVC.swift in Sources */ = {isa = PBXBuildFile; fileRef = 3E0CB3941A8B8006005FCC93 /* AccountSettingVC.swift */; };
		3E10BAD81A8F4C1700A22188 /* UpdateProfileVC.swift in Sources */ = {isa = PBXBuildFile; fileRef = 3E10BAD71A8F4C1700A22188 /* UpdateProfileVC.swift */; };
		3E10BAE11A8F64D300A22188 /* UpdateAvatarCell.swift in Sources */ = {isa = PBXBuildFile; fileRef = 3E10BAE01A8F64D300A22188 /* UpdateAvatarCell.swift */; };
		3E10BAE71A8F885000A22188 /* InputNameVC.swift in Sources */ = {isa = PBXBuildFile; fileRef = 3E10BAE61A8F885000A22188 /* InputNameVC.swift */; };
		3E27C0051A8B3FD000FFB975 /* ZFRippleButton.swift in Sources */ = {isa = PBXBuildFile; fileRef = 3E27C0041A8B3FD000FFB975 /* ZFRippleButton.swift */; };
		3E66408A1A907E7900E60DB6 /* CitySelectorCell.swift in Sources */ = {isa = PBXBuildFile; fileRef = 3E6640891A907E7900E60DB6 /* CitySelectorCell.swift */; };
		3E7A1A561A8875B100E6A224 /* AppDelegate.swift in Sources */ = {isa = PBXBuildFile; fileRef = 3E7A1A551A8875B100E6A224 /* AppDelegate.swift */; };
		3E7A1A5B1A8875B100E6A224 /* Main.storyboard in Resources */ = {isa = PBXBuildFile; fileRef = 3E7A1A591A8875B100E6A224 /* Main.storyboard */; };
		3E7A1A5D1A8875B100E6A224 /* Images.xcassets in Resources */ = {isa = PBXBuildFile; fileRef = 3E7A1A5C1A8875B100E6A224 /* Images.xcassets */; };
		3E7A1A601A8875B100E6A224 /* LaunchScreen.xib in Resources */ = {isa = PBXBuildFile; fileRef = 3E7A1A5E1A8875B100E6A224 /* LaunchScreen.xib */; };
		3E7A1A6C1A8875B100E6A224 /* BirthdayCircleTests.swift in Sources */ = {isa = PBXBuildFile; fileRef = 3E7A1A6B1A8875B100E6A224 /* BirthdayCircleTests.swift */; };
		3E7A1A781A887C8D00E6A224 /* Alamofire.swift in Sources */ = {isa = PBXBuildFile; fileRef = 3E7A1A771A887C8D00E6A224 /* Alamofire.swift */; };
		3E7A1A7B1A887CAB00E6A224 /* Async.swift in Sources */ = {isa = PBXBuildFile; fileRef = 3E7A1A7A1A887CAB00E6A224 /* Async.swift */; };
		3E7A1A911A887CBC00E6A224 /* Coefficients.swift in Sources */ = {isa = PBXBuildFile; fileRef = 3E7A1A7E1A887CBC00E6A224 /* Coefficients.swift */; };
		3E7A1A921A887CBC00E6A224 /* Compound.swift in Sources */ = {isa = PBXBuildFile; fileRef = 3E7A1A7F1A887CBC00E6A224 /* Compound.swift */; };
		3E7A1A931A887CBC00E6A224 /* Constraint.swift in Sources */ = {isa = PBXBuildFile; fileRef = 3E7A1A801A887CBC00E6A224 /* Constraint.swift */; };
		3E7A1A941A887CBC00E6A224 /* ConstraintGroup.swift in Sources */ = {isa = PBXBuildFile; fileRef = 3E7A1A811A887CBC00E6A224 /* ConstraintGroup.swift */; };
		3E7A1A951A887CBC00E6A224 /* Context.swift in Sources */ = {isa = PBXBuildFile; fileRef = 3E7A1A821A887CBC00E6A224 /* Context.swift */; };
		3E7A1A961A887CBC00E6A224 /* Dimension.swift in Sources */ = {isa = PBXBuildFile; fileRef = 3E7A1A831A887CBC00E6A224 /* Dimension.swift */; };
		3E7A1A971A887CBC00E6A224 /* Edge.swift in Sources */ = {isa = PBXBuildFile; fileRef = 3E7A1A841A887CBC00E6A224 /* Edge.swift */; };
		3E7A1A981A887CBC00E6A224 /* Edges.swift in Sources */ = {isa = PBXBuildFile; fileRef = 3E7A1A851A887CBC00E6A224 /* Edges.swift */; };
		3E7A1A991A887CBC00E6A224 /* Expression.swift in Sources */ = {isa = PBXBuildFile; fileRef = 3E7A1A861A887CBC00E6A224 /* Expression.swift */; };
		3E7A1A9A1A887CBC00E6A224 /* Extensions.swift in Sources */ = {isa = PBXBuildFile; fileRef = 3E7A1A871A887CBC00E6A224 /* Extensions.swift */; };
		3E7A1A9B1A887CBC00E6A224 /* Info.plist in Resources */ = {isa = PBXBuildFile; fileRef = 3E7A1A881A887CBC00E6A224 /* Info.plist */; };
		3E7A1A9C1A887CBC00E6A224 /* Layout.swift in Sources */ = {isa = PBXBuildFile; fileRef = 3E7A1A891A887CBC00E6A224 /* Layout.swift */; };
		3E7A1A9D1A887CBC00E6A224 /* LayoutProxy.swift in Sources */ = {isa = PBXBuildFile; fileRef = 3E7A1A8A1A887CBC00E6A224 /* LayoutProxy.swift */; };
		3E7A1A9E1A887CBC00E6A224 /* Point.swift in Sources */ = {isa = PBXBuildFile; fileRef = 3E7A1A8B1A887CBC00E6A224 /* Point.swift */; };
		3E7A1A9F1A887CBC00E6A224 /* Priority.swift in Sources */ = {isa = PBXBuildFile; fileRef = 3E7A1A8C1A887CBC00E6A224 /* Priority.swift */; };
		3E7A1AA01A887CBC00E6A224 /* Property.swift in Sources */ = {isa = PBXBuildFile; fileRef = 3E7A1A8D1A887CBC00E6A224 /* Property.swift */; };
		3E7A1AA11A887CBC00E6A224 /* Size.swift in Sources */ = {isa = PBXBuildFile; fileRef = 3E7A1A8E1A887CBC00E6A224 /* Size.swift */; };
		3E7A1AA21A887CBC00E6A224 /* View.swift in Sources */ = {isa = PBXBuildFile; fileRef = 3E7A1A8F1A887CBC00E6A224 /* View.swift */; };
		3E7A1AA31A887CBC00E6A224 /* ViewUtils.swift in Sources */ = {isa = PBXBuildFile; fileRef = 3E7A1A901A887CBC00E6A224 /* ViewUtils.swift */; };
		3E7A1AD81A887D5600E6A224 /* SwiftyJSON.swift in Sources */ = {isa = PBXBuildFile; fileRef = 3E7A1AD71A887D5600E6A224 /* SwiftyJSON.swift */; };
		3E7C1CF31A89D14B00424C14 /* Info.plist in Resources */ = {isa = PBXBuildFile; fileRef = 3E7C1CF21A89D14B00424C14 /* Info.plist */; };
		3E7C1D101A89D26F00424C14 /* RAC.swift in Sources */ = {isa = PBXBuildFile; fileRef = 3E7C1D0F1A89D26F00424C14 /* RAC.swift */; };
		3E7C1D121A89E09200424C14 /* MD5.swift in Sources */ = {isa = PBXBuildFile; fileRef = 3E7C1D111A89E09200424C14 /* MD5.swift */; };
		3EAAC4CF1A95A7C300BB6F5E /* MagicalImportFunctions.m in Sources */ = {isa = PBXBuildFile; fileRef = 3EAAC4931A95A7C300BB6F5E /* MagicalImportFunctions.m */; };
		3EAAC4D01A95A7C300BB6F5E /* NSAttributeDescription+MagicalDataImport.m in Sources */ = {isa = PBXBuildFile; fileRef = 3EAAC4951A95A7C300BB6F5E /* NSAttributeDescription+MagicalDataImport.m */; };
		3EAAC4D11A95A7C300BB6F5E /* NSEntityDescription+MagicalDataImport.m in Sources */ = {isa = PBXBuildFile; fileRef = 3EAAC4971A95A7C300BB6F5E /* NSEntityDescription+MagicalDataImport.m */; };
		3EAAC4D21A95A7C300BB6F5E /* NSNumber+MagicalDataImport.m in Sources */ = {isa = PBXBuildFile; fileRef = 3EAAC4991A95A7C300BB6F5E /* NSNumber+MagicalDataImport.m */; };
		3EAAC4D31A95A7C300BB6F5E /* NSObject+MagicalDataImport.m in Sources */ = {isa = PBXBuildFile; fileRef = 3EAAC49B1A95A7C300BB6F5E /* NSObject+MagicalDataImport.m */; };
		3EAAC4D41A95A7C300BB6F5E /* NSRelationshipDescription+MagicalDataImport.m in Sources */ = {isa = PBXBuildFile; fileRef = 3EAAC49D1A95A7C300BB6F5E /* NSRelationshipDescription+MagicalDataImport.m */; };
		3EAAC4D51A95A7C300BB6F5E /* NSString+MagicalDataImport.m in Sources */ = {isa = PBXBuildFile; fileRef = 3EAAC49F1A95A7C300BB6F5E /* NSString+MagicalDataImport.m */; };
		3EAAC4D61A95A7C300BB6F5E /* NSManagedObject+MagicalAggregation.m in Sources */ = {isa = PBXBuildFile; fileRef = 3EAAC4A21A95A7C300BB6F5E /* NSManagedObject+MagicalAggregation.m */; };
		3EAAC4D71A95A7C300BB6F5E /* NSManagedObject+MagicalDataImport.m in Sources */ = {isa = PBXBuildFile; fileRef = 3EAAC4A41A95A7C300BB6F5E /* NSManagedObject+MagicalDataImport.m */; };
		3EAAC4D81A95A7C300BB6F5E /* NSManagedObject+MagicalFinders.m in Sources */ = {isa = PBXBuildFile; fileRef = 3EAAC4A61A95A7C300BB6F5E /* NSManagedObject+MagicalFinders.m */; };
		3EAAC4D91A95A7C300BB6F5E /* NSManagedObject+MagicalRecord.m in Sources */ = {isa = PBXBuildFile; fileRef = 3EAAC4A81A95A7C300BB6F5E /* NSManagedObject+MagicalRecord.m */; };
		3EAAC4DA1A95A7C300BB6F5E /* NSManagedObject+MagicalRequests.m in Sources */ = {isa = PBXBuildFile; fileRef = 3EAAC4AA1A95A7C300BB6F5E /* NSManagedObject+MagicalRequests.m */; };
		3EAAC4DB1A95A7C300BB6F5E /* NSManagedObjectContext+MagicalChainSave.m in Sources */ = {isa = PBXBuildFile; fileRef = 3EAAC4AD1A95A7C300BB6F5E /* NSManagedObjectContext+MagicalChainSave.m */; };
		3EAAC4DC1A95A7C300BB6F5E /* NSManagedObjectContext+MagicalObserving.m in Sources */ = {isa = PBXBuildFile; fileRef = 3EAAC4AF1A95A7C300BB6F5E /* NSManagedObjectContext+MagicalObserving.m */; };
		3EAAC4DD1A95A7C300BB6F5E /* NSManagedObjectContext+MagicalRecord.m in Sources */ = {isa = PBXBuildFile; fileRef = 3EAAC4B11A95A7C300BB6F5E /* NSManagedObjectContext+MagicalRecord.m */; };
		3EAAC4DE1A95A7C300BB6F5E /* NSManagedObjectContext+MagicalSaves.m in Sources */ = {isa = PBXBuildFile; fileRef = 3EAAC4B31A95A7C300BB6F5E /* NSManagedObjectContext+MagicalSaves.m */; };
		3EAAC4DF1A95A7C300BB6F5E /* NSManagedObjectContext+MagicalThreading.m in Sources */ = {isa = PBXBuildFile; fileRef = 3EAAC4B51A95A7C300BB6F5E /* NSManagedObjectContext+MagicalThreading.m */; };
		3EAAC4E01A95A7C300BB6F5E /* NSManagedObjectModel+MagicalRecord.m in Sources */ = {isa = PBXBuildFile; fileRef = 3EAAC4B71A95A7C300BB6F5E /* NSManagedObjectModel+MagicalRecord.m */; };
		3EAAC4E11A95A7C300BB6F5E /* NSPersistentStore+MagicalRecord.m in Sources */ = {isa = PBXBuildFile; fileRef = 3EAAC4B91A95A7C300BB6F5E /* NSPersistentStore+MagicalRecord.m */; };
		3EAAC4E21A95A7C300BB6F5E /* NSPersistentStoreCoordinator+MagicalRecord.m in Sources */ = {isa = PBXBuildFile; fileRef = 3EAAC4BB1A95A7C300BB6F5E /* NSPersistentStoreCoordinator+MagicalRecord.m */; };
		3EAAC4E31A95A7C300BB6F5E /* MagicalRecord+Actions.m in Sources */ = {isa = PBXBuildFile; fileRef = 3EAAC4BE1A95A7C300BB6F5E /* MagicalRecord+Actions.m */; };
		3EAAC4E41A95A7C300BB6F5E /* MagicalRecord+ErrorHandling.m in Sources */ = {isa = PBXBuildFile; fileRef = 3EAAC4C01A95A7C300BB6F5E /* MagicalRecord+ErrorHandling.m */; };
		3EAAC4E51A95A7C300BB6F5E /* MagicalRecord+iCloud.m in Sources */ = {isa = PBXBuildFile; fileRef = 3EAAC4C21A95A7C300BB6F5E /* MagicalRecord+iCloud.m */; };
		3EAAC4E61A95A7C300BB6F5E /* MagicalRecord+Options.m in Sources */ = {isa = PBXBuildFile; fileRef = 3EAAC4C41A95A7C300BB6F5E /* MagicalRecord+Options.m */; };
		3EAAC4E71A95A7C300BB6F5E /* MagicalRecord+Setup.m in Sources */ = {isa = PBXBuildFile; fileRef = 3EAAC4C61A95A7C300BB6F5E /* MagicalRecord+Setup.m */; };
		3EAAC4E81A95A7C300BB6F5E /* MagicalRecord+ShorthandSupport.m in Sources */ = {isa = PBXBuildFile; fileRef = 3EAAC4C81A95A7C300BB6F5E /* MagicalRecord+ShorthandSupport.m */; };
		3EAAC4E91A95A7C300BB6F5E /* MagicalRecord.m in Sources */ = {isa = PBXBuildFile; fileRef = 3EAAC4CA1A95A7C300BB6F5E /* MagicalRecord.m */; };
		3EAAC5371A95A9B100BB6F5E /* area.plist in Resources */ = {isa = PBXBuildFile; fileRef = 3EAAC4EC1A95A9B100BB6F5E /* area.plist */; };
		3EAAC5381A95A9B100BB6F5E /* XLFormBaseCell.m in Sources */ = {isa = PBXBuildFile; fileRef = 3EAAC4EE1A95A9B100BB6F5E /* XLFormBaseCell.m */; };
		3EAAC5391A95A9B100BB6F5E /* XLFormButtonCell.m in Sources */ = {isa = PBXBuildFile; fileRef = 3EAAC4F01A95A9B100BB6F5E /* XLFormButtonCell.m */; };
		3EAAC53A1A95A9B100BB6F5E /* XLFormCheckCell.m in Sources */ = {isa = PBXBuildFile; fileRef = 3EAAC4F21A95A9B100BB6F5E /* XLFormCheckCell.m */; };
		3EAAC53B1A95A9B100BB6F5E /* XLFormCityPickerCell.m in Sources */ = {isa = PBXBuildFile; fileRef = 3EAAC4F41A95A9B100BB6F5E /* XLFormCityPickerCell.m */; };
		3EAAC53C1A95A9B100BB6F5E /* XLFormDateCell.m in Sources */ = {isa = PBXBuildFile; fileRef = 3EAAC4F61A95A9B100BB6F5E /* XLFormDateCell.m */; };
		3EAAC53D1A95A9B100BB6F5E /* XLFormDatePickerCell.m in Sources */ = {isa = PBXBuildFile; fileRef = 3EAAC4F81A95A9B100BB6F5E /* XLFormDatePickerCell.m */; };
		3EAAC53E1A95A9B100BB6F5E /* XLFormInlineSelectorCell.m in Sources */ = {isa = PBXBuildFile; fileRef = 3EAAC4FC1A95A9B100BB6F5E /* XLFormInlineSelectorCell.m */; };
		3EAAC53F1A95A9B100BB6F5E /* XLFormLeftRightSelectorCell.m in Sources */ = {isa = PBXBuildFile; fileRef = 3EAAC4FE1A95A9B100BB6F5E /* XLFormLeftRightSelectorCell.m */; };
		3EAAC5401A95A9B100BB6F5E /* XLFormPickerCell.m in Sources */ = {isa = PBXBuildFile; fileRef = 3EAAC5001A95A9B100BB6F5E /* XLFormPickerCell.m */; };
		3EAAC5411A95A9B100BB6F5E /* XLFormSegmentedCell.m in Sources */ = {isa = PBXBuildFile; fileRef = 3EAAC5021A95A9B100BB6F5E /* XLFormSegmentedCell.m */; };
		3EAAC5421A95A9B100BB6F5E /* XLFormSelectorCell.m in Sources */ = {isa = PBXBuildFile; fileRef = 3EAAC5041A95A9B100BB6F5E /* XLFormSelectorCell.m */; };
		3EAAC5431A95A9B100BB6F5E /* XLFormSliderCell.m in Sources */ = {isa = PBXBuildFile; fileRef = 3EAAC5061A95A9B100BB6F5E /* XLFormSliderCell.m */; };
		3EAAC5441A95A9B100BB6F5E /* XLFormStepCounterCell.m in Sources */ = {isa = PBXBuildFile; fileRef = 3EAAC5081A95A9B100BB6F5E /* XLFormStepCounterCell.m */; };
		3EAAC5451A95A9B100BB6F5E /* XLFormSwitchCell.m in Sources */ = {isa = PBXBuildFile; fileRef = 3EAAC50A1A95A9B100BB6F5E /* XLFormSwitchCell.m */; };
		3EAAC5461A95A9B100BB6F5E /* XLFormTextFieldCell.m in Sources */ = {isa = PBXBuildFile; fileRef = 3EAAC50C1A95A9B100BB6F5E /* XLFormTextFieldCell.m */; };
		3EAAC5471A95A9B100BB6F5E /* XLFormTextViewCell.m in Sources */ = {isa = PBXBuildFile; fileRef = 3EAAC50E1A95A9B100BB6F5E /* XLFormTextViewCell.m */; };
		3EAAC5481A95A9B100BB6F5E /* XLFormOptionsObject.m in Sources */ = {isa = PBXBuildFile; fileRef = 3EAAC5111A95A9B100BB6F5E /* XLFormOptionsObject.m */; };
		3EAAC5491A95A9B100BB6F5E /* XLFormOptionsViewController.m in Sources */ = {isa = PBXBuildFile; fileRef = 3EAAC5131A95A9B100BB6F5E /* XLFormOptionsViewController.m */; };
		3EAAC54A1A95A9B100BB6F5E /* XLFormViewController.m in Sources */ = {isa = PBXBuildFile; fileRef = 3EAAC5161A95A9B100BB6F5E /* XLFormViewController.m */; };
		3EAAC54B1A95A9B100BB6F5E /* XLFormDescriptor.m in Sources */ = {isa = PBXBuildFile; fileRef = 3EAAC5191A95A9B100BB6F5E /* XLFormDescriptor.m */; };
		3EAAC54C1A95A9B100BB6F5E /* XLFormRowDescriptor.m in Sources */ = {isa = PBXBuildFile; fileRef = 3EAAC51C1A95A9B100BB6F5E /* XLFormRowDescriptor.m */; };
		3EAAC54D1A95A9B100BB6F5E /* XLFormSectionDescriptor.m in Sources */ = {isa = PBXBuildFile; fileRef = 3EAAC51E1A95A9B100BB6F5E /* XLFormSectionDescriptor.m */; };
		3EAAC54E1A95A9B100BB6F5E /* NSArray+XLFormAdditions.m in Sources */ = {isa = PBXBuildFile; fileRef = 3EAAC5211A95A9B100BB6F5E /* NSArray+XLFormAdditions.m */; };
		3EAAC54F1A95A9B100BB6F5E /* NSObject+XLFormAdditions.m in Sources */ = {isa = PBXBuildFile; fileRef = 3EAAC5231A95A9B100BB6F5E /* NSObject+XLFormAdditions.m */; };
		3EAAC5501A95A9B100BB6F5E /* UIView+XLFormAdditions.m in Sources */ = {isa = PBXBuildFile; fileRef = 3EAAC5251A95A9B100BB6F5E /* UIView+XLFormAdditions.m */; };
		3EAAC5511A95A9B100BB6F5E /* XLFormRightDetailCell.m in Sources */ = {isa = PBXBuildFile; fileRef = 3EAAC5281A95A9B100BB6F5E /* XLFormRightDetailCell.m */; };
		3EAAC5521A95A9B100BB6F5E /* XLFormRightImageButton.m in Sources */ = {isa = PBXBuildFile; fileRef = 3EAAC52A1A95A9B100BB6F5E /* XLFormRightImageButton.m */; };
		3EAAC5531A95A9B100BB6F5E /* XLFormTextView.m in Sources */ = {isa = PBXBuildFile; fileRef = 3EAAC52C1A95A9B100BB6F5E /* XLFormTextView.m */; };
		3EAAC5541A95A9B100BB6F5E /* XLFormRegexValidator.m in Sources */ = {isa = PBXBuildFile; fileRef = 3EAAC52F1A95A9B100BB6F5E /* XLFormRegexValidator.m */; };
		3EAAC5551A95A9B100BB6F5E /* XLFormValidationStatus.m in Sources */ = {isa = PBXBuildFile; fileRef = 3EAAC5311A95A9B100BB6F5E /* XLFormValidationStatus.m */; };
		3EAAC5561A95A9B100BB6F5E /* XLFormValidator.m in Sources */ = {isa = PBXBuildFile; fileRef = 3EAAC5331A95A9B100BB6F5E /* XLFormValidator.m */; };
		3EAAC5571A95A9B100BB6F5E /* XLForm.m in Sources */ = {isa = PBXBuildFile; fileRef = 3EAAC5361A95A9B100BB6F5E /* XLForm.m */; };
		3EB903C31A88A047009CEBCB /* MeVC.swift in Sources */ = {isa = PBXBuildFile; fileRef = 3EB903C21A88A047009CEBCB /* MeVC.swift */; };
		3EB903C61A88ACF0009CEBCB /* LoginVC.swift in Sources */ = {isa = PBXBuildFile; fileRef = 3EB903C51A88ACF0009CEBCB /* LoginVC.swift */; };
		3EB903C81A88BE10009CEBCB /* SignUpVC.swift in Sources */ = {isa = PBXBuildFile; fileRef = 3EB903C71A88BE10009CEBCB /* SignUpVC.swift */; };
		3EB903CA1A88D707009CEBCB /* WebServicesHandler.swift in Sources */ = {isa = PBXBuildFile; fileRef = 3EB903C91A88D707009CEBCB /* WebServicesHandler.swift */; };
		3EBCA9121A8E400800D8951C /* Helper.swift in Sources */ = {isa = PBXBuildFile; fileRef = 3EBCA9111A8E400800D8951C /* Helper.swift */; };
		3EBCA9141A8E489400D8951C /* MeCell.swift in Sources */ = {isa = PBXBuildFile; fileRef = 3EBCA9131A8E489400D8951C /* MeCell.swift */; };
		3EBCA9161A8E529900D8951C /* XLFormRowDescriptorEx.swift in Sources */ = {isa = PBXBuildFile; fileRef = 3EBCA9151A8E529900D8951C /* XLFormRowDescriptorEx.swift */; };
		3ECBF7CD1A8F2D7F00AFA9AD /* Model.xcdatamodeld in Sources */ = {isa = PBXBuildFile; fileRef = 3ECBF7CB1A8F2D7F00AFA9AD /* Model.xcdatamodeld */; };
		3ED036161A950DC800579050 /* User.swift in Sources */ = {isa = PBXBuildFile; fileRef = 3ED036151A950DC800579050 /* User.swift */; };
		3EFB48B71A8A5E4D0022708A /* UserProfileService.swift in Sources */ = {isa = PBXBuildFile; fileRef = 3EFB48B61A8A5E4D0022708A /* UserProfileService.swift */; };
		3EFB48B91A8A60A10022708A /* MoreVC.swift in Sources */ = {isa = PBXBuildFile; fileRef = 3EFB48B81A8A60A10022708A /* MoreVC.swift */; };
		BBB47052C1987691FE1A8BE7 /* libPods.a in Frameworks */ = {isa = PBXBuildFile; fileRef = DAB06680A5F9DDC5139B140A /* libPods.a */; };
/* End PBXBuildFile section */

/* Begin PBXContainerItemProxy section */
		3E7A1A661A8875B100E6A224 /* PBXContainerItemProxy */ = {
			isa = PBXContainerItemProxy;
			containerPortal = 3E7A1A481A8875B100E6A224 /* Project object */;
			proxyType = 1;
			remoteGlobalIDString = 3E7A1A4F1A8875B100E6A224;
			remoteInfo = BirthdayCircle;
		};
/* End PBXContainerItemProxy section */

/* Begin PBXFileReference section */
		3E0B25B01A986A8300E2A9D8 /* zh-Hans */ = {isa = PBXFileReference; lastKnownFileType = text.plist.strings; name = "zh-Hans"; path = "zh-Hans.lproj/Main.strings"; sourceTree = "<group>"; };
		3E0B25B11A986A8300E2A9D8 /* zh-Hans */ = {isa = PBXFileReference; lastKnownFileType = text.plist.strings; name = "zh-Hans"; path = "zh-Hans.lproj/LaunchScreen.strings"; sourceTree = "<group>"; };
		3E0B25B31A986B2200E2A9D8 /* BirthdayBookVC.swift */ = {isa = PBXFileReference; fileEncoding = 4; lastKnownFileType = sourcecode.swift; path = BirthdayBookVC.swift; sourceTree = "<group>"; };
		3E0CB3941A8B8006005FCC93 /* AccountSettingVC.swift */ = {isa = PBXFileReference; fileEncoding = 4; lastKnownFileType = sourcecode.swift; path = AccountSettingVC.swift; sourceTree = "<group>"; };
		3E10BAD71A8F4C1700A22188 /* UpdateProfileVC.swift */ = {isa = PBXFileReference; fileEncoding = 4; lastKnownFileType = sourcecode.swift; path = UpdateProfileVC.swift; sourceTree = "<group>"; };
		3E10BAE01A8F64D300A22188 /* UpdateAvatarCell.swift */ = {isa = PBXFileReference; fileEncoding = 4; lastKnownFileType = sourcecode.swift; path = UpdateAvatarCell.swift; sourceTree = "<group>"; };
		3E10BAE61A8F885000A22188 /* InputNameVC.swift */ = {isa = PBXFileReference; fileEncoding = 4; lastKnownFileType = sourcecode.swift; path = InputNameVC.swift; sourceTree = "<group>"; };
		3E27C0041A8B3FD000FFB975 /* ZFRippleButton.swift */ = {isa = PBXFileReference; fileEncoding = 4; lastKnownFileType = sourcecode.swift; name = ZFRippleButton.swift; path = submodule/ZFRippleButton/Classes/ZFRippleButton.swift; sourceTree = SOURCE_ROOT; };
		3E6640891A907E7900E60DB6 /* CitySelectorCell.swift */ = {isa = PBXFileReference; fileEncoding = 4; lastKnownFileType = sourcecode.swift; path = CitySelectorCell.swift; sourceTree = "<group>"; };
		3E7A1A501A8875B100E6A224 /* BirthdayCircle.app */ = {isa = PBXFileReference; explicitFileType = wrapper.application; includeInIndex = 0; path = BirthdayCircle.app; sourceTree = BUILT_PRODUCTS_DIR; };
		3E7A1A551A8875B100E6A224 /* AppDelegate.swift */ = {isa = PBXFileReference; lastKnownFileType = sourcecode.swift; path = AppDelegate.swift; sourceTree = "<group>"; };
		3E7A1A5A1A8875B100E6A224 /* Base */ = {isa = PBXFileReference; lastKnownFileType = file.storyboard; name = Base; path = Base.lproj/Main.storyboard; sourceTree = "<group>"; };
		3E7A1A5C1A8875B100E6A224 /* Images.xcassets */ = {isa = PBXFileReference; lastKnownFileType = folder.assetcatalog; path = Images.xcassets; sourceTree = "<group>"; };
		3E7A1A5F1A8875B100E6A224 /* Base */ = {isa = PBXFileReference; lastKnownFileType = file.xib; name = Base; path = Base.lproj/LaunchScreen.xib; sourceTree = "<group>"; };
		3E7A1A651A8875B100E6A224 /* BirthdayCircleTests.xctest */ = {isa = PBXFileReference; explicitFileType = wrapper.cfbundle; includeInIndex = 0; path = BirthdayCircleTests.xctest; sourceTree = BUILT_PRODUCTS_DIR; };
		3E7A1A6A1A8875B100E6A224 /* Info.plist */ = {isa = PBXFileReference; lastKnownFileType = text.plist.xml; path = Info.plist; sourceTree = "<group>"; };
		3E7A1A6B1A8875B100E6A224 /* BirthdayCircleTests.swift */ = {isa = PBXFileReference; lastKnownFileType = sourcecode.swift; path = BirthdayCircleTests.swift; sourceTree = "<group>"; };
		3E7A1A771A887C8D00E6A224 /* Alamofire.swift */ = {isa = PBXFileReference; fileEncoding = 4; lastKnownFileType = sourcecode.swift; name = Alamofire.swift; path = submodule/Alamofire/Source/Alamofire.swift; sourceTree = SOURCE_ROOT; };
		3E7A1A7A1A887CAB00E6A224 /* Async.swift */ = {isa = PBXFileReference; fileEncoding = 4; lastKnownFileType = sourcecode.swift; name = Async.swift; path = submodule/Async/Async.swift; sourceTree = SOURCE_ROOT; };
		3E7A1A7D1A887CBC00E6A224 /* Cartography.h */ = {isa = PBXFileReference; fileEncoding = 4; lastKnownFileType = sourcecode.c.h; path = Cartography.h; sourceTree = "<group>"; };
		3E7A1A7E1A887CBC00E6A224 /* Coefficients.swift */ = {isa = PBXFileReference; fileEncoding = 4; lastKnownFileType = sourcecode.swift; path = Coefficients.swift; sourceTree = "<group>"; };
		3E7A1A7F1A887CBC00E6A224 /* Compound.swift */ = {isa = PBXFileReference; fileEncoding = 4; lastKnownFileType = sourcecode.swift; path = Compound.swift; sourceTree = "<group>"; };
		3E7A1A801A887CBC00E6A224 /* Constraint.swift */ = {isa = PBXFileReference; fileEncoding = 4; lastKnownFileType = sourcecode.swift; path = Constraint.swift; sourceTree = "<group>"; };
		3E7A1A811A887CBC00E6A224 /* ConstraintGroup.swift */ = {isa = PBXFileReference; fileEncoding = 4; lastKnownFileType = sourcecode.swift; path = ConstraintGroup.swift; sourceTree = "<group>"; };
		3E7A1A821A887CBC00E6A224 /* Context.swift */ = {isa = PBXFileReference; fileEncoding = 4; lastKnownFileType = sourcecode.swift; path = Context.swift; sourceTree = "<group>"; };
		3E7A1A831A887CBC00E6A224 /* Dimension.swift */ = {isa = PBXFileReference; fileEncoding = 4; lastKnownFileType = sourcecode.swift; path = Dimension.swift; sourceTree = "<group>"; };
		3E7A1A841A887CBC00E6A224 /* Edge.swift */ = {isa = PBXFileReference; fileEncoding = 4; lastKnownFileType = sourcecode.swift; path = Edge.swift; sourceTree = "<group>"; };
		3E7A1A851A887CBC00E6A224 /* Edges.swift */ = {isa = PBXFileReference; fileEncoding = 4; lastKnownFileType = sourcecode.swift; path = Edges.swift; sourceTree = "<group>"; };
		3E7A1A861A887CBC00E6A224 /* Expression.swift */ = {isa = PBXFileReference; fileEncoding = 4; lastKnownFileType = sourcecode.swift; path = Expression.swift; sourceTree = "<group>"; };
		3E7A1A871A887CBC00E6A224 /* Extensions.swift */ = {isa = PBXFileReference; fileEncoding = 4; lastKnownFileType = sourcecode.swift; path = Extensions.swift; sourceTree = "<group>"; };
		3E7A1A881A887CBC00E6A224 /* Info.plist */ = {isa = PBXFileReference; fileEncoding = 4; lastKnownFileType = text.plist.xml; path = Info.plist; sourceTree = "<group>"; };
		3E7A1A891A887CBC00E6A224 /* Layout.swift */ = {isa = PBXFileReference; fileEncoding = 4; lastKnownFileType = sourcecode.swift; path = Layout.swift; sourceTree = "<group>"; };
		3E7A1A8A1A887CBC00E6A224 /* LayoutProxy.swift */ = {isa = PBXFileReference; fileEncoding = 4; lastKnownFileType = sourcecode.swift; path = LayoutProxy.swift; sourceTree = "<group>"; };
		3E7A1A8B1A887CBC00E6A224 /* Point.swift */ = {isa = PBXFileReference; fileEncoding = 4; lastKnownFileType = sourcecode.swift; path = Point.swift; sourceTree = "<group>"; };
		3E7A1A8C1A887CBC00E6A224 /* Priority.swift */ = {isa = PBXFileReference; fileEncoding = 4; lastKnownFileType = sourcecode.swift; path = Priority.swift; sourceTree = "<group>"; };
		3E7A1A8D1A887CBC00E6A224 /* Property.swift */ = {isa = PBXFileReference; fileEncoding = 4; lastKnownFileType = sourcecode.swift; path = Property.swift; sourceTree = "<group>"; };
		3E7A1A8E1A887CBC00E6A224 /* Size.swift */ = {isa = PBXFileReference; fileEncoding = 4; lastKnownFileType = sourcecode.swift; path = Size.swift; sourceTree = "<group>"; };
		3E7A1A8F1A887CBC00E6A224 /* View.swift */ = {isa = PBXFileReference; fileEncoding = 4; lastKnownFileType = sourcecode.swift; path = View.swift; sourceTree = "<group>"; };
		3E7A1A901A887CBC00E6A224 /* ViewUtils.swift */ = {isa = PBXFileReference; fileEncoding = 4; lastKnownFileType = sourcecode.swift; path = ViewUtils.swift; sourceTree = "<group>"; };
		3E7A1AD71A887D5600E6A224 /* SwiftyJSON.swift */ = {isa = PBXFileReference; fileEncoding = 4; lastKnownFileType = sourcecode.swift; name = SwiftyJSON.swift; path = submodule/SwiftyJSON/Source/SwiftyJSON.swift; sourceTree = SOURCE_ROOT; };
		3E7A1B181A88853200E6A224 /* BirthdayCircle-Bridging-Header.h */ = {isa = PBXFileReference; fileEncoding = 4; lastKnownFileType = sourcecode.c.h; path = "BirthdayCircle-Bridging-Header.h"; sourceTree = "<group>"; };
		3E7C1CF21A89D14B00424C14 /* Info.plist */ = {isa = PBXFileReference; fileEncoding = 4; lastKnownFileType = text.plist.xml; path = Info.plist; sourceTree = "<group>"; };
		3E7C1D0F1A89D26F00424C14 /* RAC.swift */ = {isa = PBXFileReference; fileEncoding = 4; lastKnownFileType = sourcecode.swift; path = RAC.swift; sourceTree = "<group>"; };
		3E7C1D111A89E09200424C14 /* MD5.swift */ = {isa = PBXFileReference; fileEncoding = 4; lastKnownFileType = sourcecode.swift; path = MD5.swift; sourceTree = "<group>"; };
		3EAAC4921A95A7C300BB6F5E /* MagicalImportFunctions.h */ = {isa = PBXFileReference; fileEncoding = 4; lastKnownFileType = sourcecode.c.h; path = MagicalImportFunctions.h; sourceTree = "<group>"; };
		3EAAC4931A95A7C300BB6F5E /* MagicalImportFunctions.m */ = {isa = PBXFileReference; fileEncoding = 4; lastKnownFileType = sourcecode.c.objc; path = MagicalImportFunctions.m; sourceTree = "<group>"; };
		3EAAC4941A95A7C300BB6F5E /* NSAttributeDescription+MagicalDataImport.h */ = {isa = PBXFileReference; fileEncoding = 4; lastKnownFileType = sourcecode.c.h; path = "NSAttributeDescription+MagicalDataImport.h"; sourceTree = "<group>"; };
		3EAAC4951A95A7C300BB6F5E /* NSAttributeDescription+MagicalDataImport.m */ = {isa = PBXFileReference; fileEncoding = 4; lastKnownFileType = sourcecode.c.objc; path = "NSAttributeDescription+MagicalDataImport.m"; sourceTree = "<group>"; };
		3EAAC4961A95A7C300BB6F5E /* NSEntityDescription+MagicalDataImport.h */ = {isa = PBXFileReference; fileEncoding = 4; lastKnownFileType = sourcecode.c.h; path = "NSEntityDescription+MagicalDataImport.h"; sourceTree = "<group>"; };
		3EAAC4971A95A7C300BB6F5E /* NSEntityDescription+MagicalDataImport.m */ = {isa = PBXFileReference; fileEncoding = 4; lastKnownFileType = sourcecode.c.objc; path = "NSEntityDescription+MagicalDataImport.m"; sourceTree = "<group>"; };
		3EAAC4981A95A7C300BB6F5E /* NSNumber+MagicalDataImport.h */ = {isa = PBXFileReference; fileEncoding = 4; lastKnownFileType = sourcecode.c.h; path = "NSNumber+MagicalDataImport.h"; sourceTree = "<group>"; };
		3EAAC4991A95A7C300BB6F5E /* NSNumber+MagicalDataImport.m */ = {isa = PBXFileReference; fileEncoding = 4; lastKnownFileType = sourcecode.c.objc; path = "NSNumber+MagicalDataImport.m"; sourceTree = "<group>"; };
		3EAAC49A1A95A7C300BB6F5E /* NSObject+MagicalDataImport.h */ = {isa = PBXFileReference; fileEncoding = 4; lastKnownFileType = sourcecode.c.h; path = "NSObject+MagicalDataImport.h"; sourceTree = "<group>"; };
		3EAAC49B1A95A7C300BB6F5E /* NSObject+MagicalDataImport.m */ = {isa = PBXFileReference; fileEncoding = 4; lastKnownFileType = sourcecode.c.objc; path = "NSObject+MagicalDataImport.m"; sourceTree = "<group>"; };
		3EAAC49C1A95A7C300BB6F5E /* NSRelationshipDescription+MagicalDataImport.h */ = {isa = PBXFileReference; fileEncoding = 4; lastKnownFileType = sourcecode.c.h; path = "NSRelationshipDescription+MagicalDataImport.h"; sourceTree = "<group>"; };
		3EAAC49D1A95A7C300BB6F5E /* NSRelationshipDescription+MagicalDataImport.m */ = {isa = PBXFileReference; fileEncoding = 4; lastKnownFileType = sourcecode.c.objc; path = "NSRelationshipDescription+MagicalDataImport.m"; sourceTree = "<group>"; };
		3EAAC49E1A95A7C300BB6F5E /* NSString+MagicalDataImport.h */ = {isa = PBXFileReference; fileEncoding = 4; lastKnownFileType = sourcecode.c.h; path = "NSString+MagicalDataImport.h"; sourceTree = "<group>"; };
		3EAAC49F1A95A7C300BB6F5E /* NSString+MagicalDataImport.m */ = {isa = PBXFileReference; fileEncoding = 4; lastKnownFileType = sourcecode.c.objc; path = "NSString+MagicalDataImport.m"; sourceTree = "<group>"; };
		3EAAC4A11A95A7C300BB6F5E /* NSManagedObject+MagicalAggregation.h */ = {isa = PBXFileReference; fileEncoding = 4; lastKnownFileType = sourcecode.c.h; path = "NSManagedObject+MagicalAggregation.h"; sourceTree = "<group>"; };
		3EAAC4A21A95A7C300BB6F5E /* NSManagedObject+MagicalAggregation.m */ = {isa = PBXFileReference; fileEncoding = 4; lastKnownFileType = sourcecode.c.objc; path = "NSManagedObject+MagicalAggregation.m"; sourceTree = "<group>"; };
		3EAAC4A31A95A7C300BB6F5E /* NSManagedObject+MagicalDataImport.h */ = {isa = PBXFileReference; fileEncoding = 4; lastKnownFileType = sourcecode.c.h; path = "NSManagedObject+MagicalDataImport.h"; sourceTree = "<group>"; };
		3EAAC4A41A95A7C300BB6F5E /* NSManagedObject+MagicalDataImport.m */ = {isa = PBXFileReference; fileEncoding = 4; lastKnownFileType = sourcecode.c.objc; path = "NSManagedObject+MagicalDataImport.m"; sourceTree = "<group>"; };
		3EAAC4A51A95A7C300BB6F5E /* NSManagedObject+MagicalFinders.h */ = {isa = PBXFileReference; fileEncoding = 4; lastKnownFileType = sourcecode.c.h; path = "NSManagedObject+MagicalFinders.h"; sourceTree = "<group>"; };
		3EAAC4A61A95A7C300BB6F5E /* NSManagedObject+MagicalFinders.m */ = {isa = PBXFileReference; fileEncoding = 4; lastKnownFileType = sourcecode.c.objc; path = "NSManagedObject+MagicalFinders.m"; sourceTree = "<group>"; };
		3EAAC4A71A95A7C300BB6F5E /* NSManagedObject+MagicalRecord.h */ = {isa = PBXFileReference; fileEncoding = 4; lastKnownFileType = sourcecode.c.h; path = "NSManagedObject+MagicalRecord.h"; sourceTree = "<group>"; };
		3EAAC4A81A95A7C300BB6F5E /* NSManagedObject+MagicalRecord.m */ = {isa = PBXFileReference; fileEncoding = 4; lastKnownFileType = sourcecode.c.objc; path = "NSManagedObject+MagicalRecord.m"; sourceTree = "<group>"; };
		3EAAC4A91A95A7C300BB6F5E /* NSManagedObject+MagicalRequests.h */ = {isa = PBXFileReference; fileEncoding = 4; lastKnownFileType = sourcecode.c.h; path = "NSManagedObject+MagicalRequests.h"; sourceTree = "<group>"; };
		3EAAC4AA1A95A7C300BB6F5E /* NSManagedObject+MagicalRequests.m */ = {isa = PBXFileReference; fileEncoding = 4; lastKnownFileType = sourcecode.c.objc; path = "NSManagedObject+MagicalRequests.m"; sourceTree = "<group>"; };
		3EAAC4AC1A95A7C300BB6F5E /* NSManagedObjectContext+MagicalChainSave.h */ = {isa = PBXFileReference; fileEncoding = 4; lastKnownFileType = sourcecode.c.h; path = "NSManagedObjectContext+MagicalChainSave.h"; sourceTree = "<group>"; };
		3EAAC4AD1A95A7C300BB6F5E /* NSManagedObjectContext+MagicalChainSave.m */ = {isa = PBXFileReference; fileEncoding = 4; lastKnownFileType = sourcecode.c.objc; path = "NSManagedObjectContext+MagicalChainSave.m"; sourceTree = "<group>"; };
		3EAAC4AE1A95A7C300BB6F5E /* NSManagedObjectContext+MagicalObserving.h */ = {isa = PBXFileReference; fileEncoding = 4; lastKnownFileType = sourcecode.c.h; path = "NSManagedObjectContext+MagicalObserving.h"; sourceTree = "<group>"; };
		3EAAC4AF1A95A7C300BB6F5E /* NSManagedObjectContext+MagicalObserving.m */ = {isa = PBXFileReference; fileEncoding = 4; lastKnownFileType = sourcecode.c.objc; path = "NSManagedObjectContext+MagicalObserving.m"; sourceTree = "<group>"; };
		3EAAC4B01A95A7C300BB6F5E /* NSManagedObjectContext+MagicalRecord.h */ = {isa = PBXFileReference; fileEncoding = 4; lastKnownFileType = sourcecode.c.h; path = "NSManagedObjectContext+MagicalRecord.h"; sourceTree = "<group>"; };
		3EAAC4B11A95A7C300BB6F5E /* NSManagedObjectContext+MagicalRecord.m */ = {isa = PBXFileReference; fileEncoding = 4; lastKnownFileType = sourcecode.c.objc; path = "NSManagedObjectContext+MagicalRecord.m"; sourceTree = "<group>"; };
		3EAAC4B21A95A7C300BB6F5E /* NSManagedObjectContext+MagicalSaves.h */ = {isa = PBXFileReference; fileEncoding = 4; lastKnownFileType = sourcecode.c.h; path = "NSManagedObjectContext+MagicalSaves.h"; sourceTree = "<group>"; };
		3EAAC4B31A95A7C300BB6F5E /* NSManagedObjectContext+MagicalSaves.m */ = {isa = PBXFileReference; fileEncoding = 4; lastKnownFileType = sourcecode.c.objc; path = "NSManagedObjectContext+MagicalSaves.m"; sourceTree = "<group>"; };
		3EAAC4B41A95A7C300BB6F5E /* NSManagedObjectContext+MagicalThreading.h */ = {isa = PBXFileReference; fileEncoding = 4; lastKnownFileType = sourcecode.c.h; path = "NSManagedObjectContext+MagicalThreading.h"; sourceTree = "<group>"; };
		3EAAC4B51A95A7C300BB6F5E /* NSManagedObjectContext+MagicalThreading.m */ = {isa = PBXFileReference; fileEncoding = 4; lastKnownFileType = sourcecode.c.objc; path = "NSManagedObjectContext+MagicalThreading.m"; sourceTree = "<group>"; };
		3EAAC4B61A95A7C300BB6F5E /* NSManagedObjectModel+MagicalRecord.h */ = {isa = PBXFileReference; fileEncoding = 4; lastKnownFileType = sourcecode.c.h; path = "NSManagedObjectModel+MagicalRecord.h"; sourceTree = "<group>"; };
		3EAAC4B71A95A7C300BB6F5E /* NSManagedObjectModel+MagicalRecord.m */ = {isa = PBXFileReference; fileEncoding = 4; lastKnownFileType = sourcecode.c.objc; path = "NSManagedObjectModel+MagicalRecord.m"; sourceTree = "<group>"; };
		3EAAC4B81A95A7C300BB6F5E /* NSPersistentStore+MagicalRecord.h */ = {isa = PBXFileReference; fileEncoding = 4; lastKnownFileType = sourcecode.c.h; path = "NSPersistentStore+MagicalRecord.h"; sourceTree = "<group>"; };
		3EAAC4B91A95A7C300BB6F5E /* NSPersistentStore+MagicalRecord.m */ = {isa = PBXFileReference; fileEncoding = 4; lastKnownFileType = sourcecode.c.objc; path = "NSPersistentStore+MagicalRecord.m"; sourceTree = "<group>"; };
		3EAAC4BA1A95A7C300BB6F5E /* NSPersistentStoreCoordinator+MagicalRecord.h */ = {isa = PBXFileReference; fileEncoding = 4; lastKnownFileType = sourcecode.c.h; path = "NSPersistentStoreCoordinator+MagicalRecord.h"; sourceTree = "<group>"; };
		3EAAC4BB1A95A7C300BB6F5E /* NSPersistentStoreCoordinator+MagicalRecord.m */ = {isa = PBXFileReference; fileEncoding = 4; lastKnownFileType = sourcecode.c.objc; path = "NSPersistentStoreCoordinator+MagicalRecord.m"; sourceTree = "<group>"; };
		3EAAC4BD1A95A7C300BB6F5E /* MagicalRecord+Actions.h */ = {isa = PBXFileReference; fileEncoding = 4; lastKnownFileType = sourcecode.c.h; path = "MagicalRecord+Actions.h"; sourceTree = "<group>"; };
		3EAAC4BE1A95A7C300BB6F5E /* MagicalRecord+Actions.m */ = {isa = PBXFileReference; fileEncoding = 4; lastKnownFileType = sourcecode.c.objc; path = "MagicalRecord+Actions.m"; sourceTree = "<group>"; };
		3EAAC4BF1A95A7C300BB6F5E /* MagicalRecord+ErrorHandling.h */ = {isa = PBXFileReference; fileEncoding = 4; lastKnownFileType = sourcecode.c.h; path = "MagicalRecord+ErrorHandling.h"; sourceTree = "<group>"; };
		3EAAC4C01A95A7C300BB6F5E /* MagicalRecord+ErrorHandling.m */ = {isa = PBXFileReference; fileEncoding = 4; lastKnownFileType = sourcecode.c.objc; path = "MagicalRecord+ErrorHandling.m"; sourceTree = "<group>"; };
		3EAAC4C11A95A7C300BB6F5E /* MagicalRecord+iCloud.h */ = {isa = PBXFileReference; fileEncoding = 4; lastKnownFileType = sourcecode.c.h; path = "MagicalRecord+iCloud.h"; sourceTree = "<group>"; };
		3EAAC4C21A95A7C300BB6F5E /* MagicalRecord+iCloud.m */ = {isa = PBXFileReference; fileEncoding = 4; lastKnownFileType = sourcecode.c.objc; path = "MagicalRecord+iCloud.m"; sourceTree = "<group>"; };
		3EAAC4C31A95A7C300BB6F5E /* MagicalRecord+Options.h */ = {isa = PBXFileReference; fileEncoding = 4; lastKnownFileType = sourcecode.c.h; path = "MagicalRecord+Options.h"; sourceTree = "<group>"; };
		3EAAC4C41A95A7C300BB6F5E /* MagicalRecord+Options.m */ = {isa = PBXFileReference; fileEncoding = 4; lastKnownFileType = sourcecode.c.objc; path = "MagicalRecord+Options.m"; sourceTree = "<group>"; };
		3EAAC4C51A95A7C300BB6F5E /* MagicalRecord+Setup.h */ = {isa = PBXFileReference; fileEncoding = 4; lastKnownFileType = sourcecode.c.h; path = "MagicalRecord+Setup.h"; sourceTree = "<group>"; };
		3EAAC4C61A95A7C300BB6F5E /* MagicalRecord+Setup.m */ = {isa = PBXFileReference; fileEncoding = 4; lastKnownFileType = sourcecode.c.objc; path = "MagicalRecord+Setup.m"; sourceTree = "<group>"; };
		3EAAC4C71A95A7C300BB6F5E /* MagicalRecord+ShorthandSupport.h */ = {isa = PBXFileReference; fileEncoding = 4; lastKnownFileType = sourcecode.c.h; path = "MagicalRecord+ShorthandSupport.h"; sourceTree = "<group>"; };
		3EAAC4C81A95A7C300BB6F5E /* MagicalRecord+ShorthandSupport.m */ = {isa = PBXFileReference; fileEncoding = 4; lastKnownFileType = sourcecode.c.objc; path = "MagicalRecord+ShorthandSupport.m"; sourceTree = "<group>"; };
		3EAAC4C91A95A7C300BB6F5E /* MagicalRecord.h */ = {isa = PBXFileReference; fileEncoding = 4; lastKnownFileType = sourcecode.c.h; path = MagicalRecord.h; sourceTree = "<group>"; };
		3EAAC4CA1A95A7C300BB6F5E /* MagicalRecord.m */ = {isa = PBXFileReference; fileEncoding = 4; lastKnownFileType = sourcecode.c.objc; path = MagicalRecord.m; sourceTree = "<group>"; };
		3EAAC4CB1A95A7C300BB6F5E /* MagicalRecordDeprecated.h */ = {isa = PBXFileReference; fileEncoding = 4; lastKnownFileType = sourcecode.c.h; path = MagicalRecordDeprecated.h; sourceTree = "<group>"; };
		3EAAC4CC1A95A7C300BB6F5E /* MagicalRecordLogging.h */ = {isa = PBXFileReference; fileEncoding = 4; lastKnownFileType = sourcecode.c.h; path = MagicalRecordLogging.h; sourceTree = "<group>"; };
		3EAAC4CD1A95A7C300BB6F5E /* MagicalRecordShorthand.h */ = {isa = PBXFileReference; fileEncoding = 4; lastKnownFileType = sourcecode.c.h; path = MagicalRecordShorthand.h; sourceTree = "<group>"; };
		3EAAC4CE1A95A7C300BB6F5E /* CoreData+MagicalRecord.h */ = {isa = PBXFileReference; fileEncoding = 4; lastKnownFileType = sourcecode.c.h; path = "CoreData+MagicalRecord.h"; sourceTree = "<group>"; };
		3EAAC4EC1A95A9B100BB6F5E /* area.plist */ = {isa = PBXFileReference; fileEncoding = 4; lastKnownFileType = text.plist.xml; path = area.plist; sourceTree = "<group>"; };
		3EAAC4ED1A95A9B100BB6F5E /* XLFormBaseCell.h */ = {isa = PBXFileReference; fileEncoding = 4; lastKnownFileType = sourcecode.c.h; path = XLFormBaseCell.h; sourceTree = "<group>"; };
		3EAAC4EE1A95A9B100BB6F5E /* XLFormBaseCell.m */ = {isa = PBXFileReference; fileEncoding = 4; lastKnownFileType = sourcecode.c.objc; path = XLFormBaseCell.m; sourceTree = "<group>"; };
		3EAAC4EF1A95A9B100BB6F5E /* XLFormButtonCell.h */ = {isa = PBXFileReference; fileEncoding = 4; lastKnownFileType = sourcecode.c.h; path = XLFormButtonCell.h; sourceTree = "<group>"; };
		3EAAC4F01A95A9B100BB6F5E /* XLFormButtonCell.m */ = {isa = PBXFileReference; fileEncoding = 4; lastKnownFileType = sourcecode.c.objc; path = XLFormButtonCell.m; sourceTree = "<group>"; };
		3EAAC4F11A95A9B100BB6F5E /* XLFormCheckCell.h */ = {isa = PBXFileReference; fileEncoding = 4; lastKnownFileType = sourcecode.c.h; path = XLFormCheckCell.h; sourceTree = "<group>"; };
		3EAAC4F21A95A9B100BB6F5E /* XLFormCheckCell.m */ = {isa = PBXFileReference; fileEncoding = 4; lastKnownFileType = sourcecode.c.objc; path = XLFormCheckCell.m; sourceTree = "<group>"; };
		3EAAC4F31A95A9B100BB6F5E /* XLFormCityPickerCell.h */ = {isa = PBXFileReference; fileEncoding = 4; lastKnownFileType = sourcecode.c.h; path = XLFormCityPickerCell.h; sourceTree = "<group>"; };
		3EAAC4F41A95A9B100BB6F5E /* XLFormCityPickerCell.m */ = {isa = PBXFileReference; fileEncoding = 4; lastKnownFileType = sourcecode.c.objc; path = XLFormCityPickerCell.m; sourceTree = "<group>"; };
		3EAAC4F51A95A9B100BB6F5E /* XLFormDateCell.h */ = {isa = PBXFileReference; fileEncoding = 4; lastKnownFileType = sourcecode.c.h; path = XLFormDateCell.h; sourceTree = "<group>"; };
		3EAAC4F61A95A9B100BB6F5E /* XLFormDateCell.m */ = {isa = PBXFileReference; fileEncoding = 4; lastKnownFileType = sourcecode.c.objc; path = XLFormDateCell.m; sourceTree = "<group>"; };
		3EAAC4F71A95A9B100BB6F5E /* XLFormDatePickerCell.h */ = {isa = PBXFileReference; fileEncoding = 4; lastKnownFileType = sourcecode.c.h; path = XLFormDatePickerCell.h; sourceTree = "<group>"; };
		3EAAC4F81A95A9B100BB6F5E /* XLFormDatePickerCell.m */ = {isa = PBXFileReference; fileEncoding = 4; lastKnownFileType = sourcecode.c.objc; path = XLFormDatePickerCell.m; sourceTree = "<group>"; };
		3EAAC4F91A95A9B100BB6F5E /* XLFormDescriptorCell.h */ = {isa = PBXFileReference; fileEncoding = 4; lastKnownFileType = sourcecode.c.h; path = XLFormDescriptorCell.h; sourceTree = "<group>"; };
		3EAAC4FA1A95A9B100BB6F5E /* XLFormInlineRowDescriptorCell.h */ = {isa = PBXFileReference; fileEncoding = 4; lastKnownFileType = sourcecode.c.h; path = XLFormInlineRowDescriptorCell.h; sourceTree = "<group>"; };
		3EAAC4FB1A95A9B100BB6F5E /* XLFormInlineSelectorCell.h */ = {isa = PBXFileReference; fileEncoding = 4; lastKnownFileType = sourcecode.c.h; path = XLFormInlineSelectorCell.h; sourceTree = "<group>"; };
		3EAAC4FC1A95A9B100BB6F5E /* XLFormInlineSelectorCell.m */ = {isa = PBXFileReference; fileEncoding = 4; lastKnownFileType = sourcecode.c.objc; path = XLFormInlineSelectorCell.m; sourceTree = "<group>"; };
		3EAAC4FD1A95A9B100BB6F5E /* XLFormLeftRightSelectorCell.h */ = {isa = PBXFileReference; fileEncoding = 4; lastKnownFileType = sourcecode.c.h; path = XLFormLeftRightSelectorCell.h; sourceTree = "<group>"; };
		3EAAC4FE1A95A9B100BB6F5E /* XLFormLeftRightSelectorCell.m */ = {isa = PBXFileReference; fileEncoding = 4; lastKnownFileType = sourcecode.c.objc; path = XLFormLeftRightSelectorCell.m; sourceTree = "<group>"; };
		3EAAC4FF1A95A9B100BB6F5E /* XLFormPickerCell.h */ = {isa = PBXFileReference; fileEncoding = 4; lastKnownFileType = sourcecode.c.h; path = XLFormPickerCell.h; sourceTree = "<group>"; };
		3EAAC5001A95A9B100BB6F5E /* XLFormPickerCell.m */ = {isa = PBXFileReference; fileEncoding = 4; lastKnownFileType = sourcecode.c.objc; path = XLFormPickerCell.m; sourceTree = "<group>"; };
		3EAAC5011A95A9B100BB6F5E /* XLFormSegmentedCell.h */ = {isa = PBXFileReference; fileEncoding = 4; lastKnownFileType = sourcecode.c.h; path = XLFormSegmentedCell.h; sourceTree = "<group>"; };
		3EAAC5021A95A9B100BB6F5E /* XLFormSegmentedCell.m */ = {isa = PBXFileReference; fileEncoding = 4; lastKnownFileType = sourcecode.c.objc; path = XLFormSegmentedCell.m; sourceTree = "<group>"; };
		3EAAC5031A95A9B100BB6F5E /* XLFormSelectorCell.h */ = {isa = PBXFileReference; fileEncoding = 4; lastKnownFileType = sourcecode.c.h; path = XLFormSelectorCell.h; sourceTree = "<group>"; };
		3EAAC5041A95A9B100BB6F5E /* XLFormSelectorCell.m */ = {isa = PBXFileReference; fileEncoding = 4; lastKnownFileType = sourcecode.c.objc; path = XLFormSelectorCell.m; sourceTree = "<group>"; };
		3EAAC5051A95A9B100BB6F5E /* XLFormSliderCell.h */ = {isa = PBXFileReference; fileEncoding = 4; lastKnownFileType = sourcecode.c.h; path = XLFormSliderCell.h; sourceTree = "<group>"; };
		3EAAC5061A95A9B100BB6F5E /* XLFormSliderCell.m */ = {isa = PBXFileReference; fileEncoding = 4; lastKnownFileType = sourcecode.c.objc; path = XLFormSliderCell.m; sourceTree = "<group>"; };
		3EAAC5071A95A9B100BB6F5E /* XLFormStepCounterCell.h */ = {isa = PBXFileReference; fileEncoding = 4; lastKnownFileType = sourcecode.c.h; path = XLFormStepCounterCell.h; sourceTree = "<group>"; };
		3EAAC5081A95A9B100BB6F5E /* XLFormStepCounterCell.m */ = {isa = PBXFileReference; fileEncoding = 4; lastKnownFileType = sourcecode.c.objc; path = XLFormStepCounterCell.m; sourceTree = "<group>"; };
		3EAAC5091A95A9B100BB6F5E /* XLFormSwitchCell.h */ = {isa = PBXFileReference; fileEncoding = 4; lastKnownFileType = sourcecode.c.h; path = XLFormSwitchCell.h; sourceTree = "<group>"; };
		3EAAC50A1A95A9B100BB6F5E /* XLFormSwitchCell.m */ = {isa = PBXFileReference; fileEncoding = 4; lastKnownFileType = sourcecode.c.objc; path = XLFormSwitchCell.m; sourceTree = "<group>"; };
		3EAAC50B1A95A9B100BB6F5E /* XLFormTextFieldCell.h */ = {isa = PBXFileReference; fileEncoding = 4; lastKnownFileType = sourcecode.c.h; path = XLFormTextFieldCell.h; sourceTree = "<group>"; };
		3EAAC50C1A95A9B100BB6F5E /* XLFormTextFieldCell.m */ = {isa = PBXFileReference; fileEncoding = 4; lastKnownFileType = sourcecode.c.objc; path = XLFormTextFieldCell.m; sourceTree = "<group>"; };
		3EAAC50D1A95A9B100BB6F5E /* XLFormTextViewCell.h */ = {isa = PBXFileReference; fileEncoding = 4; lastKnownFileType = sourcecode.c.h; path = XLFormTextViewCell.h; sourceTree = "<group>"; };
		3EAAC50E1A95A9B100BB6F5E /* XLFormTextViewCell.m */ = {isa = PBXFileReference; fileEncoding = 4; lastKnownFileType = sourcecode.c.objc; path = XLFormTextViewCell.m; sourceTree = "<group>"; };
		3EAAC5101A95A9B100BB6F5E /* XLFormOptionsObject.h */ = {isa = PBXFileReference; fileEncoding = 4; lastKnownFileType = sourcecode.c.h; path = XLFormOptionsObject.h; sourceTree = "<group>"; };
		3EAAC5111A95A9B100BB6F5E /* XLFormOptionsObject.m */ = {isa = PBXFileReference; fileEncoding = 4; lastKnownFileType = sourcecode.c.objc; path = XLFormOptionsObject.m; sourceTree = "<group>"; };
		3EAAC5121A95A9B100BB6F5E /* XLFormOptionsViewController.h */ = {isa = PBXFileReference; fileEncoding = 4; lastKnownFileType = sourcecode.c.h; path = XLFormOptionsViewController.h; sourceTree = "<group>"; };
		3EAAC5131A95A9B100BB6F5E /* XLFormOptionsViewController.m */ = {isa = PBXFileReference; fileEncoding = 4; lastKnownFileType = sourcecode.c.objc; path = XLFormOptionsViewController.m; sourceTree = "<group>"; };
		3EAAC5141A95A9B100BB6F5E /* XLFormRowDescriptorViewController.h */ = {isa = PBXFileReference; fileEncoding = 4; lastKnownFileType = sourcecode.c.h; path = XLFormRowDescriptorViewController.h; sourceTree = "<group>"; };
		3EAAC5151A95A9B100BB6F5E /* XLFormViewController.h */ = {isa = PBXFileReference; fileEncoding = 4; lastKnownFileType = sourcecode.c.h; path = XLFormViewController.h; sourceTree = "<group>"; };
		3EAAC5161A95A9B100BB6F5E /* XLFormViewController.m */ = {isa = PBXFileReference; fileEncoding = 4; lastKnownFileType = sourcecode.c.objc; path = XLFormViewController.m; sourceTree = "<group>"; };
		3EAAC5181A95A9B100BB6F5E /* XLFormDescriptor.h */ = {isa = PBXFileReference; fileEncoding = 4; lastKnownFileType = sourcecode.c.h; path = XLFormDescriptor.h; sourceTree = "<group>"; };
		3EAAC5191A95A9B100BB6F5E /* XLFormDescriptor.m */ = {isa = PBXFileReference; fileEncoding = 4; lastKnownFileType = sourcecode.c.objc; path = XLFormDescriptor.m; sourceTree = "<group>"; };
		3EAAC51A1A95A9B100BB6F5E /* XLFormDescriptorDelegate.h */ = {isa = PBXFileReference; fileEncoding = 4; lastKnownFileType = sourcecode.c.h; path = XLFormDescriptorDelegate.h; sourceTree = "<group>"; };
		3EAAC51B1A95A9B100BB6F5E /* XLFormRowDescriptor.h */ = {isa = PBXFileReference; fileEncoding = 4; lastKnownFileType = sourcecode.c.h; path = XLFormRowDescriptor.h; sourceTree = "<group>"; };
		3EAAC51C1A95A9B100BB6F5E /* XLFormRowDescriptor.m */ = {isa = PBXFileReference; fileEncoding = 4; lastKnownFileType = sourcecode.c.objc; path = XLFormRowDescriptor.m; sourceTree = "<group>"; };
		3EAAC51D1A95A9B100BB6F5E /* XLFormSectionDescriptor.h */ = {isa = PBXFileReference; fileEncoding = 4; lastKnownFileType = sourcecode.c.h; path = XLFormSectionDescriptor.h; sourceTree = "<group>"; };
		3EAAC51E1A95A9B100BB6F5E /* XLFormSectionDescriptor.m */ = {isa = PBXFileReference; fileEncoding = 4; lastKnownFileType = sourcecode.c.objc; path = XLFormSectionDescriptor.m; sourceTree = "<group>"; };
		3EAAC5201A95A9B100BB6F5E /* NSArray+XLFormAdditions.h */ = {isa = PBXFileReference; fileEncoding = 4; lastKnownFileType = sourcecode.c.h; path = "NSArray+XLFormAdditions.h"; sourceTree = "<group>"; };
		3EAAC5211A95A9B100BB6F5E /* NSArray+XLFormAdditions.m */ = {isa = PBXFileReference; fileEncoding = 4; lastKnownFileType = sourcecode.c.objc; path = "NSArray+XLFormAdditions.m"; sourceTree = "<group>"; };
		3EAAC5221A95A9B100BB6F5E /* NSObject+XLFormAdditions.h */ = {isa = PBXFileReference; fileEncoding = 4; lastKnownFileType = sourcecode.c.h; path = "NSObject+XLFormAdditions.h"; sourceTree = "<group>"; };
		3EAAC5231A95A9B100BB6F5E /* NSObject+XLFormAdditions.m */ = {isa = PBXFileReference; fileEncoding = 4; lastKnownFileType = sourcecode.c.objc; path = "NSObject+XLFormAdditions.m"; sourceTree = "<group>"; };
		3EAAC5241A95A9B100BB6F5E /* UIView+XLFormAdditions.h */ = {isa = PBXFileReference; fileEncoding = 4; lastKnownFileType = sourcecode.c.h; path = "UIView+XLFormAdditions.h"; sourceTree = "<group>"; };
		3EAAC5251A95A9B100BB6F5E /* UIView+XLFormAdditions.m */ = {isa = PBXFileReference; fileEncoding = 4; lastKnownFileType = sourcecode.c.objc; path = "UIView+XLFormAdditions.m"; sourceTree = "<group>"; };
		3EAAC5271A95A9B100BB6F5E /* XLFormRightDetailCell.h */ = {isa = PBXFileReference; fileEncoding = 4; lastKnownFileType = sourcecode.c.h; path = XLFormRightDetailCell.h; sourceTree = "<group>"; };
		3EAAC5281A95A9B100BB6F5E /* XLFormRightDetailCell.m */ = {isa = PBXFileReference; fileEncoding = 4; lastKnownFileType = sourcecode.c.objc; path = XLFormRightDetailCell.m; sourceTree = "<group>"; };
		3EAAC5291A95A9B100BB6F5E /* XLFormRightImageButton.h */ = {isa = PBXFileReference; fileEncoding = 4; lastKnownFileType = sourcecode.c.h; path = XLFormRightImageButton.h; sourceTree = "<group>"; };
		3EAAC52A1A95A9B100BB6F5E /* XLFormRightImageButton.m */ = {isa = PBXFileReference; fileEncoding = 4; lastKnownFileType = sourcecode.c.objc; path = XLFormRightImageButton.m; sourceTree = "<group>"; };
		3EAAC52B1A95A9B100BB6F5E /* XLFormTextView.h */ = {isa = PBXFileReference; fileEncoding = 4; lastKnownFileType = sourcecode.c.h; path = XLFormTextView.h; sourceTree = "<group>"; };
		3EAAC52C1A95A9B100BB6F5E /* XLFormTextView.m */ = {isa = PBXFileReference; fileEncoding = 4; lastKnownFileType = sourcecode.c.objc; path = XLFormTextView.m; sourceTree = "<group>"; };
		3EAAC52E1A95A9B100BB6F5E /* XLFormRegexValidator.h */ = {isa = PBXFileReference; fileEncoding = 4; lastKnownFileType = sourcecode.c.h; path = XLFormRegexValidator.h; sourceTree = "<group>"; };
		3EAAC52F1A95A9B100BB6F5E /* XLFormRegexValidator.m */ = {isa = PBXFileReference; fileEncoding = 4; lastKnownFileType = sourcecode.c.objc; path = XLFormRegexValidator.m; sourceTree = "<group>"; };
		3EAAC5301A95A9B100BB6F5E /* XLFormValidationStatus.h */ = {isa = PBXFileReference; fileEncoding = 4; lastKnownFileType = sourcecode.c.h; path = XLFormValidationStatus.h; sourceTree = "<group>"; };
		3EAAC5311A95A9B100BB6F5E /* XLFormValidationStatus.m */ = {isa = PBXFileReference; fileEncoding = 4; lastKnownFileType = sourcecode.c.objc; path = XLFormValidationStatus.m; sourceTree = "<group>"; };
		3EAAC5321A95A9B100BB6F5E /* XLFormValidator.h */ = {isa = PBXFileReference; fileEncoding = 4; lastKnownFileType = sourcecode.c.h; path = XLFormValidator.h; sourceTree = "<group>"; };
		3EAAC5331A95A9B100BB6F5E /* XLFormValidator.m */ = {isa = PBXFileReference; fileEncoding = 4; lastKnownFileType = sourcecode.c.objc; path = XLFormValidator.m; sourceTree = "<group>"; };
		3EAAC5341A95A9B100BB6F5E /* XLFormValidatorProtocol.h */ = {isa = PBXFileReference; fileEncoding = 4; lastKnownFileType = sourcecode.c.h; path = XLFormValidatorProtocol.h; sourceTree = "<group>"; };
		3EAAC5351A95A9B100BB6F5E /* XLForm.h */ = {isa = PBXFileReference; fileEncoding = 4; lastKnownFileType = sourcecode.c.h; path = XLForm.h; sourceTree = "<group>"; };
		3EAAC5361A95A9B100BB6F5E /* XLForm.m */ = {isa = PBXFileReference; fileEncoding = 4; lastKnownFileType = sourcecode.c.objc; path = XLForm.m; sourceTree = "<group>"; };
		3EB903C21A88A047009CEBCB /* MeVC.swift */ = {isa = PBXFileReference; fileEncoding = 4; lastKnownFileType = sourcecode.swift; path = MeVC.swift; sourceTree = "<group>"; };
		3EB903C51A88ACF0009CEBCB /* LoginVC.swift */ = {isa = PBXFileReference; fileEncoding = 4; lastKnownFileType = sourcecode.swift; path = LoginVC.swift; sourceTree = "<group>"; };
		3EB903C71A88BE10009CEBCB /* SignUpVC.swift */ = {isa = PBXFileReference; fileEncoding = 4; lastKnownFileType = sourcecode.swift; path = SignUpVC.swift; sourceTree = "<group>"; };
		3EB903C91A88D707009CEBCB /* WebServicesHandler.swift */ = {isa = PBXFileReference; fileEncoding = 4; lastKnownFileType = sourcecode.swift; path = WebServicesHandler.swift; sourceTree = "<group>"; };
		3EBCA9111A8E400800D8951C /* Helper.swift */ = {isa = PBXFileReference; fileEncoding = 4; lastKnownFileType = sourcecode.swift; path = Helper.swift; sourceTree = "<group>"; };
		3EBCA9131A8E489400D8951C /* MeCell.swift */ = {isa = PBXFileReference; fileEncoding = 4; lastKnownFileType = sourcecode.swift; path = MeCell.swift; sourceTree = "<group>"; };
		3EBCA9151A8E529900D8951C /* XLFormRowDescriptorEx.swift */ = {isa = PBXFileReference; fileEncoding = 4; lastKnownFileType = sourcecode.swift; path = XLFormRowDescriptorEx.swift; sourceTree = "<group>"; };
		3ECBF7CC1A8F2D7F00AFA9AD /* Model.xcdatamodel */ = {isa = PBXFileReference; lastKnownFileType = wrapper.xcdatamodel; path = Model.xcdatamodel; sourceTree = "<group>"; };
		3ED036151A950DC800579050 /* User.swift */ = {isa = PBXFileReference; fileEncoding = 4; lastKnownFileType = sourcecode.swift; path = User.swift; sourceTree = "<group>"; };
		3EFB48B61A8A5E4D0022708A /* UserProfileService.swift */ = {isa = PBXFileReference; fileEncoding = 4; lastKnownFileType = sourcecode.swift; path = UserProfileService.swift; sourceTree = "<group>"; };
		3EFB48B81A8A60A10022708A /* MoreVC.swift */ = {isa = PBXFileReference; fileEncoding = 4; lastKnownFileType = sourcecode.swift; path = MoreVC.swift; sourceTree = "<group>"; };
		85B824D2DCCF775017617647 /* Pods.release.xcconfig */ = {isa = PBXFileReference; includeInIndex = 1; lastKnownFileType = text.xcconfig; name = Pods.release.xcconfig; path = "Pods/Target Support Files/Pods/Pods.release.xcconfig"; sourceTree = "<group>"; };
		C5B12858DCF4A3D850C86C80 /* Pods.debug.xcconfig */ = {isa = PBXFileReference; includeInIndex = 1; lastKnownFileType = text.xcconfig; name = Pods.debug.xcconfig; path = "Pods/Target Support Files/Pods/Pods.debug.xcconfig"; sourceTree = "<group>"; };
		DAB06680A5F9DDC5139B140A /* libPods.a */ = {isa = PBXFileReference; explicitFileType = archive.ar; includeInIndex = 0; path = libPods.a; sourceTree = BUILT_PRODUCTS_DIR; };
/* End PBXFileReference section */

/* Begin PBXFrameworksBuildPhase section */
		3E7A1A4D1A8875B100E6A224 /* Frameworks */ = {
			isa = PBXFrameworksBuildPhase;
			buildActionMask = 2147483647;
			files = (
				BBB47052C1987691FE1A8BE7 /* libPods.a in Frameworks */,
			);
			runOnlyForDeploymentPostprocessing = 0;
		};
		3E7A1A621A8875B100E6A224 /* Frameworks */ = {
			isa = PBXFrameworksBuildPhase;
			buildActionMask = 2147483647;
			files = (
			);
			runOnlyForDeploymentPostprocessing = 0;
		};
/* End PBXFrameworksBuildPhase section */

/* Begin PBXGroup section */
		3D59559D809580D39C27A71A /* Frameworks */ = {
			isa = PBXGroup;
			children = (
				DAB06680A5F9DDC5139B140A /* libPods.a */,
			);
			name = Frameworks;
			sourceTree = "<group>";
		};
		3E0B25B21A986ACF00E2A9D8 /* BirthdayBook */ = {
			isa = PBXGroup;
			children = (
				3E0B25B31A986B2200E2A9D8 /* BirthdayBookVC.swift */,
			);
			name = BirthdayBook;
			sourceTree = "<group>";
		};
		3E10BADF1A8F641D00A22188 /* View */ = {
			isa = PBXGroup;
			children = (
				3EBCA9131A8E489400D8951C /* MeCell.swift */,
				3E10BAE01A8F64D300A22188 /* UpdateAvatarCell.swift */,
				3E10BAE61A8F885000A22188 /* InputNameVC.swift */,
				3E6640891A907E7900E60DB6 /* CitySelectorCell.swift */,
			);
			name = View;
			sourceTree = "<group>";
		};
		3E7A1A471A8875B100E6A224 = {
			isa = PBXGroup;
			children = (
				3E7A1A521A8875B100E6A224 /* BirthdayCircle */,
				3E7A1A681A8875B100E6A224 /* BirthdayCircleTests */,
				3E7A1A511A8875B100E6A224 /* Products */,
				BE37556A10A7A990B6CE8C57 /* Pods */,
				3D59559D809580D39C27A71A /* Frameworks */,
			);
			sourceTree = "<group>";
		};
		3E7A1A511A8875B100E6A224 /* Products */ = {
			isa = PBXGroup;
			children = (
				3E7A1A501A8875B100E6A224 /* BirthdayCircle.app */,
				3E7A1A651A8875B100E6A224 /* BirthdayCircleTests.xctest */,
			);
			name = Products;
			sourceTree = "<group>";
		};
		3E7A1A521A8875B100E6A224 /* BirthdayCircle */ = {
			isa = PBXGroup;
			children = (
				3E7A1A751A887C5A00E6A224 /* 3rd */,
				3EDC78421A890F4200EC410A /* Extension */,
				3EB903C11A889FAB009CEBCB /* MainModule */,
				3EFB48B31A8A55060022708A /* Model */,
				3EE7E2161A8A506A00188641 /* Services */,
				3EFB48BA1A8A62170022708A /* Common */,
				3E7A1A591A8875B100E6A224 /* Main.storyboard */,
				3E7A1A531A8875B100E6A224 /* Supporting Files */,
			);
			path = BirthdayCircle;
			sourceTree = "<group>";
		};
		3E7A1A531A8875B100E6A224 /* Supporting Files */ = {
			isa = PBXGroup;
			children = (
				3E7A1B181A88853200E6A224 /* BirthdayCircle-Bridging-Header.h */,
				3E7A1A5C1A8875B100E6A224 /* Images.xcassets */,
				3E7A1A5E1A8875B100E6A224 /* LaunchScreen.xib */,
				3E7A1A551A8875B100E6A224 /* AppDelegate.swift */,
				3E7C1CF21A89D14B00424C14 /* Info.plist */,
			);
			name = "Supporting Files";
			sourceTree = "<group>";
		};
		3E7A1A681A8875B100E6A224 /* BirthdayCircleTests */ = {
			isa = PBXGroup;
			children = (
				3E7A1A6B1A8875B100E6A224 /* BirthdayCircleTests.swift */,
				3E7A1A691A8875B100E6A224 /* Supporting Files */,
			);
			path = BirthdayCircleTests;
			sourceTree = "<group>";
		};
		3E7A1A691A8875B100E6A224 /* Supporting Files */ = {
			isa = PBXGroup;
			children = (
				3E7A1A6A1A8875B100E6A224 /* Info.plist */,
			);
			name = "Supporting Files";
			sourceTree = "<group>";
		};
		3E7A1A751A887C5A00E6A224 /* 3rd */ = {
			isa = PBXGroup;
			children = (
				3EAAC4EA1A95A9B100BB6F5E /* XL */,
				3EAAC48F1A95A7C300BB6F5E /* MagicalRecord */,
				3E27C0041A8B3FD000FFB975 /* ZFRippleButton.swift */,
				3E7A1AD61A887D4700E6A224 /* SwiftJSON */,
				3E7A1A7C1A887CBC00E6A224 /* Cartography */,
				3E7A1A791A887CA000E6A224 /* Async */,
				3E7A1A761A887C6700E6A224 /* Alamofire */,
			);
			name = 3rd;
			sourceTree = "<group>";
		};
		3E7A1A761A887C6700E6A224 /* Alamofire */ = {
			isa = PBXGroup;
			children = (
				3E7A1A771A887C8D00E6A224 /* Alamofire.swift */,
			);
			name = Alamofire;
			sourceTree = "<group>";
		};
		3E7A1A791A887CA000E6A224 /* Async */ = {
			isa = PBXGroup;
			children = (
				3E7A1A7A1A887CAB00E6A224 /* Async.swift */,
			);
			name = Async;
			sourceTree = "<group>";
		};
		3E7A1A7C1A887CBC00E6A224 /* Cartography */ = {
			isa = PBXGroup;
			children = (
				3E7A1A7D1A887CBC00E6A224 /* Cartography.h */,
				3E7A1A7E1A887CBC00E6A224 /* Coefficients.swift */,
				3E7A1A7F1A887CBC00E6A224 /* Compound.swift */,
				3E7A1A801A887CBC00E6A224 /* Constraint.swift */,
				3E7A1A811A887CBC00E6A224 /* ConstraintGroup.swift */,
				3E7A1A821A887CBC00E6A224 /* Context.swift */,
				3E7A1A831A887CBC00E6A224 /* Dimension.swift */,
				3E7A1A841A887CBC00E6A224 /* Edge.swift */,
				3E7A1A851A887CBC00E6A224 /* Edges.swift */,
				3E7A1A861A887CBC00E6A224 /* Expression.swift */,
				3E7A1A871A887CBC00E6A224 /* Extensions.swift */,
				3E7A1A881A887CBC00E6A224 /* Info.plist */,
				3E7A1A891A887CBC00E6A224 /* Layout.swift */,
				3E7A1A8A1A887CBC00E6A224 /* LayoutProxy.swift */,
				3E7A1A8B1A887CBC00E6A224 /* Point.swift */,
				3E7A1A8C1A887CBC00E6A224 /* Priority.swift */,
				3E7A1A8D1A887CBC00E6A224 /* Property.swift */,
				3E7A1A8E1A887CBC00E6A224 /* Size.swift */,
				3E7A1A8F1A887CBC00E6A224 /* View.swift */,
				3E7A1A901A887CBC00E6A224 /* ViewUtils.swift */,
			);
			name = Cartography;
			path = submodule/Cartography/Cartography;
			sourceTree = SOURCE_ROOT;
		};
		3E7A1AD61A887D4700E6A224 /* SwiftJSON */ = {
			isa = PBXGroup;
			children = (
				3E7A1AD71A887D5600E6A224 /* SwiftyJSON.swift */,
			);
			name = SwiftJSON;
			sourceTree = "<group>";
		};
		3EAAC48F1A95A7C300BB6F5E /* MagicalRecord */ = {
			isa = PBXGroup;
			children = (
				3EAAC4901A95A7C300BB6F5E /* Categories */,
				3EAAC4BC1A95A7C300BB6F5E /* Core */,
				3EAAC4CE1A95A7C300BB6F5E /* CoreData+MagicalRecord.h */,
			);
			name = MagicalRecord;
			path = submodule/MagicalRecord/MagicalRecord;
			sourceTree = SOURCE_ROOT;
		};
		3EAAC4901A95A7C300BB6F5E /* Categories */ = {
			isa = PBXGroup;
			children = (
				3EAAC4911A95A7C300BB6F5E /* DataImport */,
				3EAAC4A01A95A7C300BB6F5E /* NSManagedObject */,
				3EAAC4AB1A95A7C300BB6F5E /* NSManagedObjectContext */,
				3EAAC4B61A95A7C300BB6F5E /* NSManagedObjectModel+MagicalRecord.h */,
				3EAAC4B71A95A7C300BB6F5E /* NSManagedObjectModel+MagicalRecord.m */,
				3EAAC4B81A95A7C300BB6F5E /* NSPersistentStore+MagicalRecord.h */,
				3EAAC4B91A95A7C300BB6F5E /* NSPersistentStore+MagicalRecord.m */,
				3EAAC4BA1A95A7C300BB6F5E /* NSPersistentStoreCoordinator+MagicalRecord.h */,
				3EAAC4BB1A95A7C300BB6F5E /* NSPersistentStoreCoordinator+MagicalRecord.m */,
			);
			path = Categories;
			sourceTree = "<group>";
		};
		3EAAC4911A95A7C300BB6F5E /* DataImport */ = {
			isa = PBXGroup;
			children = (
				3EAAC4921A95A7C300BB6F5E /* MagicalImportFunctions.h */,
				3EAAC4931A95A7C300BB6F5E /* MagicalImportFunctions.m */,
				3EAAC4941A95A7C300BB6F5E /* NSAttributeDescription+MagicalDataImport.h */,
				3EAAC4951A95A7C300BB6F5E /* NSAttributeDescription+MagicalDataImport.m */,
				3EAAC4961A95A7C300BB6F5E /* NSEntityDescription+MagicalDataImport.h */,
				3EAAC4971A95A7C300BB6F5E /* NSEntityDescription+MagicalDataImport.m */,
				3EAAC4981A95A7C300BB6F5E /* NSNumber+MagicalDataImport.h */,
				3EAAC4991A95A7C300BB6F5E /* NSNumber+MagicalDataImport.m */,
				3EAAC49A1A95A7C300BB6F5E /* NSObject+MagicalDataImport.h */,
				3EAAC49B1A95A7C300BB6F5E /* NSObject+MagicalDataImport.m */,
				3EAAC49C1A95A7C300BB6F5E /* NSRelationshipDescription+MagicalDataImport.h */,
				3EAAC49D1A95A7C300BB6F5E /* NSRelationshipDescription+MagicalDataImport.m */,
				3EAAC49E1A95A7C300BB6F5E /* NSString+MagicalDataImport.h */,
				3EAAC49F1A95A7C300BB6F5E /* NSString+MagicalDataImport.m */,
			);
			path = DataImport;
			sourceTree = "<group>";
		};
		3EAAC4A01A95A7C300BB6F5E /* NSManagedObject */ = {
			isa = PBXGroup;
			children = (
				3EAAC4A11A95A7C300BB6F5E /* NSManagedObject+MagicalAggregation.h */,
				3EAAC4A21A95A7C300BB6F5E /* NSManagedObject+MagicalAggregation.m */,
				3EAAC4A31A95A7C300BB6F5E /* NSManagedObject+MagicalDataImport.h */,
				3EAAC4A41A95A7C300BB6F5E /* NSManagedObject+MagicalDataImport.m */,
				3EAAC4A51A95A7C300BB6F5E /* NSManagedObject+MagicalFinders.h */,
				3EAAC4A61A95A7C300BB6F5E /* NSManagedObject+MagicalFinders.m */,
				3EAAC4A71A95A7C300BB6F5E /* NSManagedObject+MagicalRecord.h */,
				3EAAC4A81A95A7C300BB6F5E /* NSManagedObject+MagicalRecord.m */,
				3EAAC4A91A95A7C300BB6F5E /* NSManagedObject+MagicalRequests.h */,
				3EAAC4AA1A95A7C300BB6F5E /* NSManagedObject+MagicalRequests.m */,
			);
			path = NSManagedObject;
			sourceTree = "<group>";
		};
		3EAAC4AB1A95A7C300BB6F5E /* NSManagedObjectContext */ = {
			isa = PBXGroup;
			children = (
				3EAAC4AC1A95A7C300BB6F5E /* NSManagedObjectContext+MagicalChainSave.h */,
				3EAAC4AD1A95A7C300BB6F5E /* NSManagedObjectContext+MagicalChainSave.m */,
				3EAAC4AE1A95A7C300BB6F5E /* NSManagedObjectContext+MagicalObserving.h */,
				3EAAC4AF1A95A7C300BB6F5E /* NSManagedObjectContext+MagicalObserving.m */,
				3EAAC4B01A95A7C300BB6F5E /* NSManagedObjectContext+MagicalRecord.h */,
				3EAAC4B11A95A7C300BB6F5E /* NSManagedObjectContext+MagicalRecord.m */,
				3EAAC4B21A95A7C300BB6F5E /* NSManagedObjectContext+MagicalSaves.h */,
				3EAAC4B31A95A7C300BB6F5E /* NSManagedObjectContext+MagicalSaves.m */,
				3EAAC4B41A95A7C300BB6F5E /* NSManagedObjectContext+MagicalThreading.h */,
				3EAAC4B51A95A7C300BB6F5E /* NSManagedObjectContext+MagicalThreading.m */,
			);
			path = NSManagedObjectContext;
			sourceTree = "<group>";
		};
		3EAAC4BC1A95A7C300BB6F5E /* Core */ = {
			isa = PBXGroup;
			children = (
				3EAAC4BD1A95A7C300BB6F5E /* MagicalRecord+Actions.h */,
				3EAAC4BE1A95A7C300BB6F5E /* MagicalRecord+Actions.m */,
				3EAAC4BF1A95A7C300BB6F5E /* MagicalRecord+ErrorHandling.h */,
				3EAAC4C01A95A7C300BB6F5E /* MagicalRecord+ErrorHandling.m */,
				3EAAC4C11A95A7C300BB6F5E /* MagicalRecord+iCloud.h */,
				3EAAC4C21A95A7C300BB6F5E /* MagicalRecord+iCloud.m */,
				3EAAC4C31A95A7C300BB6F5E /* MagicalRecord+Options.h */,
				3EAAC4C41A95A7C300BB6F5E /* MagicalRecord+Options.m */,
				3EAAC4C51A95A7C300BB6F5E /* MagicalRecord+Setup.h */,
				3EAAC4C61A95A7C300BB6F5E /* MagicalRecord+Setup.m */,
				3EAAC4C71A95A7C300BB6F5E /* MagicalRecord+ShorthandSupport.h */,
				3EAAC4C81A95A7C300BB6F5E /* MagicalRecord+ShorthandSupport.m */,
				3EAAC4C91A95A7C300BB6F5E /* MagicalRecord.h */,
				3EAAC4CA1A95A7C300BB6F5E /* MagicalRecord.m */,
				3EAAC4CB1A95A7C300BB6F5E /* MagicalRecordDeprecated.h */,
				3EAAC4CC1A95A7C300BB6F5E /* MagicalRecordLogging.h */,
				3EAAC4CD1A95A7C300BB6F5E /* MagicalRecordShorthand.h */,
			);
			path = Core;
			sourceTree = "<group>";
		};
		3EAAC4EA1A95A9B100BB6F5E /* XL */ = {
			isa = PBXGroup;
			children = (
				3EAAC4EB1A95A9B100BB6F5E /* Cell */,
				3EAAC50F1A95A9B100BB6F5E /* Controllers */,
				3EAAC5171A95A9B100BB6F5E /* Descriptors */,
				3EAAC51F1A95A9B100BB6F5E /* Helpers */,
				3EAAC52D1A95A9B100BB6F5E /* Validation */,
				3EAAC5351A95A9B100BB6F5E /* XLForm.h */,
				3EAAC5361A95A9B100BB6F5E /* XLForm.m */,
			);
			name = XL;
			path = submodule/XLForm/XLForm/XL;
			sourceTree = SOURCE_ROOT;
		};
		3EAAC4EB1A95A9B100BB6F5E /* Cell */ = {
			isa = PBXGroup;
			children = (
				3EAAC4EC1A95A9B100BB6F5E /* area.plist */,
				3EAAC4ED1A95A9B100BB6F5E /* XLFormBaseCell.h */,
				3EAAC4EE1A95A9B100BB6F5E /* XLFormBaseCell.m */,
				3EAAC4EF1A95A9B100BB6F5E /* XLFormButtonCell.h */,
				3EAAC4F01A95A9B100BB6F5E /* XLFormButtonCell.m */,
				3EAAC4F11A95A9B100BB6F5E /* XLFormCheckCell.h */,
				3EAAC4F21A95A9B100BB6F5E /* XLFormCheckCell.m */,
				3EAAC4F31A95A9B100BB6F5E /* XLFormCityPickerCell.h */,
				3EAAC4F41A95A9B100BB6F5E /* XLFormCityPickerCell.m */,
				3EAAC4F51A95A9B100BB6F5E /* XLFormDateCell.h */,
				3EAAC4F61A95A9B100BB6F5E /* XLFormDateCell.m */,
				3EAAC4F71A95A9B100BB6F5E /* XLFormDatePickerCell.h */,
				3EAAC4F81A95A9B100BB6F5E /* XLFormDatePickerCell.m */,
				3EAAC4F91A95A9B100BB6F5E /* XLFormDescriptorCell.h */,
				3EAAC4FA1A95A9B100BB6F5E /* XLFormInlineRowDescriptorCell.h */,
				3EAAC4FB1A95A9B100BB6F5E /* XLFormInlineSelectorCell.h */,
				3EAAC4FC1A95A9B100BB6F5E /* XLFormInlineSelectorCell.m */,
				3EAAC4FD1A95A9B100BB6F5E /* XLFormLeftRightSelectorCell.h */,
				3EAAC4FE1A95A9B100BB6F5E /* XLFormLeftRightSelectorCell.m */,
				3EAAC4FF1A95A9B100BB6F5E /* XLFormPickerCell.h */,
				3EAAC5001A95A9B100BB6F5E /* XLFormPickerCell.m */,
				3EAAC5011A95A9B100BB6F5E /* XLFormSegmentedCell.h */,
				3EAAC5021A95A9B100BB6F5E /* XLFormSegmentedCell.m */,
				3EAAC5031A95A9B100BB6F5E /* XLFormSelectorCell.h */,
				3EAAC5041A95A9B100BB6F5E /* XLFormSelectorCell.m */,
				3EAAC5051A95A9B100BB6F5E /* XLFormSliderCell.h */,
				3EAAC5061A95A9B100BB6F5E /* XLFormSliderCell.m */,
				3EAAC5071A95A9B100BB6F5E /* XLFormStepCounterCell.h */,
				3EAAC5081A95A9B100BB6F5E /* XLFormStepCounterCell.m */,
				3EAAC5091A95A9B100BB6F5E /* XLFormSwitchCell.h */,
				3EAAC50A1A95A9B100BB6F5E /* XLFormSwitchCell.m */,
				3EAAC50B1A95A9B100BB6F5E /* XLFormTextFieldCell.h */,
				3EAAC50C1A95A9B100BB6F5E /* XLFormTextFieldCell.m */,
				3EAAC50D1A95A9B100BB6F5E /* XLFormTextViewCell.h */,
				3EAAC50E1A95A9B100BB6F5E /* XLFormTextViewCell.m */,
			);
			path = Cell;
			sourceTree = "<group>";
		};
		3EAAC50F1A95A9B100BB6F5E /* Controllers */ = {
			isa = PBXGroup;
			children = (
				3EAAC5101A95A9B100BB6F5E /* XLFormOptionsObject.h */,
				3EAAC5111A95A9B100BB6F5E /* XLFormOptionsObject.m */,
				3EAAC5121A95A9B100BB6F5E /* XLFormOptionsViewController.h */,
				3EAAC5131A95A9B100BB6F5E /* XLFormOptionsViewController.m */,
				3EAAC5141A95A9B100BB6F5E /* XLFormRowDescriptorViewController.h */,
				3EAAC5151A95A9B100BB6F5E /* XLFormViewController.h */,
				3EAAC5161A95A9B100BB6F5E /* XLFormViewController.m */,
			);
			path = Controllers;
			sourceTree = "<group>";
		};
		3EAAC5171A95A9B100BB6F5E /* Descriptors */ = {
			isa = PBXGroup;
			children = (
				3EAAC5181A95A9B100BB6F5E /* XLFormDescriptor.h */,
				3EAAC5191A95A9B100BB6F5E /* XLFormDescriptor.m */,
				3EAAC51A1A95A9B100BB6F5E /* XLFormDescriptorDelegate.h */,
				3EAAC51B1A95A9B100BB6F5E /* XLFormRowDescriptor.h */,
				3EAAC51C1A95A9B100BB6F5E /* XLFormRowDescriptor.m */,
				3EAAC51D1A95A9B100BB6F5E /* XLFormSectionDescriptor.h */,
				3EAAC51E1A95A9B100BB6F5E /* XLFormSectionDescriptor.m */,
			);
			path = Descriptors;
			sourceTree = "<group>";
		};
		3EAAC51F1A95A9B100BB6F5E /* Helpers */ = {
			isa = PBXGroup;
			children = (
				3EAAC5201A95A9B100BB6F5E /* NSArray+XLFormAdditions.h */,
				3EAAC5211A95A9B100BB6F5E /* NSArray+XLFormAdditions.m */,
				3EAAC5221A95A9B100BB6F5E /* NSObject+XLFormAdditions.h */,
				3EAAC5231A95A9B100BB6F5E /* NSObject+XLFormAdditions.m */,
				3EAAC5241A95A9B100BB6F5E /* UIView+XLFormAdditions.h */,
				3EAAC5251A95A9B100BB6F5E /* UIView+XLFormAdditions.m */,
				3EAAC5261A95A9B100BB6F5E /* Views */,
			);
			path = Helpers;
			sourceTree = "<group>";
		};
		3EAAC5261A95A9B100BB6F5E /* Views */ = {
			isa = PBXGroup;
			children = (
				3EAAC5271A95A9B100BB6F5E /* XLFormRightDetailCell.h */,
				3EAAC5281A95A9B100BB6F5E /* XLFormRightDetailCell.m */,
				3EAAC5291A95A9B100BB6F5E /* XLFormRightImageButton.h */,
				3EAAC52A1A95A9B100BB6F5E /* XLFormRightImageButton.m */,
				3EAAC52B1A95A9B100BB6F5E /* XLFormTextView.h */,
				3EAAC52C1A95A9B100BB6F5E /* XLFormTextView.m */,
			);
			path = Views;
			sourceTree = "<group>";
		};
		3EAAC52D1A95A9B100BB6F5E /* Validation */ = {
			isa = PBXGroup;
			children = (
				3EAAC52E1A95A9B100BB6F5E /* XLFormRegexValidator.h */,
				3EAAC52F1A95A9B100BB6F5E /* XLFormRegexValidator.m */,
				3EAAC5301A95A9B100BB6F5E /* XLFormValidationStatus.h */,
				3EAAC5311A95A9B100BB6F5E /* XLFormValidationStatus.m */,
				3EAAC5321A95A9B100BB6F5E /* XLFormValidator.h */,
				3EAAC5331A95A9B100BB6F5E /* XLFormValidator.m */,
				3EAAC5341A95A9B100BB6F5E /* XLFormValidatorProtocol.h */,
			);
			path = Validation;
			sourceTree = "<group>";
		};
		3EB903C11A889FAB009CEBCB /* MainModule */ = {
			isa = PBXGroup;
			children = (
				3E0B25B21A986ACF00E2A9D8 /* BirthdayBook */,
				3EB903C41A88ACDB009CEBCB /* Me */,
			);
			name = MainModule;
			sourceTree = "<group>";
		};
		3EB903C41A88ACDB009CEBCB /* Me */ = {
			isa = PBXGroup;
			children = (
				3E10BADF1A8F641D00A22188 /* View */,
				3EB903C21A88A047009CEBCB /* MeVC.swift */,
				3EB903C51A88ACF0009CEBCB /* LoginVC.swift */,
				3EB903C71A88BE10009CEBCB /* SignUpVC.swift */,
				3EFB48B81A8A60A10022708A /* MoreVC.swift */,
				3E0CB3941A8B8006005FCC93 /* AccountSettingVC.swift */,
				3E10BAD71A8F4C1700A22188 /* UpdateProfileVC.swift */,
			);
			name = Me;
			sourceTree = "<group>";
		};
		3EDC78421A890F4200EC410A /* Extension */ = {
			isa = PBXGroup;
			children = (
				3E7C1D0F1A89D26F00424C14 /* RAC.swift */,
				3E7C1D111A89E09200424C14 /* MD5.swift */,
				3EBCA9151A8E529900D8951C /* XLFormRowDescriptorEx.swift */,
			);
			name = Extension;
			sourceTree = "<group>";
		};
		3EE7E2161A8A506A00188641 /* Services */ = {
			isa = PBXGroup;
			children = (
				3EB903C91A88D707009CEBCB /* WebServicesHandler.swift */,
				3EFB48B61A8A5E4D0022708A /* UserProfileService.swift */,
			);
			name = Services;
			sourceTree = "<group>";
		};
		3EFB48B31A8A55060022708A /* Model */ = {
			isa = PBXGroup;
			children = (
				3ED036151A950DC800579050 /* User.swift */,
				3ECBF7CB1A8F2D7F00AFA9AD /* Model.xcdatamodeld */,
			);
			name = Model;
			sourceTree = "<group>";
		};
		3EFB48BA1A8A62170022708A /* Common */ = {
			isa = PBXGroup;
			children = (
				3EBCA9111A8E400800D8951C /* Helper.swift */,
			);
			name = Common;
			sourceTree = "<group>";
		};
		BE37556A10A7A990B6CE8C57 /* Pods */ = {
			isa = PBXGroup;
			children = (
				C5B12858DCF4A3D850C86C80 /* Pods.debug.xcconfig */,
				85B824D2DCCF775017617647 /* Pods.release.xcconfig */,
			);
			name = Pods;
			sourceTree = "<group>";
		};
/* End PBXGroup section */

/* Begin PBXNativeTarget section */
		3E7A1A4F1A8875B100E6A224 /* BirthdayCircle */ = {
			isa = PBXNativeTarget;
			buildConfigurationList = 3E7A1A6F1A8875B100E6A224 /* Build configuration list for PBXNativeTarget "BirthdayCircle" */;
			buildPhases = (
				C4C00168E57EAAFBC532E010 /* Check Pods Manifest.lock */,
				3E7A1A4C1A8875B100E6A224 /* Sources */,
				3E7A1A4D1A8875B100E6A224 /* Frameworks */,
				3E7A1A4E1A8875B100E6A224 /* Resources */,
				BE16D3AA59E031DDFC2407C9 /* Copy Pods Resources */,
			);
			buildRules = (
			);
			dependencies = (
			);
			name = BirthdayCircle;
			productName = BirthdayCircle;
			productReference = 3E7A1A501A8875B100E6A224 /* BirthdayCircle.app */;
			productType = "com.apple.product-type.application";
		};
		3E7A1A641A8875B100E6A224 /* BirthdayCircleTests */ = {
			isa = PBXNativeTarget;
			buildConfigurationList = 3E7A1A721A8875B100E6A224 /* Build configuration list for PBXNativeTarget "BirthdayCircleTests" */;
			buildPhases = (
				3E7A1A611A8875B100E6A224 /* Sources */,
				3E7A1A621A8875B100E6A224 /* Frameworks */,
				3E7A1A631A8875B100E6A224 /* Resources */,
			);
			buildRules = (
			);
			dependencies = (
				3E7A1A671A8875B100E6A224 /* PBXTargetDependency */,
			);
			name = BirthdayCircleTests;
			productName = BirthdayCircleTests;
			productReference = 3E7A1A651A8875B100E6A224 /* BirthdayCircleTests.xctest */;
			productType = "com.apple.product-type.bundle.unit-test";
		};
/* End PBXNativeTarget section */

/* Begin PBXProject section */
		3E7A1A481A8875B100E6A224 /* Project object */ = {
			isa = PBXProject;
			attributes = {
				LastUpgradeCheck = 0610;
				ORGANIZATIONNAME = Lin;
				TargetAttributes = {
					3E7A1A4F1A8875B100E6A224 = {
						CreatedOnToolsVersion = 6.1.1;
					};
					3E7A1A641A8875B100E6A224 = {
						CreatedOnToolsVersion = 6.1.1;
						TestTargetID = 3E7A1A4F1A8875B100E6A224;
					};
				};
			};
			buildConfigurationList = 3E7A1A4B1A8875B100E6A224 /* Build configuration list for PBXProject "BirthdayCircle" */;
			compatibilityVersion = "Xcode 3.2";
			developmentRegion = English;
			hasScannedForEncodings = 0;
			knownRegions = (
				en,
				Base,
			);
			mainGroup = 3E7A1A471A8875B100E6A224;
			productRefGroup = 3E7A1A511A8875B100E6A224 /* Products */;
			projectDirPath = "";
			projectRoot = "";
			targets = (
				3E7A1A4F1A8875B100E6A224 /* BirthdayCircle */,
				3E7A1A641A8875B100E6A224 /* BirthdayCircleTests */,
			);
		};
/* End PBXProject section */

/* Begin PBXResourcesBuildPhase section */
		3E7A1A4E1A8875B100E6A224 /* Resources */ = {
			isa = PBXResourcesBuildPhase;
			buildActionMask = 2147483647;
			files = (
				3E7A1A9B1A887CBC00E6A224 /* Info.plist in Resources */,
				3E7A1A5B1A8875B100E6A224 /* Main.storyboard in Resources */,
				3E7A1A601A8875B100E6A224 /* LaunchScreen.xib in Resources */,
				3E7A1A5D1A8875B100E6A224 /* Images.xcassets in Resources */,
				3E7C1CF31A89D14B00424C14 /* Info.plist in Resources */,
				3EAAC5371A95A9B100BB6F5E /* area.plist in Resources */,
			);
			runOnlyForDeploymentPostprocessing = 0;
		};
		3E7A1A631A8875B100E6A224 /* Resources */ = {
			isa = PBXResourcesBuildPhase;
			buildActionMask = 2147483647;
			files = (
			);
			runOnlyForDeploymentPostprocessing = 0;
		};
/* End PBXResourcesBuildPhase section */

/* Begin PBXShellScriptBuildPhase section */
		BE16D3AA59E031DDFC2407C9 /* Copy Pods Resources */ = {
			isa = PBXShellScriptBuildPhase;
			buildActionMask = 2147483647;
			files = (
			);
			inputPaths = (
			);
			name = "Copy Pods Resources";
			outputPaths = (
			);
			runOnlyForDeploymentPostprocessing = 0;
			shellPath = /bin/sh;
			shellScript = "\"${SRCROOT}/Pods/Target Support Files/Pods/Pods-resources.sh\"\n";
			showEnvVarsInLog = 0;
		};
		C4C00168E57EAAFBC532E010 /* Check Pods Manifest.lock */ = {
			isa = PBXShellScriptBuildPhase;
			buildActionMask = 2147483647;
			files = (
			);
			inputPaths = (
			);
			name = "Check Pods Manifest.lock";
			outputPaths = (
			);
			runOnlyForDeploymentPostprocessing = 0;
			shellPath = /bin/sh;
			shellScript = "diff \"${PODS_ROOT}/../Podfile.lock\" \"${PODS_ROOT}/Manifest.lock\" > /dev/null\nif [[ $? != 0 ]] ; then\n    cat << EOM\nerror: The sandbox is not in sync with the Podfile.lock. Run 'pod install' or update your CocoaPods installation.\nEOM\n    exit 1\nfi\n";
			showEnvVarsInLog = 0;
		};
/* End PBXShellScriptBuildPhase section */

/* Begin PBXSourcesBuildPhase section */
		3E7A1A4C1A8875B100E6A224 /* Sources */ = {
			isa = PBXSourcesBuildPhase;
			buildActionMask = 2147483647;
			files = (
				3EAAC4D31A95A7C300BB6F5E /* NSObject+MagicalDataImport.m in Sources */,
				3EAAC5431A95A9B100BB6F5E /* XLFormSliderCell.m in Sources */,
				3EAAC5571A95A9B100BB6F5E /* XLForm.m in Sources */,
				3EBCA9121A8E400800D8951C /* Helper.swift in Sources */,
				3EAAC4DD1A95A7C300BB6F5E /* NSManagedObjectContext+MagicalRecord.m in Sources */,
				3E7A1A991A887CBC00E6A224 /* Expression.swift in Sources */,
				3EBCA9161A8E529900D8951C /* XLFormRowDescriptorEx.swift in Sources */,
				3EAAC5561A95A9B100BB6F5E /* XLFormValidator.m in Sources */,
				3EAAC5441A95A9B100BB6F5E /* XLFormStepCounterCell.m in Sources */,
				3EB903C61A88ACF0009CEBCB /* LoginVC.swift in Sources */,
				3EAAC54A1A95A9B100BB6F5E /* XLFormViewController.m in Sources */,
				3E7A1A971A887CBC00E6A224 /* Edge.swift in Sources */,
				3EAAC5481A95A9B100BB6F5E /* XLFormOptionsObject.m in Sources */,
				3EAAC5461A95A9B100BB6F5E /* XLFormTextFieldCell.m in Sources */,
				3E7A1AA31A887CBC00E6A224 /* ViewUtils.swift in Sources */,
				3EAAC5421A95A9B100BB6F5E /* XLFormSelectorCell.m in Sources */,
				3E7A1AA01A887CBC00E6A224 /* Property.swift in Sources */,
				3EAAC53E1A95A9B100BB6F5E /* XLFormInlineSelectorCell.m in Sources */,
				3E7A1A9C1A887CBC00E6A224 /* Layout.swift in Sources */,
				3E7A1A911A887CBC00E6A224 /* Coefficients.swift in Sources */,
				3E7A1AA21A887CBC00E6A224 /* View.swift in Sources */,
				3EAAC54C1A95A9B100BB6F5E /* XLFormRowDescriptor.m in Sources */,
				3E27C0051A8B3FD000FFB975 /* ZFRippleButton.swift in Sources */,
				3EAAC5411A95A9B100BB6F5E /* XLFormSegmentedCell.m in Sources */,
				3EAAC5451A95A9B100BB6F5E /* XLFormSwitchCell.m in Sources */,
				3E7A1A981A887CBC00E6A224 /* Edges.swift in Sources */,
				3EB903C81A88BE10009CEBCB /* SignUpVC.swift in Sources */,
				3EAAC5491A95A9B100BB6F5E /* XLFormOptionsViewController.m in Sources */,
				3E10BAD81A8F4C1700A22188 /* UpdateProfileVC.swift in Sources */,
				3EAAC4E61A95A7C300BB6F5E /* MagicalRecord+Options.m in Sources */,
				3ED036161A950DC800579050 /* User.swift in Sources */,
				3E7C1D101A89D26F00424C14 /* RAC.swift in Sources */,
				3EAAC4D11A95A7C300BB6F5E /* NSEntityDescription+MagicalDataImport.m in Sources */,
				3EAAC4DA1A95A7C300BB6F5E /* NSManagedObject+MagicalRequests.m in Sources */,
				3EAAC4D51A95A7C300BB6F5E /* NSString+MagicalDataImport.m in Sources */,
				3E7A1A7B1A887CAB00E6A224 /* Async.swift in Sources */,
				3EAAC5551A95A9B100BB6F5E /* XLFormValidationStatus.m in Sources */,
				3E7A1A941A887CBC00E6A224 /* ConstraintGroup.swift in Sources */,
				3EAAC4D01A95A7C300BB6F5E /* NSAttributeDescription+MagicalDataImport.m in Sources */,
				3EFB48B71A8A5E4D0022708A /* UserProfileService.swift in Sources */,
				3EAAC5401A95A9B100BB6F5E /* XLFormPickerCell.m in Sources */,
				3E7A1A9E1A887CBC00E6A224 /* Point.swift in Sources */,
				3E7A1A931A887CBC00E6A224 /* Constraint.swift in Sources */,
				3E66408A1A907E7900E60DB6 /* CitySelectorCell.swift in Sources */,
				3EAAC4D71A95A7C300BB6F5E /* NSManagedObject+MagicalDataImport.m in Sources */,
				3EAAC4D21A95A7C300BB6F5E /* NSNumber+MagicalDataImport.m in Sources */,
				3E7A1A781A887C8D00E6A224 /* Alamofire.swift in Sources */,
				3EAAC4DB1A95A7C300BB6F5E /* NSManagedObjectContext+MagicalChainSave.m in Sources */,
				3EAAC5511A95A9B100BB6F5E /* XLFormRightDetailCell.m in Sources */,
				3EAAC4E31A95A7C300BB6F5E /* MagicalRecord+Actions.m in Sources */,
				3EAAC5381A95A9B100BB6F5E /* XLFormBaseCell.m in Sources */,
				3EAAC4E71A95A7C300BB6F5E /* MagicalRecord+Setup.m in Sources */,
				3EAAC53B1A95A9B100BB6F5E /* XLFormCityPickerCell.m in Sources */,
				3EAAC4E51A95A7C300BB6F5E /* MagicalRecord+iCloud.m in Sources */,
				3EAAC53D1A95A9B100BB6F5E /* XLFormDatePickerCell.m in Sources */,
				3EAAC4E81A95A7C300BB6F5E /* MagicalRecord+ShorthandSupport.m in Sources */,
				3E7A1A951A887CBC00E6A224 /* Context.swift in Sources */,
				3ECBF7CD1A8F2D7F00AFA9AD /* Model.xcdatamodeld in Sources */,
				3EAAC54F1A95A9B100BB6F5E /* NSObject+XLFormAdditions.m in Sources */,
				3EAAC5391A95A9B100BB6F5E /* XLFormButtonCell.m in Sources */,
				3E7A1A921A887CBC00E6A224 /* Compound.swift in Sources */,
				3E7A1AD81A887D5600E6A224 /* SwiftyJSON.swift in Sources */,
				3E7A1A9D1A887CBC00E6A224 /* LayoutProxy.swift in Sources */,
				3E7A1A961A887CBC00E6A224 /* Dimension.swift in Sources */,
				3EAAC4CF1A95A7C300BB6F5E /* MagicalImportFunctions.m in Sources */,
				3E7A1AA11A887CBC00E6A224 /* Size.swift in Sources */,
				3EB903C31A88A047009CEBCB /* MeVC.swift in Sources */,
				3EAAC5541A95A9B100BB6F5E /* XLFormRegexValidator.m in Sources */,
				3EAAC54E1A95A9B100BB6F5E /* NSArray+XLFormAdditions.m in Sources */,
				3EAAC53C1A95A9B100BB6F5E /* XLFormDateCell.m in Sources */,
				3EAAC4E91A95A7C300BB6F5E /* MagicalRecord.m in Sources */,
				3E7A1A561A8875B100E6A224 /* AppDelegate.swift in Sources */,
				3EAAC4DF1A95A7C300BB6F5E /* NSManagedObjectContext+MagicalThreading.m in Sources */,
				3EAAC4DE1A95A7C300BB6F5E /* NSManagedObjectContext+MagicalSaves.m in Sources */,
				3EAAC4D41A95A7C300BB6F5E /* NSRelationshipDescription+MagicalDataImport.m in Sources */,
				3E0B25B41A986B2200E2A9D8 /* BirthdayBookVC.swift in Sources */,
				3E10BAE11A8F64D300A22188 /* UpdateAvatarCell.swift in Sources */,
				3EAAC5521A95A9B100BB6F5E /* XLFormRightImageButton.m in Sources */,
				3EAAC53F1A95A9B100BB6F5E /* XLFormLeftRightSelectorCell.m in Sources */,
				3EAAC4E11A95A7C300BB6F5E /* NSPersistentStore+MagicalRecord.m in Sources */,
				3E7C1D121A89E09200424C14 /* MD5.swift in Sources */,
				3E7A1A9A1A887CBC00E6A224 /* Extensions.swift in Sources */,
				3EAAC4E21A95A7C300BB6F5E /* NSPersistentStoreCoordinator+MagicalRecord.m in Sources */,
				3E10BAE71A8F885000A22188 /* InputNameVC.swift in Sources */,
				3EAAC5501A95A9B100BB6F5E /* UIView+XLFormAdditions.m in Sources */,
				3EFB48B91A8A60A10022708A /* MoreVC.swift in Sources */,
				3E7A1A9F1A887CBC00E6A224 /* Priority.swift in Sources */,
				3EAAC54B1A95A9B100BB6F5E /* XLFormDescriptor.m in Sources */,
				3E0CB3951A8B8006005FCC93 /* AccountSettingVC.swift in Sources */,
				3EAAC4E01A95A7C300BB6F5E /* NSManagedObjectModel+MagicalRecord.m in Sources */,
				3EAAC4DC1A95A7C300BB6F5E /* NSManagedObjectContext+MagicalObserving.m in Sources */,
				3EAAC5471A95A9B100BB6F5E /* XLFormTextViewCell.m in Sources */,
				3EAAC4D81A95A7C300BB6F5E /* NSManagedObject+MagicalFinders.m in Sources */,
				3EAAC53A1A95A9B100BB6F5E /* XLFormCheckCell.m in Sources */,
				3EAAC4D61A95A7C300BB6F5E /* NSManagedObject+MagicalAggregation.m in Sources */,
				3EAAC4D91A95A7C300BB6F5E /* NSManagedObject+MagicalRecord.m in Sources */,
				3EAAC54D1A95A9B100BB6F5E /* XLFormSectionDescriptor.m in Sources */,
				3EB903CA1A88D707009CEBCB /* WebServicesHandler.swift in Sources */,
				3EBCA9141A8E489400D8951C /* MeCell.swift in Sources */,
				3EAAC4E41A95A7C300BB6F5E /* MagicalRecord+ErrorHandling.m in Sources */,
				3EAAC5531A95A9B100BB6F5E /* XLFormTextView.m in Sources */,
			);
			runOnlyForDeploymentPostprocessing = 0;
		};
		3E7A1A611A8875B100E6A224 /* Sources */ = {
			isa = PBXSourcesBuildPhase;
			buildActionMask = 2147483647;
			files = (
				3E7A1A6C1A8875B100E6A224 /* BirthdayCircleTests.swift in Sources */,
			);
			runOnlyForDeploymentPostprocessing = 0;
		};
/* End PBXSourcesBuildPhase section */

/* Begin PBXTargetDependency section */
		3E7A1A671A8875B100E6A224 /* PBXTargetDependency */ = {
			isa = PBXTargetDependency;
			target = 3E7A1A4F1A8875B100E6A224 /* BirthdayCircle */;
			targetProxy = 3E7A1A661A8875B100E6A224 /* PBXContainerItemProxy */;
		};
/* End PBXTargetDependency section */

/* Begin PBXVariantGroup section */
		3E7A1A591A8875B100E6A224 /* Main.storyboard */ = {
			isa = PBXVariantGroup;
			children = (
				3E7A1A5A1A8875B100E6A224 /* Base */,
				3E0B25B01A986A8300E2A9D8 /* zh-Hans */,
			);
			name = Main.storyboard;
			sourceTree = "<group>";
		};
		3E7A1A5E1A8875B100E6A224 /* LaunchScreen.xib */ = {
			isa = PBXVariantGroup;
			children = (
				3E7A1A5F1A8875B100E6A224 /* Base */,
				3E0B25B11A986A8300E2A9D8 /* zh-Hans */,
			);
			name = LaunchScreen.xib;
			sourceTree = "<group>";
		};
/* End PBXVariantGroup section */

/* Begin XCBuildConfiguration section */
		3E7A1A6D1A8875B100E6A224 /* Debug */ = {
			isa = XCBuildConfiguration;
			buildSettings = {
				ALWAYS_SEARCH_USER_PATHS = NO;
				CLANG_CXX_LANGUAGE_STANDARD = "gnu++0x";
				CLANG_CXX_LIBRARY = "libc++";
				CLANG_ENABLE_MODULES = YES;
				CLANG_ENABLE_OBJC_ARC = YES;
				CLANG_WARN_BOOL_CONVERSION = YES;
				CLANG_WARN_CONSTANT_CONVERSION = YES;
				CLANG_WARN_DIRECT_OBJC_ISA_USAGE = YES_ERROR;
				CLANG_WARN_EMPTY_BODY = YES;
				CLANG_WARN_ENUM_CONVERSION = YES;
				CLANG_WARN_INT_CONVERSION = YES;
				CLANG_WARN_OBJC_ROOT_CLASS = YES_ERROR;
				CLANG_WARN_UNREACHABLE_CODE = YES;
				CLANG_WARN__DUPLICATE_METHOD_MATCH = YES;
				"CODE_SIGN_IDENTITY[sdk=iphoneos*]" = "iPhone Developer";
				COPY_PHASE_STRIP = NO;
				ENABLE_STRICT_OBJC_MSGSEND = YES;
				GCC_C_LANGUAGE_STANDARD = gnu99;
				GCC_DYNAMIC_NO_PIC = NO;
				GCC_OPTIMIZATION_LEVEL = 0;
				GCC_PREPROCESSOR_DEFINITIONS = (
					"DEBUG=1",
					"$(inherited)",
				);
				GCC_SYMBOLS_PRIVATE_EXTERN = NO;
				GCC_WARN_64_TO_32_BIT_CONVERSION = YES;
				GCC_WARN_ABOUT_RETURN_TYPE = YES_ERROR;
				GCC_WARN_UNDECLARED_SELECTOR = YES;
				GCC_WARN_UNINITIALIZED_AUTOS = YES_AGGRESSIVE;
				GCC_WARN_UNUSED_FUNCTION = YES;
				GCC_WARN_UNUSED_VARIABLE = YES;
				IPHONEOS_DEPLOYMENT_TARGET = 8.1;
				MTL_ENABLE_DEBUG_INFO = YES;
				ONLY_ACTIVE_ARCH = YES;
				SDKROOT = iphoneos;
				SWIFT_OPTIMIZATION_LEVEL = "-Onone";
				TARGETED_DEVICE_FAMILY = "1,2";
			};
			name = Debug;
		};
		3E7A1A6E1A8875B100E6A224 /* Release */ = {
			isa = XCBuildConfiguration;
			buildSettings = {
				ALWAYS_SEARCH_USER_PATHS = NO;
				CLANG_CXX_LANGUAGE_STANDARD = "gnu++0x";
				CLANG_CXX_LIBRARY = "libc++";
				CLANG_ENABLE_MODULES = YES;
				CLANG_ENABLE_OBJC_ARC = YES;
				CLANG_WARN_BOOL_CONVERSION = YES;
				CLANG_WARN_CONSTANT_CONVERSION = YES;
				CLANG_WARN_DIRECT_OBJC_ISA_USAGE = YES_ERROR;
				CLANG_WARN_EMPTY_BODY = YES;
				CLANG_WARN_ENUM_CONVERSION = YES;
				CLANG_WARN_INT_CONVERSION = YES;
				CLANG_WARN_OBJC_ROOT_CLASS = YES_ERROR;
				CLANG_WARN_UNREACHABLE_CODE = YES;
				CLANG_WARN__DUPLICATE_METHOD_MATCH = YES;
				"CODE_SIGN_IDENTITY[sdk=iphoneos*]" = "iPhone Developer";
				COPY_PHASE_STRIP = YES;
				ENABLE_NS_ASSERTIONS = NO;
				ENABLE_STRICT_OBJC_MSGSEND = YES;
				GCC_C_LANGUAGE_STANDARD = gnu99;
				GCC_WARN_64_TO_32_BIT_CONVERSION = YES;
				GCC_WARN_ABOUT_RETURN_TYPE = YES_ERROR;
				GCC_WARN_UNDECLARED_SELECTOR = YES;
				GCC_WARN_UNINITIALIZED_AUTOS = YES_AGGRESSIVE;
				GCC_WARN_UNUSED_FUNCTION = YES;
				GCC_WARN_UNUSED_VARIABLE = YES;
				IPHONEOS_DEPLOYMENT_TARGET = 8.1;
				MTL_ENABLE_DEBUG_INFO = NO;
				SDKROOT = iphoneos;
				TARGETED_DEVICE_FAMILY = "1,2";
				VALIDATE_PRODUCT = YES;
			};
			name = Release;
		};
		3E7A1A701A8875B100E6A224 /* Debug */ = {
			isa = XCBuildConfiguration;
			baseConfigurationReference = C5B12858DCF4A3D850C86C80 /* Pods.debug.xcconfig */;
			buildSettings = {
				ASSETCATALOG_COMPILER_APPICON_NAME = AppIcon;
				HEADER_SEARCH_PATHS = (
					"$(inherited)",
					/Applications/Xcode.app/Contents/Developer/Toolchains/XcodeDefault.xctoolchain/usr/include,
					"\"$(BUILD_ROOT)/../IntermediateBuildFilesPath/UninstalledProducts/include\"",
					"$(inherited)",
				);
				INFOPLIST_FILE = BirthdayCircle/Info.plist;
				IPHONEOS_DEPLOYMENT_TARGET = 7.0;
				LD_RUNPATH_SEARCH_PATHS = "$(inherited) @executable_path/Frameworks";
				OTHER_LIBTOOLFLAGS = "";
				PRODUCT_NAME = "$(TARGET_NAME)";
				SWIFT_OBJC_BRIDGING_HEADER = "BirthdayCircle/BirthdayCircle-Bridging-Header.h";
				SWIFT_OPTIMIZATION_LEVEL = "-O";
			};
			name = Debug;
		};
		3E7A1A711A8875B100E6A224 /* Release */ = {
			isa = XCBuildConfiguration;
			baseConfigurationReference = 85B824D2DCCF775017617647 /* Pods.release.xcconfig */;
			buildSettings = {
				ASSETCATALOG_COMPILER_APPICON_NAME = AppIcon;
				HEADER_SEARCH_PATHS = (
					"$(inherited)",
					/Applications/Xcode.app/Contents/Developer/Toolchains/XcodeDefault.xctoolchain/usr/include,
					"\"$(BUILD_ROOT)/../IntermediateBuildFilesPath/UninstalledProducts/include\"",
					"$(inherited)",
				);
				INFOPLIST_FILE = BirthdayCircle/Info.plist;
				IPHONEOS_DEPLOYMENT_TARGET = 7.0;
				LD_RUNPATH_SEARCH_PATHS = "$(inherited) @executable_path/Frameworks";
				OTHER_LIBTOOLFLAGS = "";
				PRODUCT_NAME = "$(TARGET_NAME)";
				SWIFT_OBJC_BRIDGING_HEADER = "BirthdayCircle/BirthdayCircle-Bridging-Header.h";
				SWIFT_OPTIMIZATION_LEVEL = "-O";
			};
			name = Release;
		};
		3E7A1A731A8875B100E6A224 /* Debug */ = {
			isa = XCBuildConfiguration;
			buildSettings = {
				BUNDLE_LOADER = "$(TEST_HOST)";
				FRAMEWORK_SEARCH_PATHS = (
					"$(SDKROOT)/Developer/Library/Frameworks",
					"$(inherited)",
				);
				GCC_PREPROCESSOR_DEFINITIONS = (
					"DEBUG=1",
					"$(inherited)",
				);
				INFOPLIST_FILE = BirthdayCircleTests/Info.plist;
				LD_RUNPATH_SEARCH_PATHS = "$(inherited) @executable_path/Frameworks @loader_path/Frameworks";
				PRODUCT_NAME = "$(TARGET_NAME)";
				TEST_HOST = "$(BUILT_PRODUCTS_DIR)/BirthdayCircle.app/BirthdayCircle";
			};
			name = Debug;
		};
		3E7A1A741A8875B100E6A224 /* Release */ = {
			isa = XCBuildConfiguration;
			buildSettings = {
				BUNDLE_LOADER = "$(TEST_HOST)";
				FRAMEWORK_SEARCH_PATHS = (
					"$(SDKROOT)/Developer/Library/Frameworks",
					"$(inherited)",
				);
				INFOPLIST_FILE = BirthdayCircleTests/Info.plist;
				LD_RUNPATH_SEARCH_PATHS = "$(inherited) @executable_path/Frameworks @loader_path/Frameworks";
				PRODUCT_NAME = "$(TARGET_NAME)";
				TEST_HOST = "$(BUILT_PRODUCTS_DIR)/BirthdayCircle.app/BirthdayCircle";
			};
			name = Release;
		};
/* End XCBuildConfiguration section */

/* Begin XCConfigurationList section */
		3E7A1A4B1A8875B100E6A224 /* Build configuration list for PBXProject "BirthdayCircle" */ = {
			isa = XCConfigurationList;
			buildConfigurations = (
				3E7A1A6D1A8875B100E6A224 /* Debug */,
				3E7A1A6E1A8875B100E6A224 /* Release */,
			);
			defaultConfigurationIsVisible = 0;
			defaultConfigurationName = Release;
		};
		3E7A1A6F1A8875B100E6A224 /* Build configuration list for PBXNativeTarget "BirthdayCircle" */ = {
			isa = XCConfigurationList;
			buildConfigurations = (
				3E7A1A701A8875B100E6A224 /* Debug */,
				3E7A1A711A8875B100E6A224 /* Release */,
			);
			defaultConfigurationIsVisible = 0;
			defaultConfigurationName = Release;
		};
		3E7A1A721A8875B100E6A224 /* Build configuration list for PBXNativeTarget "BirthdayCircleTests" */ = {
			isa = XCConfigurationList;
			buildConfigurations = (
				3E7A1A731A8875B100E6A224 /* Debug */,
				3E7A1A741A8875B100E6A224 /* Release */,
			);
			defaultConfigurationIsVisible = 0;
			defaultConfigurationName = Release;
		};
/* End XCConfigurationList section */

/* Begin XCVersionGroup section */
		3ECBF7CB1A8F2D7F00AFA9AD /* Model.xcdatamodeld */ = {
			isa = XCVersionGroup;
			children = (
				3ECBF7CC1A8F2D7F00AFA9AD /* Model.xcdatamodel */,
			);
			currentVersion = 3ECBF7CC1A8F2D7F00AFA9AD /* Model.xcdatamodel */;
			path = Model.xcdatamodeld;
			sourceTree = "<group>";
			versionGroupType = wrapper.xcdatamodel;
		};
/* End XCVersionGroup section */
	};
	rootObject = 3E7A1A481A8875B100E6A224 /* Project object */;
}
